// !$*UTF8*$!
{
	archiveVersion = 1;
	classes = {
	};
	objectVersion = 46;
	objects = {

/* Begin PBXBuildFile section */
		FDB6F1931F78DBF4005B934D /* AppDelegate.swift in Sources */ = {isa = PBXBuildFile; fileRef = FDB6F1921F78DBF4005B934D /* AppDelegate.swift */; };
		FDB6F1951F78DBF4005B934D /* ViewController.swift in Sources */ = {isa = PBXBuildFile; fileRef = FDB6F1941F78DBF4005B934D /* ViewController.swift */; };
		FDB6F1981F78DBF4005B934D /* Main.storyboard in Resources */ = {isa = PBXBuildFile; fileRef = FDB6F1961F78DBF4005B934D /* Main.storyboard */; };
		FDB6F19A1F78DBF4005B934D /* Assets.xcassets in Resources */ = {isa = PBXBuildFile; fileRef = FDB6F1991F78DBF4005B934D /* Assets.xcassets */; };
		FDB6F19D1F78DBF4005B934D /* LaunchScreen.storyboard in Resources */ = {isa = PBXBuildFile; fileRef = FDB6F19B1F78DBF4005B934D /* LaunchScreen.storyboard */; };
/* End PBXBuildFile section */

/* Begin PBXFileReference section */
		FDB6F18F1F78DBF4005B934D /* 002-audio-record-play.app */ = {isa = PBXFileReference; explicitFileType = wrapper.application; includeInIndex = 0; path = "002-audio-record-play.app"; sourceTree = BUILT_PRODUCTS_DIR; };
		FDB6F1921F78DBF4005B934D /* AppDelegate.swift */ = {isa = PBXFileReference; lastKnownFileType = sourcecode.swift; path = AppDelegate.swift; sourceTree = "<group>"; };
		FDB6F1941F78DBF4005B934D /* ViewController.swift */ = {isa = PBXFileReference; lastKnownFileType = sourcecode.swift; path = ViewController.swift; sourceTree = "<group>"; };
		FDB6F1971F78DBF4005B934D /* Base */ = {isa = PBXFileReference; lastKnownFileType = file.storyboard; name = Base; path = Base.lproj/Main.storyboard; sourceTree = "<group>"; };
		FDB6F1991F78DBF4005B934D /* Assets.xcassets */ = {isa = PBXFileReference; lastKnownFileType = folder.assetcatalog; path = Assets.xcassets; sourceTree = "<group>"; };
		FDB6F19C1F78DBF4005B934D /* Base */ = {isa = PBXFileReference; lastKnownFileType = file.storyboard; name = Base; path = Base.lproj/LaunchScreen.storyboard; sourceTree = "<group>"; };
		FDB6F19E1F78DBF4005B934D /* Info.plist */ = {isa = PBXFileReference; lastKnownFileType = text.plist.xml; path = Info.plist; sourceTree = "<group>"; };
/* End PBXFileReference section */

/* Begin PBXFrameworksBuildPhase section */
		FDB6F18C1F78DBF4005B934D /* Frameworks */ = {
			isa = PBXFrameworksBuildPhase;
			buildActionMask = 2147483647;
			files = (
			);
			runOnlyForDeploymentPostprocessing = 0;
		};
/* End PBXFrameworksBuildPhase section */

/* Begin PBXGroup section */
		FDB6F1861F78DBF4005B934D = {
			isa = PBXGroup;
			children = (
				FDB6F1911F78DBF4005B934D /* 002-audio-record-play */,
				FDB6F1901F78DBF4005B934D /* Products */,
			);
			sourceTree = "<group>";
		};
		FDB6F1901F78DBF4005B934D /* Products */ = {
			isa = PBXGroup;
			children = (
				FDB6F18F1F78DBF4005B934D /* 002-audio-record-play.app */,
			);
			name = Products;
			sourceTree = "<group>";
		};
		FDB6F1911F78DBF4005B934D /* 002-audio-record-play */ = {
			isa = PBXGroup;
			children = (
				FDB6F1921F78DBF4005B934D /* AppDelegate.swift */,
				FDB6F1941F78DBF4005B934D /* ViewController.swift */,
				FDB6F1961F78DBF4005B934D /* Main.storyboard */,
				FDB6F1991F78DBF4005B934D /* Assets.xcassets */,
				FDB6F19B1F78DBF4005B934D /* LaunchScreen.storyboard */,
				FDB6F19E1F78DBF4005B934D /* Info.plist */,
			);
			path = "002-audio-record-play";
			sourceTree = "<group>";
		};
/* End PBXGroup section */

/* Begin PBXNativeTarget section */
		FDB6F18E1F78DBF4005B934D /* 002-audio-record-play */ = {
			isa = PBXNativeTarget;
			buildConfigurationList = FDB6F1A11F78DBF4005B934D /* Build configuration list for PBXNativeTarget "002-audio-record-play" */;
			buildPhases = (
				FDB6F18B1F78DBF4005B934D /* Sources */,
				FDB6F18C1F78DBF4005B934D /* Frameworks */,
				FDB6F18D1F78DBF4005B934D /* Resources */,
			);
			buildRules = (
			);
			dependencies = (
			);
			name = "002-audio-record-play";
			productName = "002-audio-record-play";
			productReference = FDB6F18F1F78DBF4005B934D /* 002-audio-record-play.app */;
			productType = "com.apple.product-type.application";
		};
/* End PBXNativeTarget section */

/* Begin PBXProject section */
		FDB6F1871F78DBF4005B934D /* Project object */ = {
			isa = PBXProject;
			attributes = {
				LastSwiftUpdateCheck = 0830;
				LastUpgradeCheck = 0830;
				ORGANIZATIONNAME = yifans;
				TargetAttributes = {
					FDB6F18E1F78DBF4005B934D = {
						CreatedOnToolsVersion = 8.3.3;
						DevelopmentTeam = DM78HJ4CZ6;
						ProvisioningStyle = Automatic;
					};
				};
			};
			buildConfigurationList = FDB6F18A1F78DBF4005B934D /* Build configuration list for PBXProject "002-audio-record-play" */;
			compatibilityVersion = "Xcode 3.2";
			developmentRegion = English;
			hasScannedForEncodings = 0;
			knownRegions = (
				en,
				Base,
			);
			mainGroup = FDB6F1861F78DBF4005B934D;
			productRefGroup = FDB6F1901F78DBF4005B934D /* Products */;
			projectDirPath = "";
			projectRoot = "";
			targets = (
				FDB6F18E1F78DBF4005B934D /* 002-audio-record-play */,
			);
		};
/* End PBXProject section */

/* Begin PBXResourcesBuildPhase section */
		FDB6F18D1F78DBF4005B934D /* Resources */ = {
			isa = PBXResourcesBuildPhase;
			buildActionMask = 2147483647;
			files = (
				FDB6F19D1F78DBF4005B934D /* LaunchScreen.storyboard in Resources */,
				FDB6F19A1F78DBF4005B934D /* Assets.xcassets in Resources */,
				FDB6F1981F78DBF4005B934D /* Main.storyboard in Resources */,
			);
			runOnlyForDeploymentPostprocessing = 0;
		};
/* End PBXResourcesBuildPhase section */

/* Begin PBXSourcesBuildPhase section */
		FDB6F18B1F78DBF4005B934D /* Sources */ = {
			isa = PBXSourcesBuildPhase;
			buildActionMask = 2147483647;
			files = (
				FDB6F1951F78DBF4005B934D /* ViewController.swift in Sources */,
				FDB6F1931F78DBF4005B934D /* AppDelegate.swift in Sources */,
			);
			runOnlyForDeploymentPostprocessing = 0;
		};
/* End PBXSourcesBuildPhase section */

/* Begin PBXVariantGroup section */
		FDB6F1961F78DBF4005B934D /* Main.storyboard */ = {
			isa = PBXVariantGroup;
			children = (
				FDB6F1971F78DBF4005B934D /* Base */,
			);
			name = Main.storyboard;
			sourceTree = "<group>";
		};
		FDB6F19B1F78DBF4005B934D /* LaunchScreen.storyboard */ = {
			isa = PBXVariantGroup;
			children = (
				FDB6F19C1F78DBF4005B934D /* Base */,
			);
			name = LaunchScreen.storyboard;
			sourceTree = "<group>";
		};
/* End PBXVariantGroup section */

/* Begin XCBuildConfiguration section */
		FDB6F19F1F78DBF4005B934D /* Debug */ = {
			isa = XCBuildConfiguration;
			buildSettings = {
				ALWAYS_SEARCH_USER_PATHS = NO;
				CLANG_ANALYZER_NONNULL = YES;
				CLANG_ANALYZER_NUMBER_OBJECT_CONVERSION = YES_AGGRESSIVE;
				CLANG_CXX_LANGUAGE_STANDARD = "gnu++0x";
				CLANG_CXX_LIBRARY = "libc++";
				CLANG_ENABLE_MODULES = YES;
				CLANG_ENABLE_OBJC_ARC = YES;
				CLANG_WARN_BOOL_CONVERSION = YES;
				CLANG_WARN_CONSTANT_CONVERSION = YES;
				CLANG_WARN_DIRECT_OBJC_ISA_USAGE = YES_ERROR;
				CLANG_WARN_DOCUMENTATION_COMMENTS = YES;
				CLANG_WARN_EMPTY_BODY = YES;
				CLANG_WARN_ENUM_CONVERSION = YES;
				CLANG_WARN_INFINITE_RECURSION = YES;
				CLANG_WARN_INT_CONVERSION = YES;
				CLANG_WARN_OBJC_ROOT_CLASS = YES_ERROR;
				CLANG_WARN_SUSPICIOUS_MOVE = YES;
				CLANG_WARN_UNREACHABLE_CODE = YES;
				CLANG_WARN__DUPLICATE_METHOD_MATCH = YES;
				"CODE_SIGN_IDENTITY[sdk=iphoneos*]" = "iPhone Developer";
				COPY_PHASE_STRIP = NO;
				DEBUG_INFORMATION_FORMAT = dwarf;
				ENABLE_STRICT_OBJC_MSGSEND = YES;
				ENABLE_TESTABILITY = YES;
				GCC_C_LANGUAGE_STANDARD = gnu99;
				GCC_DYNAMIC_NO_PIC = NO;
				GCC_NO_COMMON_BLOCKS = YES;
				GCC_OPTIMIZATION_LEVEL = 0;
				GCC_PREPROCESSOR_DEFINITIONS = (
					"DEBUG=1",
					"$(inherited)",
				);
				GCC_WARN_64_TO_32_BIT_CONVERSION = YES;
				GCC_WARN_ABOUT_RETURN_TYPE = YES_ERROR;
				GCC_WARN_UNDECLARED_SELECTOR = YES;
				GCC_WARN_UNINITIALIZED_AUTOS = YES_AGGRESSIVE;
				GCC_WARN_UNUSED_FUNCTION = YES;
				GCC_WARN_UNUSED_VARIABLE = YES;
				IPHONEOS_DEPLOYMENT_TARGET = 10.3;
				MTL_ENABLE_DEBUG_INFO = YES;
				ONLY_ACTIVE_ARCH = YES;
				SDKROOT = iphoneos;
				SWIFT_ACTIVE_COMPILATION_CONDITIONS = DEBUG;
				SWIFT_OPTIMIZATION_LEVEL = "-Onone";
			};
			name = Debug;
		};
		FDB6F1A01F78DBF4005B934D /* Release */ = {
			isa = XCBuildConfiguration;
			buildSettings = {
				ALWAYS_SEARCH_USER_PATHS = NO;
				CLANG_ANALYZER_NONNULL = YES;
				CLANG_ANALYZER_NUMBER_OBJECT_CONVERSION = YES_AGGRESSIVE;
				CLANG_CXX_LANGUAGE_STANDARD = "gnu++0x";
				CLANG_CXX_LIBRARY = "libc++";
				CLANG_ENABLE_MODULES = YES;
				CLANG_ENABLE_OBJC_ARC = YES;
				CLANG_WARN_BOOL_CONVERSION = YES;
				CLANG_WARN_CONSTANT_CONVERSION = YES;
				CLANG_WARN_DIRECT_OBJC_ISA_USAGE = YES_ERROR;
				CLANG_WARN_DOCUMENTATION_COMMENTS = YES;
				CLANG_WARN_EMPTY_BODY = YES;
				CLANG_WARN_ENUM_CONVERSION = YES;
				CLANG_WARN_INFINITE_RECURSION = YES;
				CLANG_WARN_INT_CONVERSION = YES;
				CLANG_WARN_OBJC_ROOT_CLASS = YES_ERROR;
				CLANG_WARN_SUSPICIOUS_MOVE = YES;
				CLANG_WARN_UNREACHABLE_CODE = YES;
				CLANG_WARN__DUPLICATE_METHOD_MATCH = YES;
				"CODE_SIGN_IDENTITY[sdk=iphoneos*]" = "iPhone Developer";
				COPY_PHASE_STRIP = NO;
				DEBUG_INFORMATION_FORMAT = "dwarf-with-dsym";
				ENABLE_NS_ASSERTIONS = NO;
				ENABLE_STRICT_OBJC_MSGSEND = YES;
				GCC_C_LANGUAGE_STANDARD = gnu99;
				GCC_NO_COMMON_BLOCKS = YES;
				GCC_WARN_64_TO_32_BIT_CONVERSION = YES;
				GCC_WARN_ABOUT_RETURN_TYPE = YES_ERROR;
				GCC_WARN_UNDECLARED_SELECTOR = YES;
				GCC_WARN_UNINITIALIZED_AUTOS = YES_AGGRESSIVE;
				GCC_WARN_UNUSED_FUNCTION = YES;
				GCC_WARN_UNUSED_VARIABLE = YES;
				IPHONEOS_DEPLOYMENT_TARGET = 10.3;
				MTL_ENABLE_DEBUG_INFO = NO;
				SDKROOT = iphoneos;
				SWIFT_OPTIMIZATION_LEVEL = "-Owholemodule";
				VALIDATE_PRODUCT = YES;
			};
			name = Release;
		};
		FDB6F1A21F78DBF4005B934D /* Debug */ = {
			isa = XCBuildConfiguration;
			buildSettings = {
				ASSETCATALOG_COMPILER_APPICON_NAME = AppIcon;
				DEVELOPMENT_TEAM = DM78HJ4CZ6;
				INFOPLIST_FILE = "002-audio-record-play/Info.plist";
				LD_RUNPATH_SEARCH_PATHS = "$(inherited) @executable_path/Frameworks";
				PRODUCT_BUNDLE_IDENTIFIER = "im.zyf.-02-audio-record-play";
				PRODUCT_NAME = "$(TARGET_NAME)";
				SWIFT_VERSION = 3.0;
			};
			name = Debug;
		};
		FDB6F1A31F78DBF4005B934D /* Release */ = {
			isa = XCBuildConfiguration;
			buildSettings = {
				ASSETCATALOG_COMPILER_APPICON_NAME = AppIcon;
				DEVELOPMENT_TEAM = DM78HJ4CZ6;
				INFOPLIST_FILE = "002-audio-record-play/Info.plist";
				LD_RUNPATH_SEARCH_PATHS = "$(inherited) @executable_path/Frameworks";
				PRODUCT_BUNDLE_IDENTIFIER = "im.zyf.-02-audio-record-play";
				PRODUCT_NAME = "$(TARGET_NAME)";
				SWIFT_VERSION = 3.0;
			};
			name = Release;
		};
/* End XCBuildConfiguration section */

/* Begin XCConfigurationList section */
		FDB6F18A1F78DBF4005B934D /* Build configuration list for PBXProject "002-audio-record-play" */ = {
			isa = XCConfigurationList;
			buildConfigurations = (
				FDB6F19F1F78DBF4005B934D /* Debug */,
				FDB6F1A01F78DBF4005B934D /* Release */,
			);
			defaultConfigurationIsVisible = 0;
			defaultConfigurationName = Release;
		};
		FDB6F1A11F78DBF4005B934D /* Build configuration list for PBXNativeTarget "002-audio-record-play" */ = {
			isa = XCConfigurationList;
			buildConfigurations = (
				FDB6F1A21F78DBF4005B934D /* Debug */,
				FDB6F1A31F78DBF4005B934D /* Release */,
			);
			defaultConfigurationIsVisible = 0;
		};
/* End XCConfigurationList section */
	};
	rootObject = FDB6F1871F78DBF4005B934D /* Project object */;
}
