// !$*UTF8*$!
{
	archiveVersion = 1;
	classes = {
	};
	objectVersion = 48;
	objects = {

/* Begin PBXBuildFile section */
		FD2F4F15202D7FE90055964F /* AppDelegate.swift in Sources */ = {isa = PBXBuildFile; fileRef = FD2F4F14202D7FE90055964F /* AppDelegate.swift */; };
		FD2F4F17202D7FE90055964F /* ViewController.swift in Sources */ = {isa = PBXBuildFile; fileRef = FD2F4F16202D7FE90055964F /* ViewController.swift */; };
		FD2F4F1A202D7FE90055964F /* Main.storyboard in Resources */ = {isa = PBXBuildFile; fileRef = FD2F4F18202D7FE90055964F /* Main.storyboard */; };
		FD2F4F1C202D7FE90055964F /* Assets.xcassets in Resources */ = {isa = PBXBuildFile; fileRef = FD2F4F1B202D7FE90055964F /* Assets.xcassets */; };
		FD2F4F1F202D7FE90055964F /* LaunchScreen.storyboard in Resources */ = {isa = PBXBuildFile; fileRef = FD2F4F1D202D7FE90055964F /* LaunchScreen.storyboard */; };
/* End PBXBuildFile section */

/* Begin PBXFileReference section */
		FD2F4F11202D7FE90055964F /* 024-3d-touch-quick-action.app */ = {isa = PBXFileReference; explicitFileType = wrapper.application; includeInIndex = 0; path = "024-3d-touch-quick-action.app"; sourceTree = BUILT_PRODUCTS_DIR; };
		FD2F4F14202D7FE90055964F /* AppDelegate.swift */ = {isa = PBXFileReference; lastKnownFileType = sourcecode.swift; path = AppDelegate.swift; sourceTree = "<group>"; };
		FD2F4F16202D7FE90055964F /* ViewController.swift */ = {isa = PBXFileReference; lastKnownFileType = sourcecode.swift; path = ViewController.swift; sourceTree = "<group>"; };
		FD2F4F19202D7FE90055964F /* Base */ = {isa = PBXFileReference; lastKnownFileType = file.storyboard; name = Base; path = Base.lproj/Main.storyboard; sourceTree = "<group>"; };
		FD2F4F1B202D7FE90055964F /* Assets.xcassets */ = {isa = PBXFileReference; lastKnownFileType = folder.assetcatalog; path = Assets.xcassets; sourceTree = "<group>"; };
		FD2F4F1E202D7FE90055964F /* Base */ = {isa = PBXFileReference; lastKnownFileType = file.storyboard; name = Base; path = Base.lproj/LaunchScreen.storyboard; sourceTree = "<group>"; };
		FD2F4F20202D7FE90055964F /* Info.plist */ = {isa = PBXFileReference; lastKnownFileType = text.plist.xml; path = Info.plist; sourceTree = "<group>"; };
/* End PBXFileReference section */

/* Begin PBXFrameworksBuildPhase section */
		FD2F4F0E202D7FE90055964F /* Frameworks */ = {
			isa = PBXFrameworksBuildPhase;
			buildActionMask = 2147483647;
			files = (
			);
			runOnlyForDeploymentPostprocessing = 0;
		};
/* End PBXFrameworksBuildPhase section */

/* Begin PBXGroup section */
		FD2F4F08202D7FE90055964F = {
			isa = PBXGroup;
			children = (
				FD2F4F13202D7FE90055964F /* 024-3d-touch-quick-action */,
				FD2F4F12202D7FE90055964F /* Products */,
			);
			sourceTree = "<group>";
		};
		FD2F4F12202D7FE90055964F /* Products */ = {
			isa = PBXGroup;
			children = (
				FD2F4F11202D7FE90055964F /* 024-3d-touch-quick-action.app */,
			);
			name = Products;
			sourceTree = "<group>";
		};
		FD2F4F13202D7FE90055964F /* 024-3d-touch-quick-action */ = {
			isa = PBXGroup;
			children = (
				FD2F4F14202D7FE90055964F /* AppDelegate.swift */,
				FD2F4F16202D7FE90055964F /* ViewController.swift */,
				FD2F4F18202D7FE90055964F /* Main.storyboard */,
				FD2F4F1B202D7FE90055964F /* Assets.xcassets */,
				FD2F4F1D202D7FE90055964F /* LaunchScreen.storyboard */,
				FD2F4F20202D7FE90055964F /* Info.plist */,
			);
			path = "024-3d-touch-quick-action";
			sourceTree = "<group>";
		};
/* End PBXGroup section */

/* Begin PBXNativeTarget section */
		FD2F4F10202D7FE90055964F /* 024-3d-touch-quick-action */ = {
			isa = PBXNativeTarget;
			buildConfigurationList = FD2F4F23202D7FE90055964F /* Build configuration list for PBXNativeTarget "024-3d-touch-quick-action" */;
			buildPhases = (
				FD2F4F0D202D7FE90055964F /* Sources */,
				FD2F4F0E202D7FE90055964F /* Frameworks */,
				FD2F4F0F202D7FE90055964F /* Resources */,
			);
			buildRules = (
			);
			dependencies = (
			);
			name = "024-3d-touch-quick-action";
			productName = "024-3d-touch-quick-action";
			productReference = FD2F4F11202D7FE90055964F /* 024-3d-touch-quick-action.app */;
			productType = "com.apple.product-type.application";
		};
/* End PBXNativeTarget section */

/* Begin PBXProject section */
		FD2F4F09202D7FE90055964F /* Project object */ = {
			isa = PBXProject;
			attributes = {
				LastSwiftUpdateCheck = 0920;
				LastUpgradeCheck = 0920;
				ORGANIZATIONNAME = yifans;
				TargetAttributes = {
					FD2F4F10202D7FE90055964F = {
						CreatedOnToolsVersion = 9.2;
						ProvisioningStyle = Automatic;
					};
				};
			};
			buildConfigurationList = FD2F4F0C202D7FE90055964F /* Build configuration list for PBXProject "024-3d-touch-quick-action" */;
			compatibilityVersion = "Xcode 8.0";
			developmentRegion = en;
			hasScannedForEncodings = 0;
			knownRegions = (
				en,
				Base,
			);
			mainGroup = FD2F4F08202D7FE90055964F;
			productRefGroup = FD2F4F12202D7FE90055964F /* Products */;
			projectDirPath = "";
			projectRoot = "";
			targets = (
				FD2F4F10202D7FE90055964F /* 024-3d-touch-quick-action */,
			);
		};
/* End PBXProject section */

/* Begin PBXResourcesBuildPhase section */
		FD2F4F0F202D7FE90055964F /* Resources */ = {
			isa = PBXResourcesBuildPhase;
			buildActionMask = 2147483647;
			files = (
				FD2F4F1F202D7FE90055964F /* LaunchScreen.storyboard in Resources */,
				FD2F4F1C202D7FE90055964F /* Assets.xcassets in Resources */,
				FD2F4F1A202D7FE90055964F /* Main.storyboard in Resources */,
			);
			runOnlyForDeploymentPostprocessing = 0;
		};
/* End PBXResourcesBuildPhase section */

/* Begin PBXSourcesBuildPhase section */
		FD2F4F0D202D7FE90055964F /* Sources */ = {
			isa = PBXSourcesBuildPhase;
			buildActionMask = 2147483647;
			files = (
				FD2F4F17202D7FE90055964F /* ViewController.swift in Sources */,
				FD2F4F15202D7FE90055964F /* AppDelegate.swift in Sources */,
			);
			runOnlyForDeploymentPostprocessing = 0;
		};
/* End PBXSourcesBuildPhase section */

/* Begin PBXVariantGroup section */
		FD2F4F18202D7FE90055964F /* Main.storyboard */ = {
			isa = PBXVariantGroup;
			children = (
				FD2F4F19202D7FE90055964F /* Base */,
			);
			name = Main.storyboard;
			sourceTree = "<group>";
		};
		FD2F4F1D202D7FE90055964F /* LaunchScreen.storyboard */ = {
			isa = PBXVariantGroup;
			children = (
				FD2F4F1E202D7FE90055964F /* Base */,
			);
			name = LaunchScreen.storyboard;
			sourceTree = "<group>";
		};
/* End PBXVariantGroup section */

/* Begin XCBuildConfiguration section */
		FD2F4F21202D7FE90055964F /* Debug */ = {
			isa = XCBuildConfiguration;
			buildSettings = {
				ALWAYS_SEARCH_USER_PATHS = NO;
				CLANG_ANALYZER_NONNULL = YES;
				CLANG_ANALYZER_NUMBER_OBJECT_CONVERSION = YES_AGGRESSIVE;
				CLANG_CXX_LANGUAGE_STANDARD = "gnu++14";
				CLANG_CXX_LIBRARY = "libc++";
				CLANG_ENABLE_MODULES = YES;
				CLANG_ENABLE_OBJC_ARC = YES;
				CLANG_WARN_BLOCK_CAPTURE_AUTORELEASING = YES;
				CLANG_WARN_BOOL_CONVERSION = YES;
				CLANG_WARN_COMMA = YES;
				CLANG_WARN_CONSTANT_CONVERSION = YES;
				CLANG_WARN_DIRECT_OBJC_ISA_USAGE = YES_ERROR;
				CLANG_WARN_DOCUMENTATION_COMMENTS = YES;
				CLANG_WARN_EMPTY_BODY = YES;
				CLANG_WARN_ENUM_CONVERSION = YES;
				CLANG_WARN_INFINITE_RECURSION = YES;
				CLANG_WARN_INT_CONVERSION = YES;
				CLANG_WARN_NON_LITERAL_NULL_CONVERSION = YES;
				CLANG_WARN_OBJC_LITERAL_CONVERSION = YES;
				CLANG_WARN_OBJC_ROOT_CLASS = YES_ERROR;
				CLANG_WARN_RANGE_LOOP_ANALYSIS = YES;
				CLANG_WARN_STRICT_PROTOTYPES = YES;
				CLANG_WARN_SUSPICIOUS_MOVE = YES;
				CLANG_WARN_UNGUARDED_AVAILABILITY = YES_AGGRESSIVE;
				CLANG_WARN_UNREACHABLE_CODE = YES;
				CLANG_WARN__DUPLICATE_METHOD_MATCH = YES;
				CODE_SIGN_IDENTITY = "iPhone Developer";
				COPY_PHASE_STRIP = NO;
				DEBUG_INFORMATION_FORMAT = dwarf;
				ENABLE_STRICT_OBJC_MSGSEND = YES;
				ENABLE_TESTABILITY = YES;
				GCC_C_LANGUAGE_STANDARD = gnu11;
				GCC_DYNAMIC_NO_PIC = NO;
				GCC_NO_COMMON_BLOCKS = YES;
				GCC_OPTIMIZATION_LEVEL = 0;
				GCC_PREPROCESSOR_DEFINITIONS = (
					"DEBUG=1",
					"$(inherited)",
				);
				GCC_WARN_64_TO_32_BIT_CONVERSION = YES;
				GCC_WARN_ABOUT_RETURN_TYPE = YES_ERROR;
				GCC_WARN_UNDECLARED_SELECTOR = YES;
				GCC_WARN_UNINITIALIZED_AUTOS = YES_AGGRESSIVE;
				GCC_WARN_UNUSED_FUNCTION = YES;
				GCC_WARN_UNUSED_VARIABLE = YES;
				IPHONEOS_DEPLOYMENT_TARGET = 11.2;
				MTL_ENABLE_DEBUG_INFO = YES;
				ONLY_ACTIVE_ARCH = YES;
				SDKROOT = iphoneos;
				SWIFT_ACTIVE_COMPILATION_CONDITIONS = DEBUG;
				SWIFT_OPTIMIZATION_LEVEL = "-Onone";
			};
			name = Debug;
		};
		FD2F4F22202D7FE90055964F /* Release */ = {
			isa = XCBuildConfiguration;
			buildSettings = {
				ALWAYS_SEARCH_USER_PATHS = NO;
				CLANG_ANALYZER_NONNULL = YES;
				CLANG_ANALYZER_NUMBER_OBJECT_CONVERSION = YES_AGGRESSIVE;
				CLANG_CXX_LANGUAGE_STANDARD = "gnu++14";
				CLANG_CXX_LIBRARY = "libc++";
				CLANG_ENABLE_MODULES = YES;
				CLANG_ENABLE_OBJC_ARC = YES;
				CLANG_WARN_BLOCK_CAPTURE_AUTORELEASING = YES;
				CLANG_WARN_BOOL_CONVERSION = YES;
				CLANG_WARN_COMMA = YES;
				CLANG_WARN_CONSTANT_CONVERSION = YES;
				CLANG_WARN_DIRECT_OBJC_ISA_USAGE = YES_ERROR;
				CLANG_WARN_DOCUMENTATION_COMMENTS = YES;
				CLANG_WARN_EMPTY_BODY = YES;
				CLANG_WARN_ENUM_CONVERSION = YES;
				CLANG_WARN_INFINITE_RECURSION = YES;
				CLANG_WARN_INT_CONVERSION = YES;
				CLANG_WARN_NON_LITERAL_NULL_CONVERSION = YES;
				CLANG_WARN_OBJC_LITERAL_CONVERSION = YES;
				CLANG_WARN_OBJC_ROOT_CLASS = YES_ERROR;
				CLANG_WARN_RANGE_LOOP_ANALYSIS = YES;
				CLANG_WARN_STRICT_PROTOTYPES = YES;
				CLANG_WARN_SUSPICIOUS_MOVE = YES;
				CLANG_WARN_UNGUARDED_AVAILABILITY = YES_AGGRESSIVE;
				CLANG_WARN_UNREACHABLE_CODE = YES;
				CLANG_WARN__DUPLICATE_METHOD_MATCH = YES;
				CODE_SIGN_IDENTITY = "iPhone Developer";
				COPY_PHASE_STRIP = NO;
				DEBUG_INFORMATION_FORMAT = "dwarf-with-dsym";
				ENABLE_NS_ASSERTIONS = NO;
				ENABLE_STRICT_OBJC_MSGSEND = YES;
				GCC_C_LANGUAGE_STANDARD = gnu11;
				GCC_NO_COMMON_BLOCKS = YES;
				GCC_WARN_64_TO_32_BIT_CONVERSION = YES;
				GCC_WARN_ABOUT_RETURN_TYPE = YES_ERROR;
				GCC_WARN_UNDECLARED_SELECTOR = YES;
				GCC_WARN_UNINITIALIZED_AUTOS = YES_AGGRESSIVE;
				GCC_WARN_UNUSED_FUNCTION = YES;
				GCC_WARN_UNUSED_VARIABLE = YES;
				IPHONEOS_DEPLOYMENT_TARGET = 11.2;
				MTL_ENABLE_DEBUG_INFO = NO;
				SDKROOT = iphoneos;
				SWIFT_OPTIMIZATION_LEVEL = "-Owholemodule";
				VALIDATE_PRODUCT = YES;
			};
			name = Release;
		};
		FD2F4F24202D7FE90055964F /* Debug */ = {
			isa = XCBuildConfiguration;
			buildSettings = {
				ASSETCATALOG_COMPILER_APPICON_NAME = AppIcon;
				CODE_SIGN_STYLE = Automatic;
				INFOPLIST_FILE = "024-3d-touch-quick-action/Info.plist";
				LD_RUNPATH_SEARCH_PATHS = "$(inherited) @executable_path/Frameworks";
				PRODUCT_BUNDLE_IDENTIFIER = "im.zyf.-24-3d-touch-quick-action";
				PRODUCT_NAME = "$(TARGET_NAME)";
				SWIFT_VERSION = 4.0;
				TARGETED_DEVICE_FAMILY = "1,2";
			};
			name = Debug;
		};
		FD2F4F25202D7FE90055964F /* Release */ = {
			isa = XCBuildConfiguration;
			buildSettings = {
				ASSETCATALOG_COMPILER_APPICON_NAME = AppIcon;
				CODE_SIGN_STYLE = Automatic;
				INFOPLIST_FILE = "024-3d-touch-quick-action/Info.plist";
				LD_RUNPATH_SEARCH_PATHS = "$(inherited) @executable_path/Frameworks";
				PRODUCT_BUNDLE_IDENTIFIER = "im.zyf.-24-3d-touch-quick-action";
				PRODUCT_NAME = "$(TARGET_NAME)";
				SWIFT_VERSION = 4.0;
				TARGETED_DEVICE_FAMILY = "1,2";
			};
			name = Release;
		};
/* End XCBuildConfiguration section */

/* Begin XCConfigurationList section */
		FD2F4F0C202D7FE90055964F /* Build configuration list for PBXProject "024-3d-touch-quick-action" */ = {
			isa = XCConfigurationList;
			buildConfigurations = (
				FD2F4F21202D7FE90055964F /* Debug */,
				FD2F4F22202D7FE90055964F /* Release */,
			);
			defaultConfigurationIsVisible = 0;
			defaultConfigurationName = Release;
		};
		FD2F4F23202D7FE90055964F /* Build configuration list for PBXNativeTarget "024-3d-touch-quick-action" */ = {
			isa = XCConfigurationList;
			buildConfigurations = (
				FD2F4F24202D7FE90055964F /* Debug */,
				FD2F4F25202D7FE90055964F /* Release */,
			);
			defaultConfigurationIsVisible = 0;
			defaultConfigurationName = Release;
		};
/* End XCConfigurationList section */
	};
	rootObject = FD2F4F09202D7FE90055964F /* Project object */;
}
