// !$*UTF8*$!
{
	archiveVersion = 1;
	classes = {
	};
	objectVersion = 48;
	objects = {

/* Begin PBXBuildFile section */
		9BF75BE9A22373EA886860EB /* Pods_007_meun_botton_animation.framework in Frameworks */ = {isa = PBXBuildFile; fileRef = 799F1EE260DE6B718061507B /* Pods_007_meun_botton_animation.framework */; };
		FDD929DD1F95DF8C0077493A /* AppDelegate.swift in Sources */ = {isa = PBXBuildFile; fileRef = FDD929DC1F95DF8C0077493A /* AppDelegate.swift */; };
		FDD929DF1F95DF8C0077493A /* ViewController.swift in Sources */ = {isa = PBXBuildFile; fileRef = FDD929DE1F95DF8C0077493A /* ViewController.swift */; };
		FDD929E21F95DF8C0077493A /* Main.storyboard in Resources */ = {isa = PBXBuildFile; fileRef = FDD929E01F95DF8C0077493A /* Main.storyboard */; };
		FDD929E41F95DF8C0077493A /* Assets.xcassets in Resources */ = {isa = PBXBuildFile; fileRef = FDD929E31F95DF8C0077493A /* Assets.xcassets */; };
		FDD929E71F95DF8C0077493A /* LaunchScreen.storyboard in Resources */ = {isa = PBXBuildFile; fileRef = FDD929E51F95DF8C0077493A /* LaunchScreen.storyboard */; };
		FDD929EF1F95E0DD0077493A /* ChangeAnimationView.swift in Sources */ = {isa = PBXBuildFile; fileRef = FDD929EE1F95E0DD0077493A /* ChangeAnimationView.swift */; };
/* End PBXBuildFile section */

/* Begin PBXFileReference section */
		444F1B8AA9A7E1A5677A321D /* Pods-007-meun-button-animation.debug.xcconfig */ = {isa = PBXFileReference; includeInIndex = 1; lastKnownFileType = text.xcconfig; name = "Pods-007-meun-button-animation.debug.xcconfig"; path = "Pods/Target Support Files/Pods-007-meun-button-animation/Pods-007-meun-button-animation.debug.xcconfig"; sourceTree = "<group>"; };
		799F1EE260DE6B718061507B /* Pods_007_meun_botton_animation.framework */ = {isa = PBXFileReference; explicitFileType = wrapper.framework; includeInIndex = 0; path = Pods_007_meun_botton_animation.framework; sourceTree = BUILT_PRODUCTS_DIR; };
		A34AEA270A3F8CAE2F5B6652 /* Pods-007-meun-button-animation.release.xcconfig */ = {isa = PBXFileReference; includeInIndex = 1; lastKnownFileType = text.xcconfig; name = "Pods-007-meun-button-animation.release.xcconfig"; path = "Pods/Target Support Files/Pods-007-meun-button-animation/Pods-007-meun-button-animation.release.xcconfig"; sourceTree = "<group>"; };
		BBF9FE9225DD537A4D1A763E /* Pods_007_meun_button_animation.framework */ = {isa = PBXFileReference; explicitFileType = wrapper.framework; includeInIndex = 0; path = Pods_007_meun_button_animation.framework; sourceTree = BUILT_PRODUCTS_DIR; };
		DF3109FE922CD38D5CEBDB2F /* Pods-007-meun-botton-animation.release.xcconfig */ = {isa = PBXFileReference; includeInIndex = 1; lastKnownFileType = text.xcconfig; name = "Pods-007-meun-botton-animation.release.xcconfig"; path = "Pods/Target Support Files/Pods-007-meun-botton-animation/Pods-007-meun-botton-animation.release.xcconfig"; sourceTree = "<group>"; };
		F09AC30A7E73B1ABBBF644AF /* Pods-007-meun-botton-animation.debug.xcconfig */ = {isa = PBXFileReference; includeInIndex = 1; lastKnownFileType = text.xcconfig; name = "Pods-007-meun-botton-animation.debug.xcconfig"; path = "Pods/Target Support Files/Pods-007-meun-botton-animation/Pods-007-meun-botton-animation.debug.xcconfig"; sourceTree = "<group>"; };
		FDD929D91F95DF8C0077493A /* 007-meun-botton-animation.app */ = {isa = PBXFileReference; explicitFileType = wrapper.application; includeInIndex = 0; path = "007-meun-botton-animation.app"; sourceTree = BUILT_PRODUCTS_DIR; };
		FDD929DC1F95DF8C0077493A /* AppDelegate.swift */ = {isa = PBXFileReference; lastKnownFileType = sourcecode.swift; path = AppDelegate.swift; sourceTree = "<group>"; };
		FDD929DE1F95DF8C0077493A /* ViewController.swift */ = {isa = PBXFileReference; lastKnownFileType = sourcecode.swift; path = ViewController.swift; sourceTree = "<group>"; };
		FDD929E11F95DF8C0077493A /* Base */ = {isa = PBXFileReference; lastKnownFileType = file.storyboard; name = Base; path = Base.lproj/Main.storyboard; sourceTree = "<group>"; };
		FDD929E31F95DF8C0077493A /* Assets.xcassets */ = {isa = PBXFileReference; lastKnownFileType = folder.assetcatalog; path = Assets.xcassets; sourceTree = "<group>"; };
		FDD929E61F95DF8C0077493A /* Base */ = {isa = PBXFileReference; lastKnownFileType = file.storyboard; name = Base; path = Base.lproj/LaunchScreen.storyboard; sourceTree = "<group>"; };
		FDD929E81F95DF8C0077493A /* Info.plist */ = {isa = PBXFileReference; lastKnownFileType = text.plist.xml; path = Info.plist; sourceTree = "<group>"; };
		FDD929EE1F95E0DD0077493A /* ChangeAnimationView.swift */ = {isa = PBXFileReference; lastKnownFileType = sourcecode.swift; path = ChangeAnimationView.swift; sourceTree = "<group>"; };
/* End PBXFileReference section */

/* Begin PBXFrameworksBuildPhase section */
		FDD929D61F95DF8C0077493A /* Frameworks */ = {
			isa = PBXFrameworksBuildPhase;
			buildActionMask = 2147483647;
			files = (
				9BF75BE9A22373EA886860EB /* Pods_007_meun_botton_animation.framework in Frameworks */,
			);
			runOnlyForDeploymentPostprocessing = 0;
		};
/* End PBXFrameworksBuildPhase section */

/* Begin PBXGroup section */
		2FB6806838D59B2D80CEAED9 /* Frameworks */ = {
			isa = PBXGroup;
			children = (
				BBF9FE9225DD537A4D1A763E /* Pods_007_meun_button_animation.framework */,
				799F1EE260DE6B718061507B /* Pods_007_meun_botton_animation.framework */,
			);
			name = Frameworks;
			sourceTree = "<group>";
		};
		FDD929D01F95DF8C0077493A = {
			isa = PBXGroup;
			children = (
				FDD929DB1F95DF8C0077493A /* 007-meun-botton-animation */,
				FDD929DA1F95DF8C0077493A /* Products */,
				FF32861EB39A02FA0A3CE51A /* Pods */,
				2FB6806838D59B2D80CEAED9 /* Frameworks */,
			);
			sourceTree = "<group>";
		};
		FDD929DA1F95DF8C0077493A /* Products */ = {
			isa = PBXGroup;
			children = (
				FDD929D91F95DF8C0077493A /* 007-meun-botton-animation.app */,
			);
			name = Products;
			sourceTree = "<group>";
		};
		FDD929DB1F95DF8C0077493A /* 007-meun-botton-animation */ = {
			isa = PBXGroup;
			children = (
				FDD929DC1F95DF8C0077493A /* AppDelegate.swift */,
				FDD929DE1F95DF8C0077493A /* ViewController.swift */,
				FDD929E01F95DF8C0077493A /* Main.storyboard */,
				FDD929E31F95DF8C0077493A /* Assets.xcassets */,
				FDD929E51F95DF8C0077493A /* LaunchScreen.storyboard */,
				FDD929E81F95DF8C0077493A /* Info.plist */,
				FDD929EE1F95E0DD0077493A /* ChangeAnimationView.swift */,
			);
			path = "007-meun-botton-animation";
			sourceTree = "<group>";
		};
		FF32861EB39A02FA0A3CE51A /* Pods */ = {
			isa = PBXGroup;
			children = (
				444F1B8AA9A7E1A5677A321D /* Pods-007-meun-button-animation.debug.xcconfig */,
				A34AEA270A3F8CAE2F5B6652 /* Pods-007-meun-button-animation.release.xcconfig */,
				F09AC30A7E73B1ABBBF644AF /* Pods-007-meun-botton-animation.debug.xcconfig */,
				DF3109FE922CD38D5CEBDB2F /* Pods-007-meun-botton-animation.release.xcconfig */,
			);
			name = Pods;
			sourceTree = "<group>";
		};
/* End PBXGroup section */

/* Begin PBXNativeTarget section */
		FDD929D81F95DF8C0077493A /* 007-meun-botton-animation */ = {
			isa = PBXNativeTarget;
			buildConfigurationList = FDD929EB1F95DF8C0077493A /* Build configuration list for PBXNativeTarget "007-meun-botton-animation" */;
			buildPhases = (
				E86459F45DBC154DBB67A854 /* [CP] Check Pods Manifest.lock */,
				FDD929D51F95DF8C0077493A /* Sources */,
				FDD929D61F95DF8C0077493A /* Frameworks */,
				FDD929D71F95DF8C0077493A /* Resources */,
				830EBB34A5F481F596D02DB2 /* [CP] Embed Pods Frameworks */,
				BE7C93D9E3BD37E83E930FDE /* [CP] Copy Pods Resources */,
			);
			buildRules = (
			);
			dependencies = (
			);
			name = "007-meun-botton-animation";
			productName = "007-meun-button-animation";
			productReference = FDD929D91F95DF8C0077493A /* 007-meun-botton-animation.app */;
			productType = "com.apple.product-type.application";
		};
/* End PBXNativeTarget section */

/* Begin PBXProject section */
		FDD929D11F95DF8C0077493A /* Project object */ = {
			isa = PBXProject;
			attributes = {
				LastSwiftUpdateCheck = 0900;
				LastUpgradeCheck = 0900;
				ORGANIZATIONNAME = yifans;
				TargetAttributes = {
					FDD929D81F95DF8C0077493A = {
						CreatedOnToolsVersion = 9.0.1;
						ProvisioningStyle = Automatic;
					};
				};
			};
			buildConfigurationList = FDD929D41F95DF8C0077493A /* Build configuration list for PBXProject "007-meun-botton-animation" */;
			compatibilityVersion = "Xcode 8.0";
			developmentRegion = en;
			hasScannedForEncodings = 0;
			knownRegions = (
				en,
				Base,
			);
			mainGroup = FDD929D01F95DF8C0077493A;
			productRefGroup = FDD929DA1F95DF8C0077493A /* Products */;
			projectDirPath = "";
			projectRoot = "";
			targets = (
				FDD929D81F95DF8C0077493A /* 007-meun-botton-animation */,
			);
		};
/* End PBXProject section */

/* Begin PBXResourcesBuildPhase section */
		FDD929D71F95DF8C0077493A /* Resources */ = {
			isa = PBXResourcesBuildPhase;
			buildActionMask = 2147483647;
			files = (
				FDD929E71F95DF8C0077493A /* LaunchScreen.storyboard in Resources */,
				FDD929E41F95DF8C0077493A /* Assets.xcassets in Resources */,
				FDD929E21F95DF8C0077493A /* Main.storyboard in Resources */,
			);
			runOnlyForDeploymentPostprocessing = 0;
		};
/* End PBXResourcesBuildPhase section */

/* Begin PBXShellScriptBuildPhase section */
		830EBB34A5F481F596D02DB2 /* [CP] Embed Pods Frameworks */ = {
			isa = PBXShellScriptBuildPhase;
			buildActionMask = 2147483647;
			files = (
			);
			inputPaths = (
				"${SRCROOT}/Pods/Target Support Files/Pods-007-meun-botton-animation/Pods-007-meun-botton-animation-frameworks.sh",
				"${BUILT_PRODUCTS_DIR}/BezierPathLength/BezierPathLength.framework",
			);
			name = "[CP] Embed Pods Frameworks";
			outputPaths = (
				"${TARGET_BUILD_DIR}/${FRAMEWORKS_FOLDER_PATH}/BezierPathLength.framework",
			);
			runOnlyForDeploymentPostprocessing = 0;
			shellPath = /bin/sh;
			shellScript = "\"${SRCROOT}/Pods/Target Support Files/Pods-007-meun-botton-animation/Pods-007-meun-botton-animation-frameworks.sh\"\n";
			showEnvVarsInLog = 0;
		};
		BE7C93D9E3BD37E83E930FDE /* [CP] Copy Pods Resources */ = {
			isa = PBXShellScriptBuildPhase;
			buildActionMask = 2147483647;
			files = (
			);
			inputPaths = (
			);
			name = "[CP] Copy Pods Resources";
			outputPaths = (
			);
			runOnlyForDeploymentPostprocessing = 0;
			shellPath = /bin/sh;
			shellScript = "\"${SRCROOT}/Pods/Target Support Files/Pods-007-meun-botton-animation/Pods-007-meun-botton-animation-resources.sh\"\n";
			showEnvVarsInLog = 0;
		};
		E86459F45DBC154DBB67A854 /* [CP] Check Pods Manifest.lock */ = {
			isa = PBXShellScriptBuildPhase;
			buildActionMask = 2147483647;
			files = (
			);
			inputPaths = (
				"${PODS_PODFILE_DIR_PATH}/Podfile.lock",
				"${PODS_ROOT}/Manifest.lock",
			);
			name = "[CP] Check Pods Manifest.lock";
			outputPaths = (
				"$(DERIVED_FILE_DIR)/Pods-007-meun-botton-animation-checkManifestLockResult.txt",
			);
			runOnlyForDeploymentPostprocessing = 0;
			shellPath = /bin/sh;
			shellScript = "diff \"${PODS_PODFILE_DIR_PATH}/Podfile.lock\" \"${PODS_ROOT}/Manifest.lock\" > /dev/null\nif [ $? != 0 ] ; then\n    # print error to STDERR\n    echo \"error: The sandbox is not in sync with the Podfile.lock. Run 'pod install' or update your CocoaPods installation.\" >&2\n    exit 1\nfi\n# This output is used by Xcode 'outputs' to avoid re-running this script phase.\necho \"SUCCESS\" > \"${SCRIPT_OUTPUT_FILE_0}\"\n";
			showEnvVarsInLog = 0;
		};
/* End PBXShellScriptBuildPhase section */

/* Begin PBXSourcesBuildPhase section */
		FDD929D51F95DF8C0077493A /* Sources */ = {
			isa = PBXSourcesBuildPhase;
			buildActionMask = 2147483647;
			files = (
				FDD929DF1F95DF8C0077493A /* ViewController.swift in Sources */,
				FDD929DD1F95DF8C0077493A /* AppDelegate.swift in Sources */,
				FDD929EF1F95E0DD0077493A /* ChangeAnimationView.swift in Sources */,
			);
			runOnlyForDeploymentPostprocessing = 0;
		};
/* End PBXSourcesBuildPhase section */

/* Begin PBXVariantGroup section */
		FDD929E01F95DF8C0077493A /* Main.storyboard */ = {
			isa = PBXVariantGroup;
			children = (
				FDD929E11F95DF8C0077493A /* Base */,
			);
			name = Main.storyboard;
			sourceTree = "<group>";
		};
		FDD929E51F95DF8C0077493A /* LaunchScreen.storyboard */ = {
			isa = PBXVariantGroup;
			children = (
				FDD929E61F95DF8C0077493A /* Base */,
			);
			name = LaunchScreen.storyboard;
			sourceTree = "<group>";
		};
/* End PBXVariantGroup section */

/* Begin XCBuildConfiguration section */
		FDD929E91F95DF8C0077493A /* Debug */ = {
			isa = XCBuildConfiguration;
			buildSettings = {
				ALWAYS_SEARCH_USER_PATHS = NO;
				CLANG_ANALYZER_NONNULL = YES;
				CLANG_ANALYZER_NUMBER_OBJECT_CONVERSION = YES_AGGRESSIVE;
				CLANG_CXX_LANGUAGE_STANDARD = "gnu++14";
				CLANG_CXX_LIBRARY = "libc++";
				CLANG_ENABLE_MODULES = YES;
				CLANG_ENABLE_OBJC_ARC = YES;
				CLANG_WARN_BLOCK_CAPTURE_AUTORELEASING = YES;
				CLANG_WARN_BOOL_CONVERSION = YES;
				CLANG_WARN_COMMA = YES;
				CLANG_WARN_CONSTANT_CONVERSION = YES;
				CLANG_WARN_DIRECT_OBJC_ISA_USAGE = YES_ERROR;
				CLANG_WARN_DOCUMENTATION_COMMENTS = YES;
				CLANG_WARN_EMPTY_BODY = YES;
				CLANG_WARN_ENUM_CONVERSION = YES;
				CLANG_WARN_INFINITE_RECURSION = YES;
				CLANG_WARN_INT_CONVERSION = YES;
				CLANG_WARN_NON_LITERAL_NULL_CONVERSION = YES;
				CLANG_WARN_OBJC_LITERAL_CONVERSION = YES;
				CLANG_WARN_OBJC_ROOT_CLASS = YES_ERROR;
				CLANG_WARN_RANGE_LOOP_ANALYSIS = YES;
				CLANG_WARN_STRICT_PROTOTYPES = YES;
				CLANG_WARN_SUSPICIOUS_MOVE = YES;
				CLANG_WARN_UNGUARDED_AVAILABILITY = YES_AGGRESSIVE;
				CLANG_WARN_UNREACHABLE_CODE = YES;
				CLANG_WARN__DUPLICATE_METHOD_MATCH = YES;
				CODE_SIGN_IDENTITY = "iPhone Developer";
				COPY_PHASE_STRIP = NO;
				DEBUG_INFORMATION_FORMAT = dwarf;
				ENABLE_STRICT_OBJC_MSGSEND = YES;
				ENABLE_TESTABILITY = YES;
				GCC_C_LANGUAGE_STANDARD = gnu11;
				GCC_DYNAMIC_NO_PIC = NO;
				GCC_NO_COMMON_BLOCKS = YES;
				GCC_OPTIMIZATION_LEVEL = 0;
				GCC_PREPROCESSOR_DEFINITIONS = (
					"DEBUG=1",
					"$(inherited)",
				);
				GCC_WARN_64_TO_32_BIT_CONVERSION = YES;
				GCC_WARN_ABOUT_RETURN_TYPE = YES_ERROR;
				GCC_WARN_UNDECLARED_SELECTOR = YES;
				GCC_WARN_UNINITIALIZED_AUTOS = YES_AGGRESSIVE;
				GCC_WARN_UNUSED_FUNCTION = YES;
				GCC_WARN_UNUSED_VARIABLE = YES;
				IPHONEOS_DEPLOYMENT_TARGET = 11.0;
				MTL_ENABLE_DEBUG_INFO = YES;
				ONLY_ACTIVE_ARCH = YES;
				SDKROOT = iphoneos;
				SWIFT_ACTIVE_COMPILATION_CONDITIONS = DEBUG;
				SWIFT_OPTIMIZATION_LEVEL = "-Onone";
			};
			name = Debug;
		};
		FDD929EA1F95DF8C0077493A /* Release */ = {
			isa = XCBuildConfiguration;
			buildSettings = {
				ALWAYS_SEARCH_USER_PATHS = NO;
				CLANG_ANALYZER_NONNULL = YES;
				CLANG_ANALYZER_NUMBER_OBJECT_CONVERSION = YES_AGGRESSIVE;
				CLANG_CXX_LANGUAGE_STANDARD = "gnu++14";
				CLANG_CXX_LIBRARY = "libc++";
				CLANG_ENABLE_MODULES = YES;
				CLANG_ENABLE_OBJC_ARC = YES;
				CLANG_WARN_BLOCK_CAPTURE_AUTORELEASING = YES;
				CLANG_WARN_BOOL_CONVERSION = YES;
				CLANG_WARN_COMMA = YES;
				CLANG_WARN_CONSTANT_CONVERSION = YES;
				CLANG_WARN_DIRECT_OBJC_ISA_USAGE = YES_ERROR;
				CLANG_WARN_DOCUMENTATION_COMMENTS = YES;
				CLANG_WARN_EMPTY_BODY = YES;
				CLANG_WARN_ENUM_CONVERSION = YES;
				CLANG_WARN_INFINITE_RECURSION = YES;
				CLANG_WARN_INT_CONVERSION = YES;
				CLANG_WARN_NON_LITERAL_NULL_CONVERSION = YES;
				CLANG_WARN_OBJC_LITERAL_CONVERSION = YES;
				CLANG_WARN_OBJC_ROOT_CLASS = YES_ERROR;
				CLANG_WARN_RANGE_LOOP_ANALYSIS = YES;
				CLANG_WARN_STRICT_PROTOTYPES = YES;
				CLANG_WARN_SUSPICIOUS_MOVE = YES;
				CLANG_WARN_UNGUARDED_AVAILABILITY = YES_AGGRESSIVE;
				CLANG_WARN_UNREACHABLE_CODE = YES;
				CLANG_WARN__DUPLICATE_METHOD_MATCH = YES;
				CODE_SIGN_IDENTITY = "iPhone Developer";
				COPY_PHASE_STRIP = NO;
				DEBUG_INFORMATION_FORMAT = "dwarf-with-dsym";
				ENABLE_NS_ASSERTIONS = NO;
				ENABLE_STRICT_OBJC_MSGSEND = YES;
				GCC_C_LANGUAGE_STANDARD = gnu11;
				GCC_NO_COMMON_BLOCKS = YES;
				GCC_WARN_64_TO_32_BIT_CONVERSION = YES;
				GCC_WARN_ABOUT_RETURN_TYPE = YES_ERROR;
				GCC_WARN_UNDECLARED_SELECTOR = YES;
				GCC_WARN_UNINITIALIZED_AUTOS = YES_AGGRESSIVE;
				GCC_WARN_UNUSED_FUNCTION = YES;
				GCC_WARN_UNUSED_VARIABLE = YES;
				IPHONEOS_DEPLOYMENT_TARGET = 11.0;
				MTL_ENABLE_DEBUG_INFO = NO;
				SDKROOT = iphoneos;
				SWIFT_OPTIMIZATION_LEVEL = "-Owholemodule";
				VALIDATE_PRODUCT = YES;
			};
			name = Release;
		};
		FDD929EC1F95DF8C0077493A /* Debug */ = {
			isa = XCBuildConfiguration;
			baseConfigurationReference = F09AC30A7E73B1ABBBF644AF /* Pods-007-meun-botton-animation.debug.xcconfig */;
			buildSettings = {
				ASSETCATALOG_COMPILER_APPICON_NAME = AppIcon;
				CODE_SIGN_STYLE = Automatic;
				DEVELOPMENT_TEAM = DM78HJ4CZ6;
				INFOPLIST_FILE = "$(SRCROOT)/007-meun-botton-animation/Info.plist";
				LD_RUNPATH_SEARCH_PATHS = "$(inherited) @executable_path/Frameworks";
				PRODUCT_BUNDLE_IDENTIFIER = "im.zyf.-07-meun-botton-animation";
				PRODUCT_NAME = "$(TARGET_NAME)";
				SWIFT_VERSION = 4.0;
				TARGETED_DEVICE_FAMILY = "1,2";
			};
			name = Debug;
		};
		FDD929ED1F95DF8C0077493A /* Release */ = {
			isa = XCBuildConfiguration;
			baseConfigurationReference = DF3109FE922CD38D5CEBDB2F /* Pods-007-meun-botton-animation.release.xcconfig */;
			buildSettings = {
				ASSETCATALOG_COMPILER_APPICON_NAME = AppIcon;
				CODE_SIGN_STYLE = Automatic;
				DEVELOPMENT_TEAM = DM78HJ4CZ6;
				INFOPLIST_FILE = "$(SRCROOT)/007-meun-botton-animation/Info.plist";
				LD_RUNPATH_SEARCH_PATHS = "$(inherited) @executable_path/Frameworks";
				PRODUCT_BUNDLE_IDENTIFIER = "im.zyf.-07-meun-botton-animation";
				PRODUCT_NAME = "$(TARGET_NAME)";
				SWIFT_VERSION = 4.0;
				TARGETED_DEVICE_FAMILY = "1,2";
			};
			name = Release;
		};
/* End XCBuildConfiguration section */

/* Begin XCConfigurationList section */
		FDD929D41F95DF8C0077493A /* Build configuration list for PBXProject "007-meun-botton-animation" */ = {
			isa = XCConfigurationList;
			buildConfigurations = (
				FDD929E91F95DF8C0077493A /* Debug */,
				FDD929EA1F95DF8C0077493A /* Release */,
			);
			defaultConfigurationIsVisible = 0;
			defaultConfigurationName = Release;
		};
		FDD929EB1F95DF8C0077493A /* Build configuration list for PBXNativeTarget "007-meun-botton-animation" */ = {
			isa = XCConfigurationList;
			buildConfigurations = (
				FDD929EC1F95DF8C0077493A /* Debug */,
				FDD929ED1F95DF8C0077493A /* Release */,
			);
			defaultConfigurationIsVisible = 0;
			defaultConfigurationName = Release;
		};
/* End XCConfigurationList section */
	};
	rootObject = FDD929D11F95DF8C0077493A /* Project object */;
}
