// !$*UTF8*$!
{
	archiveVersion = 1;
	classes = {
	};
	objectVersion = 48;
	objects = {

/* Begin PBXBuildFile section */
		FD0D5B3C206B2C0300F499EE /* AppDelegate.swift in Sources */ = {isa = PBXBuildFile; fileRef = FD0D5B3B206B2C0300F499EE /* AppDelegate.swift */; };
		FD0D5B3E206B2C0300F499EE /* ViewController.swift in Sources */ = {isa = PBXBuildFile; fileRef = FD0D5B3D206B2C0300F499EE /* ViewController.swift */; };
		FD0D5B41206B2C0300F499EE /* Main.storyboard in Resources */ = {isa = PBXBuildFile; fileRef = FD0D5B3F206B2C0300F499EE /* Main.storyboard */; };
		FD0D5B43206B2C0300F499EE /* Assets.xcassets in Resources */ = {isa = PBXBuildFile; fileRef = FD0D5B42206B2C0300F499EE /* Assets.xcassets */; };
		FD0D5B46206B2C0300F499EE /* LaunchScreen.storyboard in Resources */ = {isa = PBXBuildFile; fileRef = FD0D5B44206B2C0300F499EE /* LaunchScreen.storyboard */; };
		FD0D5B4E206B33D500F499EE /* Stopwatch.swift in Sources */ = {isa = PBXBuildFile; fileRef = FD0D5B4D206B33D500F499EE /* Stopwatch.swift */; };
/* End PBXBuildFile section */

/* Begin PBXFileReference section */
		FD0D5B38206B2C0300F499EE /* 031-stopwatch.app */ = {isa = PBXFileReference; explicitFileType = wrapper.application; includeInIndex = 0; path = "031-stopwatch.app"; sourceTree = BUILT_PRODUCTS_DIR; };
		FD0D5B3B206B2C0300F499EE /* AppDelegate.swift */ = {isa = PBXFileReference; lastKnownFileType = sourcecode.swift; path = AppDelegate.swift; sourceTree = "<group>"; };
		FD0D5B3D206B2C0300F499EE /* ViewController.swift */ = {isa = PBXFileReference; lastKnownFileType = sourcecode.swift; path = ViewController.swift; sourceTree = "<group>"; };
		FD0D5B40206B2C0300F499EE /* Base */ = {isa = PBXFileReference; lastKnownFileType = file.storyboard; name = Base; path = Base.lproj/Main.storyboard; sourceTree = "<group>"; };
		FD0D5B42206B2C0300F499EE /* Assets.xcassets */ = {isa = PBXFileReference; lastKnownFileType = folder.assetcatalog; path = Assets.xcassets; sourceTree = "<group>"; };
		FD0D5B45206B2C0300F499EE /* Base */ = {isa = PBXFileReference; lastKnownFileType = file.storyboard; name = Base; path = Base.lproj/LaunchScreen.storyboard; sourceTree = "<group>"; };
		FD0D5B47206B2C0300F499EE /* Info.plist */ = {isa = PBXFileReference; lastKnownFileType = text.plist.xml; path = Info.plist; sourceTree = "<group>"; };
		FD0D5B4D206B33D500F499EE /* Stopwatch.swift */ = {isa = PBXFileReference; lastKnownFileType = sourcecode.swift; path = Stopwatch.swift; sourceTree = "<group>"; };
/* End PBXFileReference section */

/* Begin PBXFrameworksBuildPhase section */
		FD0D5B35206B2C0300F499EE /* Frameworks */ = {
			isa = PBXFrameworksBuildPhase;
			buildActionMask = 2147483647;
			files = (
			);
			runOnlyForDeploymentPostprocessing = 0;
		};
/* End PBXFrameworksBuildPhase section */

/* Begin PBXGroup section */
		FD0D5B2F206B2C0300F499EE = {
			isa = PBXGroup;
			children = (
				FD0D5B3A206B2C0300F499EE /* 031-stopwatch */,
				FD0D5B39206B2C0300F499EE /* Products */,
			);
			sourceTree = "<group>";
		};
		FD0D5B39206B2C0300F499EE /* Products */ = {
			isa = PBXGroup;
			children = (
				FD0D5B38206B2C0300F499EE /* 031-stopwatch.app */,
			);
			name = Products;
			sourceTree = "<group>";
		};
		FD0D5B3A206B2C0300F499EE /* 031-stopwatch */ = {
			isa = PBXGroup;
			children = (
				FD0D5B3B206B2C0300F499EE /* AppDelegate.swift */,
				FD0D5B3D206B2C0300F499EE /* ViewController.swift */,
				FD0D5B3F206B2C0300F499EE /* Main.storyboard */,
				FD0D5B42206B2C0300F499EE /* Assets.xcassets */,
				FD0D5B44206B2C0300F499EE /* LaunchScreen.storyboard */,
				FD0D5B47206B2C0300F499EE /* Info.plist */,
				FD0D5B4D206B33D500F499EE /* Stopwatch.swift */,
			);
			path = "031-stopwatch";
			sourceTree = "<group>";
		};
/* End PBXGroup section */

/* Begin PBXNativeTarget section */
		FD0D5B37206B2C0300F499EE /* 031-stopwatch */ = {
			isa = PBXNativeTarget;
			buildConfigurationList = FD0D5B4A206B2C0300F499EE /* Build configuration list for PBXNativeTarget "031-stopwatch" */;
			buildPhases = (
				FD0D5B34206B2C0300F499EE /* Sources */,
				FD0D5B35206B2C0300F499EE /* Frameworks */,
				FD0D5B36206B2C0300F499EE /* Resources */,
			);
			buildRules = (
			);
			dependencies = (
			);
			name = "031-stopwatch";
			productName = "031-stopwatch";
			productReference = FD0D5B38206B2C0300F499EE /* 031-stopwatch.app */;
			productType = "com.apple.product-type.application";
		};
/* End PBXNativeTarget section */

/* Begin PBXProject section */
		FD0D5B30206B2C0300F499EE /* Project object */ = {
			isa = PBXProject;
			attributes = {
				LastSwiftUpdateCheck = 0920;
				LastUpgradeCheck = 0920;
				ORGANIZATIONNAME = yifans;
				TargetAttributes = {
					FD0D5B37206B2C0300F499EE = {
						CreatedOnToolsVersion = 9.2;
						ProvisioningStyle = Automatic;
					};
				};
			};
			buildConfigurationList = FD0D5B33206B2C0300F499EE /* Build configuration list for PBXProject "031-stopwatch" */;
			compatibilityVersion = "Xcode 8.0";
			developmentRegion = en;
			hasScannedForEncodings = 0;
			knownRegions = (
				en,
				Base,
			);
			mainGroup = FD0D5B2F206B2C0300F499EE;
			productRefGroup = FD0D5B39206B2C0300F499EE /* Products */;
			projectDirPath = "";
			projectRoot = "";
			targets = (
				FD0D5B37206B2C0300F499EE /* 031-stopwatch */,
			);
		};
/* End PBXProject section */

/* Begin PBXResourcesBuildPhase section */
		FD0D5B36206B2C0300F499EE /* Resources */ = {
			isa = PBXResourcesBuildPhase;
			buildActionMask = 2147483647;
			files = (
				FD0D5B46206B2C0300F499EE /* LaunchScreen.storyboard in Resources */,
				FD0D5B43206B2C0300F499EE /* Assets.xcassets in Resources */,
				FD0D5B41206B2C0300F499EE /* Main.storyboard in Resources */,
			);
			runOnlyForDeploymentPostprocessing = 0;
		};
/* End PBXResourcesBuildPhase section */

/* Begin PBXSourcesBuildPhase section */
		FD0D5B34206B2C0300F499EE /* Sources */ = {
			isa = PBXSourcesBuildPhase;
			buildActionMask = 2147483647;
			files = (
				FD0D5B3E206B2C0300F499EE /* ViewController.swift in Sources */,
				FD0D5B4E206B33D500F499EE /* Stopwatch.swift in Sources */,
				FD0D5B3C206B2C0300F499EE /* AppDelegate.swift in Sources */,
			);
			runOnlyForDeploymentPostprocessing = 0;
		};
/* End PBXSourcesBuildPhase section */

/* Begin PBXVariantGroup section */
		FD0D5B3F206B2C0300F499EE /* Main.storyboard */ = {
			isa = PBXVariantGroup;
			children = (
				FD0D5B40206B2C0300F499EE /* Base */,
			);
			name = Main.storyboard;
			sourceTree = "<group>";
		};
		FD0D5B44206B2C0300F499EE /* LaunchScreen.storyboard */ = {
			isa = PBXVariantGroup;
			children = (
				FD0D5B45206B2C0300F499EE /* Base */,
			);
			name = LaunchScreen.storyboard;
			sourceTree = "<group>";
		};
/* End PBXVariantGroup section */

/* Begin XCBuildConfiguration section */
		FD0D5B48206B2C0300F499EE /* Debug */ = {
			isa = XCBuildConfiguration;
			buildSettings = {
				ALWAYS_SEARCH_USER_PATHS = NO;
				CLANG_ANALYZER_NONNULL = YES;
				CLANG_ANALYZER_NUMBER_OBJECT_CONVERSION = YES_AGGRESSIVE;
				CLANG_CXX_LANGUAGE_STANDARD = "gnu++14";
				CLANG_CXX_LIBRARY = "libc++";
				CLANG_ENABLE_MODULES = YES;
				CLANG_ENABLE_OBJC_ARC = YES;
				CLANG_WARN_BLOCK_CAPTURE_AUTORELEASING = YES;
				CLANG_WARN_BOOL_CONVERSION = YES;
				CLANG_WARN_COMMA = YES;
				CLANG_WARN_CONSTANT_CONVERSION = YES;
				CLANG_WARN_DIRECT_OBJC_ISA_USAGE = YES_ERROR;
				CLANG_WARN_DOCUMENTATION_COMMENTS = YES;
				CLANG_WARN_EMPTY_BODY = YES;
				CLANG_WARN_ENUM_CONVERSION = YES;
				CLANG_WARN_INFINITE_RECURSION = YES;
				CLANG_WARN_INT_CONVERSION = YES;
				CLANG_WARN_NON_LITERAL_NULL_CONVERSION = YES;
				CLANG_WARN_OBJC_LITERAL_CONVERSION = YES;
				CLANG_WARN_OBJC_ROOT_CLASS = YES_ERROR;
				CLANG_WARN_RANGE_LOOP_ANALYSIS = YES;
				CLANG_WARN_STRICT_PROTOTYPES = YES;
				CLANG_WARN_SUSPICIOUS_MOVE = YES;
				CLANG_WARN_UNGUARDED_AVAILABILITY = YES_AGGRESSIVE;
				CLANG_WARN_UNREACHABLE_CODE = YES;
				CLANG_WARN__DUPLICATE_METHOD_MATCH = YES;
				CODE_SIGN_IDENTITY = "iPhone Developer";
				COPY_PHASE_STRIP = NO;
				DEBUG_INFORMATION_FORMAT = dwarf;
				ENABLE_STRICT_OBJC_MSGSEND = YES;
				ENABLE_TESTABILITY = YES;
				GCC_C_LANGUAGE_STANDARD = gnu11;
				GCC_DYNAMIC_NO_PIC = NO;
				GCC_NO_COMMON_BLOCKS = YES;
				GCC_OPTIMIZATION_LEVEL = 0;
				GCC_PREPROCESSOR_DEFINITIONS = (
					"DEBUG=1",
					"$(inherited)",
				);
				GCC_WARN_64_TO_32_BIT_CONVERSION = YES;
				GCC_WARN_ABOUT_RETURN_TYPE = YES_ERROR;
				GCC_WARN_UNDECLARED_SELECTOR = YES;
				GCC_WARN_UNINITIALIZED_AUTOS = YES_AGGRESSIVE;
				GCC_WARN_UNUSED_FUNCTION = YES;
				GCC_WARN_UNUSED_VARIABLE = YES;
				IPHONEOS_DEPLOYMENT_TARGET = 11.2;
				MTL_ENABLE_DEBUG_INFO = YES;
				ONLY_ACTIVE_ARCH = YES;
				SDKROOT = iphoneos;
				SWIFT_ACTIVE_COMPILATION_CONDITIONS = DEBUG;
				SWIFT_OPTIMIZATION_LEVEL = "-Onone";
			};
			name = Debug;
		};
		FD0D5B49206B2C0300F499EE /* Release */ = {
			isa = XCBuildConfiguration;
			buildSettings = {
				ALWAYS_SEARCH_USER_PATHS = NO;
				CLANG_ANALYZER_NONNULL = YES;
				CLANG_ANALYZER_NUMBER_OBJECT_CONVERSION = YES_AGGRESSIVE;
				CLANG_CXX_LANGUAGE_STANDARD = "gnu++14";
				CLANG_CXX_LIBRARY = "libc++";
				CLANG_ENABLE_MODULES = YES;
				CLANG_ENABLE_OBJC_ARC = YES;
				CLANG_WARN_BLOCK_CAPTURE_AUTORELEASING = YES;
				CLANG_WARN_BOOL_CONVERSION = YES;
				CLANG_WARN_COMMA = YES;
				CLANG_WARN_CONSTANT_CONVERSION = YES;
				CLANG_WARN_DIRECT_OBJC_ISA_USAGE = YES_ERROR;
				CLANG_WARN_DOCUMENTATION_COMMENTS = YES;
				CLANG_WARN_EMPTY_BODY = YES;
				CLANG_WARN_ENUM_CONVERSION = YES;
				CLANG_WARN_INFINITE_RECURSION = YES;
				CLANG_WARN_INT_CONVERSION = YES;
				CLANG_WARN_NON_LITERAL_NULL_CONVERSION = YES;
				CLANG_WARN_OBJC_LITERAL_CONVERSION = YES;
				CLANG_WARN_OBJC_ROOT_CLASS = YES_ERROR;
				CLANG_WARN_RANGE_LOOP_ANALYSIS = YES;
				CLANG_WARN_STRICT_PROTOTYPES = YES;
				CLANG_WARN_SUSPICIOUS_MOVE = YES;
				CLANG_WARN_UNGUARDED_AVAILABILITY = YES_AGGRESSIVE;
				CLANG_WARN_UNREACHABLE_CODE = YES;
				CLANG_WARN__DUPLICATE_METHOD_MATCH = YES;
				CODE_SIGN_IDENTITY = "iPhone Developer";
				COPY_PHASE_STRIP = NO;
				DEBUG_INFORMATION_FORMAT = "dwarf-with-dsym";
				ENABLE_NS_ASSERTIONS = NO;
				ENABLE_STRICT_OBJC_MSGSEND = YES;
				GCC_C_LANGUAGE_STANDARD = gnu11;
				GCC_NO_COMMON_BLOCKS = YES;
				GCC_WARN_64_TO_32_BIT_CONVERSION = YES;
				GCC_WARN_ABOUT_RETURN_TYPE = YES_ERROR;
				GCC_WARN_UNDECLARED_SELECTOR = YES;
				GCC_WARN_UNINITIALIZED_AUTOS = YES_AGGRESSIVE;
				GCC_WARN_UNUSED_FUNCTION = YES;
				GCC_WARN_UNUSED_VARIABLE = YES;
				IPHONEOS_DEPLOYMENT_TARGET = 11.2;
				MTL_ENABLE_DEBUG_INFO = NO;
				SDKROOT = iphoneos;
				SWIFT_OPTIMIZATION_LEVEL = "-Owholemodule";
				VALIDATE_PRODUCT = YES;
			};
			name = Release;
		};
		FD0D5B4B206B2C0300F499EE /* Debug */ = {
			isa = XCBuildConfiguration;
			buildSettings = {
				ASSETCATALOG_COMPILER_APPICON_NAME = AppIcon;
				CODE_SIGN_STYLE = Automatic;
				INFOPLIST_FILE = "031-stopwatch/Info.plist";
				LD_RUNPATH_SEARCH_PATHS = "$(inherited) @executable_path/Frameworks";
				PRODUCT_BUNDLE_IDENTIFIER = "im.zyf.-31-stopwatch";
				PRODUCT_NAME = "$(TARGET_NAME)";
				SWIFT_VERSION = 4.0;
				TARGETED_DEVICE_FAMILY = "1,2";
			};
			name = Debug;
		};
		FD0D5B4C206B2C0300F499EE /* Release */ = {
			isa = XCBuildConfiguration;
			buildSettings = {
				ASSETCATALOG_COMPILER_APPICON_NAME = AppIcon;
				CODE_SIGN_STYLE = Automatic;
				INFOPLIST_FILE = "031-stopwatch/Info.plist";
				LD_RUNPATH_SEARCH_PATHS = "$(inherited) @executable_path/Frameworks";
				PRODUCT_BUNDLE_IDENTIFIER = "im.zyf.-31-stopwatch";
				PRODUCT_NAME = "$(TARGET_NAME)";
				SWIFT_VERSION = 4.0;
				TARGETED_DEVICE_FAMILY = "1,2";
			};
			name = Release;
		};
/* End XCBuildConfiguration section */

/* Begin XCConfigurationList section */
		FD0D5B33206B2C0300F499EE /* Build configuration list for PBXProject "031-stopwatch" */ = {
			isa = XCConfigurationList;
			buildConfigurations = (
				FD0D5B48206B2C0300F499EE /* Debug */,
				FD0D5B49206B2C0300F499EE /* Release */,
			);
			defaultConfigurationIsVisible = 0;
			defaultConfigurationName = Release;
		};
		FD0D5B4A206B2C0300F499EE /* Build configuration list for PBXNativeTarget "031-stopwatch" */ = {
			isa = XCConfigurationList;
			buildConfigurations = (
				FD0D5B4B206B2C0300F499EE /* Debug */,
				FD0D5B4C206B2C0300F499EE /* Release */,
			);
			defaultConfigurationIsVisible = 0;
			defaultConfigurationName = Release;
		};
/* End XCConfigurationList section */
	};
	rootObject = FD0D5B30206B2C0300F499EE /* Project object */;
}
