// !$*UTF8*$!
{
	archiveVersion = 1;
	classes = {
	};
	objectVersion = 48;
	objects = {

/* Begin PBXBuildFile section */
		FDF4AB191FB6E6E4005BBF41 /* AppDelegate.swift in Sources */ = {isa = PBXBuildFile; fileRef = FDF4AB181FB6E6E4005BBF41 /* AppDelegate.swift */; };
		FDF4AB1B1FB6E6E4005BBF41 /* ViewController.swift in Sources */ = {isa = PBXBuildFile; fileRef = FDF4AB1A1FB6E6E4005BBF41 /* ViewController.swift */; };
		FDF4AB1E1FB6E6E4005BBF41 /* Main.storyboard in Resources */ = {isa = PBXBuildFile; fileRef = FDF4AB1C1FB6E6E4005BBF41 /* Main.storyboard */; };
		FDF4AB201FB6E6E4005BBF41 /* Assets.xcassets in Resources */ = {isa = PBXBuildFile; fileRef = FDF4AB1F1FB6E6E4005BBF41 /* Assets.xcassets */; };
		FDF4AB231FB6E6E4005BBF41 /* LaunchScreen.storyboard in Resources */ = {isa = PBXBuildFile; fileRef = FDF4AB211FB6E6E4005BBF41 /* LaunchScreen.storyboard */; };
/* End PBXBuildFile section */

/* Begin PBXFileReference section */
		FDF4AB151FB6E6E4005BBF41 /* 018-flickr-search.app */ = {isa = PBXFileReference; explicitFileType = wrapper.application; includeInIndex = 0; path = "018-flickr-search.app"; sourceTree = BUILT_PRODUCTS_DIR; };
		FDF4AB181FB6E6E4005BBF41 /* AppDelegate.swift */ = {isa = PBXFileReference; lastKnownFileType = sourcecode.swift; path = AppDelegate.swift; sourceTree = "<group>"; };
		FDF4AB1A1FB6E6E4005BBF41 /* ViewController.swift */ = {isa = PBXFileReference; lastKnownFileType = sourcecode.swift; path = ViewController.swift; sourceTree = "<group>"; };
		FDF4AB1D1FB6E6E4005BBF41 /* Base */ = {isa = PBXFileReference; lastKnownFileType = file.storyboard; name = Base; path = Base.lproj/Main.storyboard; sourceTree = "<group>"; };
		FDF4AB1F1FB6E6E4005BBF41 /* Assets.xcassets */ = {isa = PBXFileReference; lastKnownFileType = folder.assetcatalog; path = Assets.xcassets; sourceTree = "<group>"; };
		FDF4AB221FB6E6E4005BBF41 /* Base */ = {isa = PBXFileReference; lastKnownFileType = file.storyboard; name = Base; path = Base.lproj/LaunchScreen.storyboard; sourceTree = "<group>"; };
		FDF4AB241FB6E6E4005BBF41 /* Info.plist */ = {isa = PBXFileReference; lastKnownFileType = text.plist.xml; path = Info.plist; sourceTree = "<group>"; };
/* End PBXFileReference section */

/* Begin PBXFrameworksBuildPhase section */
		FDF4AB121FB6E6E4005BBF41 /* Frameworks */ = {
			isa = PBXFrameworksBuildPhase;
			buildActionMask = 2147483647;
			files = (
			);
			runOnlyForDeploymentPostprocessing = 0;
		};
/* End PBXFrameworksBuildPhase section */

/* Begin PBXGroup section */
		FDF4AB0C1FB6E6E4005BBF41 = {
			isa = PBXGroup;
			children = (
				FDF4AB171FB6E6E4005BBF41 /* 018-flickr-search */,
				FDF4AB161FB6E6E4005BBF41 /* Products */,
			);
			sourceTree = "<group>";
		};
		FDF4AB161FB6E6E4005BBF41 /* Products */ = {
			isa = PBXGroup;
			children = (
				FDF4AB151FB6E6E4005BBF41 /* 018-flickr-search.app */,
			);
			name = Products;
			sourceTree = "<group>";
		};
		FDF4AB171FB6E6E4005BBF41 /* 018-flickr-search */ = {
			isa = PBXGroup;
			children = (
				FDF4AB181FB6E6E4005BBF41 /* AppDelegate.swift */,
				FDF4AB1A1FB6E6E4005BBF41 /* ViewController.swift */,
				FDF4AB1C1FB6E6E4005BBF41 /* Main.storyboard */,
				FDF4AB1F1FB6E6E4005BBF41 /* Assets.xcassets */,
				FDF4AB211FB6E6E4005BBF41 /* LaunchScreen.storyboard */,
				FDF4AB241FB6E6E4005BBF41 /* Info.plist */,
			);
			path = "018-flickr-search";
			sourceTree = "<group>";
		};
/* End PBXGroup section */

/* Begin PBXNativeTarget section */
		FDF4AB141FB6E6E4005BBF41 /* 018-flickr-search */ = {
			isa = PBXNativeTarget;
			buildConfigurationList = FDF4AB271FB6E6E4005BBF41 /* Build configuration list for PBXNativeTarget "018-flickr-search" */;
			buildPhases = (
				FDF4AB111FB6E6E4005BBF41 /* Sources */,
				FDF4AB121FB6E6E4005BBF41 /* Frameworks */,
				FDF4AB131FB6E6E4005BBF41 /* Resources */,
			);
			buildRules = (
			);
			dependencies = (
			);
			name = "018-flickr-search";
			productName = "018-flickr-search";
			productReference = FDF4AB151FB6E6E4005BBF41 /* 018-flickr-search.app */;
			productType = "com.apple.product-type.application";
		};
/* End PBXNativeTarget section */

/* Begin PBXProject section */
		FDF4AB0D1FB6E6E4005BBF41 /* Project object */ = {
			isa = PBXProject;
			attributes = {
				LastSwiftUpdateCheck = 0910;
				LastUpgradeCheck = 0910;
				ORGANIZATIONNAME = yifans;
				TargetAttributes = {
					FDF4AB141FB6E6E4005BBF41 = {
						CreatedOnToolsVersion = 9.1;
						ProvisioningStyle = Automatic;
					};
				};
			};
			buildConfigurationList = FDF4AB101FB6E6E4005BBF41 /* Build configuration list for PBXProject "018-flickr-search" */;
			compatibilityVersion = "Xcode 8.0";
			developmentRegion = en;
			hasScannedForEncodings = 0;
			knownRegions = (
				en,
				Base,
			);
			mainGroup = FDF4AB0C1FB6E6E4005BBF41;
			productRefGroup = FDF4AB161FB6E6E4005BBF41 /* Products */;
			projectDirPath = "";
			projectRoot = "";
			targets = (
				FDF4AB141FB6E6E4005BBF41 /* 018-flickr-search */,
			);
		};
/* End PBXProject section */

/* Begin PBXResourcesBuildPhase section */
		FDF4AB131FB6E6E4005BBF41 /* Resources */ = {
			isa = PBXResourcesBuildPhase;
			buildActionMask = 2147483647;
			files = (
				FDF4AB231FB6E6E4005BBF41 /* LaunchScreen.storyboard in Resources */,
				FDF4AB201FB6E6E4005BBF41 /* Assets.xcassets in Resources */,
				FDF4AB1E1FB6E6E4005BBF41 /* Main.storyboard in Resources */,
			);
			runOnlyForDeploymentPostprocessing = 0;
		};
/* End PBXResourcesBuildPhase section */

/* Begin PBXSourcesBuildPhase section */
		FDF4AB111FB6E6E4005BBF41 /* Sources */ = {
			isa = PBXSourcesBuildPhase;
			buildActionMask = 2147483647;
			files = (
				FDF4AB1B1FB6E6E4005BBF41 /* ViewController.swift in Sources */,
				FDF4AB191FB6E6E4005BBF41 /* AppDelegate.swift in Sources */,
			);
			runOnlyForDeploymentPostprocessing = 0;
		};
/* End PBXSourcesBuildPhase section */

/* Begin PBXVariantGroup section */
		FDF4AB1C1FB6E6E4005BBF41 /* Main.storyboard */ = {
			isa = PBXVariantGroup;
			children = (
				FDF4AB1D1FB6E6E4005BBF41 /* Base */,
			);
			name = Main.storyboard;
			sourceTree = "<group>";
		};
		FDF4AB211FB6E6E4005BBF41 /* LaunchScreen.storyboard */ = {
			isa = PBXVariantGroup;
			children = (
				FDF4AB221FB6E6E4005BBF41 /* Base */,
			);
			name = LaunchScreen.storyboard;
			sourceTree = "<group>";
		};
/* End PBXVariantGroup section */

/* Begin XCBuildConfiguration section */
		FDF4AB251FB6E6E4005BBF41 /* Debug */ = {
			isa = XCBuildConfiguration;
			buildSettings = {
				ALWAYS_SEARCH_USER_PATHS = NO;
				CLANG_ANALYZER_NONNULL = YES;
				CLANG_ANALYZER_NUMBER_OBJECT_CONVERSION = YES_AGGRESSIVE;
				CLANG_CXX_LANGUAGE_STANDARD = "gnu++14";
				CLANG_CXX_LIBRARY = "libc++";
				CLANG_ENABLE_MODULES = YES;
				CLANG_ENABLE_OBJC_ARC = YES;
				CLANG_WARN_BLOCK_CAPTURE_AUTORELEASING = YES;
				CLANG_WARN_BOOL_CONVERSION = YES;
				CLANG_WARN_COMMA = YES;
				CLANG_WARN_CONSTANT_CONVERSION = YES;
				CLANG_WARN_DIRECT_OBJC_ISA_USAGE = YES_ERROR;
				CLANG_WARN_DOCUMENTATION_COMMENTS = YES;
				CLANG_WARN_EMPTY_BODY = YES;
				CLANG_WARN_ENUM_CONVERSION = YES;
				CLANG_WARN_INFINITE_RECURSION = YES;
				CLANG_WARN_INT_CONVERSION = YES;
				CLANG_WARN_NON_LITERAL_NULL_CONVERSION = YES;
				CLANG_WARN_OBJC_LITERAL_CONVERSION = YES;
				CLANG_WARN_OBJC_ROOT_CLASS = YES_ERROR;
				CLANG_WARN_RANGE_LOOP_ANALYSIS = YES;
				CLANG_WARN_STRICT_PROTOTYPES = YES;
				CLANG_WARN_SUSPICIOUS_MOVE = YES;
				CLANG_WARN_UNGUARDED_AVAILABILITY = YES_AGGRESSIVE;
				CLANG_WARN_UNREACHABLE_CODE = YES;
				CLANG_WARN__DUPLICATE_METHOD_MATCH = YES;
				CODE_SIGN_IDENTITY = "iPhone Developer";
				COPY_PHASE_STRIP = NO;
				DEBUG_INFORMATION_FORMAT = dwarf;
				ENABLE_STRICT_OBJC_MSGSEND = YES;
				ENABLE_TESTABILITY = YES;
				GCC_C_LANGUAGE_STANDARD = gnu11;
				GCC_DYNAMIC_NO_PIC = NO;
				GCC_NO_COMMON_BLOCKS = YES;
				GCC_OPTIMIZATION_LEVEL = 0;
				GCC_PREPROCESSOR_DEFINITIONS = (
					"DEBUG=1",
					"$(inherited)",
				);
				GCC_WARN_64_TO_32_BIT_CONVERSION = YES;
				GCC_WARN_ABOUT_RETURN_TYPE = YES_ERROR;
				GCC_WARN_UNDECLARED_SELECTOR = YES;
				GCC_WARN_UNINITIALIZED_AUTOS = YES_AGGRESSIVE;
				GCC_WARN_UNUSED_FUNCTION = YES;
				GCC_WARN_UNUSED_VARIABLE = YES;
				IPHONEOS_DEPLOYMENT_TARGET = 11.1;
				MTL_ENABLE_DEBUG_INFO = YES;
				ONLY_ACTIVE_ARCH = YES;
				SDKROOT = iphoneos;
				SWIFT_ACTIVE_COMPILATION_CONDITIONS = DEBUG;
				SWIFT_OPTIMIZATION_LEVEL = "-Onone";
			};
			name = Debug;
		};
		FDF4AB261FB6E6E4005BBF41 /* Release */ = {
			isa = XCBuildConfiguration;
			buildSettings = {
				ALWAYS_SEARCH_USER_PATHS = NO;
				CLANG_ANALYZER_NONNULL = YES;
				CLANG_ANALYZER_NUMBER_OBJECT_CONVERSION = YES_AGGRESSIVE;
				CLANG_CXX_LANGUAGE_STANDARD = "gnu++14";
				CLANG_CXX_LIBRARY = "libc++";
				CLANG_ENABLE_MODULES = YES;
				CLANG_ENABLE_OBJC_ARC = YES;
				CLANG_WARN_BLOCK_CAPTURE_AUTORELEASING = YES;
				CLANG_WARN_BOOL_CONVERSION = YES;
				CLANG_WARN_COMMA = YES;
				CLANG_WARN_CONSTANT_CONVERSION = YES;
				CLANG_WARN_DIRECT_OBJC_ISA_USAGE = YES_ERROR;
				CLANG_WARN_DOCUMENTATION_COMMENTS = YES;
				CLANG_WARN_EMPTY_BODY = YES;
				CLANG_WARN_ENUM_CONVERSION = YES;
				CLANG_WARN_INFINITE_RECURSION = YES;
				CLANG_WARN_INT_CONVERSION = YES;
				CLANG_WARN_NON_LITERAL_NULL_CONVERSION = YES;
				CLANG_WARN_OBJC_LITERAL_CONVERSION = YES;
				CLANG_WARN_OBJC_ROOT_CLASS = YES_ERROR;
				CLANG_WARN_RANGE_LOOP_ANALYSIS = YES;
				CLANG_WARN_STRICT_PROTOTYPES = YES;
				CLANG_WARN_SUSPICIOUS_MOVE = YES;
				CLANG_WARN_UNGUARDED_AVAILABILITY = YES_AGGRESSIVE;
				CLANG_WARN_UNREACHABLE_CODE = YES;
				CLANG_WARN__DUPLICATE_METHOD_MATCH = YES;
				CODE_SIGN_IDENTITY = "iPhone Developer";
				COPY_PHASE_STRIP = NO;
				DEBUG_INFORMATION_FORMAT = "dwarf-with-dsym";
				ENABLE_NS_ASSERTIONS = NO;
				ENABLE_STRICT_OBJC_MSGSEND = YES;
				GCC_C_LANGUAGE_STANDARD = gnu11;
				GCC_NO_COMMON_BLOCKS = YES;
				GCC_WARN_64_TO_32_BIT_CONVERSION = YES;
				GCC_WARN_ABOUT_RETURN_TYPE = YES_ERROR;
				GCC_WARN_UNDECLARED_SELECTOR = YES;
				GCC_WARN_UNINITIALIZED_AUTOS = YES_AGGRESSIVE;
				GCC_WARN_UNUSED_FUNCTION = YES;
				GCC_WARN_UNUSED_VARIABLE = YES;
				IPHONEOS_DEPLOYMENT_TARGET = 11.1;
				MTL_ENABLE_DEBUG_INFO = NO;
				SDKROOT = iphoneos;
				SWIFT_OPTIMIZATION_LEVEL = "-Owholemodule";
				VALIDATE_PRODUCT = YES;
			};
			name = Release;
		};
		FDF4AB281FB6E6E4005BBF41 /* Debug */ = {
			isa = XCBuildConfiguration;
			buildSettings = {
				ASSETCATALOG_COMPILER_APPICON_NAME = AppIcon;
				CODE_SIGN_STYLE = Automatic;
				DEVELOPMENT_TEAM = DM78HJ4CZ6;
				INFOPLIST_FILE = "018-flickr-search/Info.plist";
				LD_RUNPATH_SEARCH_PATHS = "$(inherited) @executable_path/Frameworks";
				PRODUCT_BUNDLE_IDENTIFIER = "im.zyf.-18-flickr-search";
				PRODUCT_NAME = "$(TARGET_NAME)";
				SWIFT_VERSION = 4.0;
				TARGETED_DEVICE_FAMILY = "1,2";
			};
			name = Debug;
		};
		FDF4AB291FB6E6E4005BBF41 /* Release */ = {
			isa = XCBuildConfiguration;
			buildSettings = {
				ASSETCATALOG_COMPILER_APPICON_NAME = AppIcon;
				CODE_SIGN_STYLE = Automatic;
				DEVELOPMENT_TEAM = DM78HJ4CZ6;
				INFOPLIST_FILE = "018-flickr-search/Info.plist";
				LD_RUNPATH_SEARCH_PATHS = "$(inherited) @executable_path/Frameworks";
				PRODUCT_BUNDLE_IDENTIFIER = "im.zyf.-18-flickr-search";
				PRODUCT_NAME = "$(TARGET_NAME)";
				SWIFT_VERSION = 4.0;
				TARGETED_DEVICE_FAMILY = "1,2";
			};
			name = Release;
		};
/* End XCBuildConfiguration section */

/* Begin XCConfigurationList section */
		FDF4AB101FB6E6E4005BBF41 /* Build configuration list for PBXProject "018-flickr-search" */ = {
			isa = XCConfigurationList;
			buildConfigurations = (
				FDF4AB251FB6E6E4005BBF41 /* Debug */,
				FDF4AB261FB6E6E4005BBF41 /* Release */,
			);
			defaultConfigurationIsVisible = 0;
			defaultConfigurationName = Release;
		};
		FDF4AB271FB6E6E4005BBF41 /* Build configuration list for PBXNativeTarget "018-flickr-search" */ = {
			isa = XCConfigurationList;
			buildConfigurations = (
				FDF4AB281FB6E6E4005BBF41 /* Debug */,
				FDF4AB291FB6E6E4005BBF41 /* Release */,
			);
			defaultConfigurationIsVisible = 0;
			defaultConfigurationName = Release;
		};
/* End XCConfigurationList section */
	};
	rootObject = FDF4AB0D1FB6E6E4005BBF41 /* Project object */;
}
