// !$*UTF8*$!
{
	archiveVersion = 1;
	classes = {
	};
	objectVersion = 48;
	objects = {

/* Begin PBXBuildFile section */
		FD52D3321FB478000091FED2 /* AppDelegate.swift in Sources */ = {isa = PBXBuildFile; fileRef = FD52D3311FB478000091FED2 /* AppDelegate.swift */; };
		FD52D3341FB478000091FED2 /* ViewController.swift in Sources */ = {isa = PBXBuildFile; fileRef = FD52D3331FB478000091FED2 /* ViewController.swift */; };
		FD52D3371FB478000091FED2 /* Main.storyboard in Resources */ = {isa = PBXBuildFile; fileRef = FD52D3351FB478000091FED2 /* Main.storyboard */; };
		FD52D3391FB478000091FED2 /* Assets.xcassets in Resources */ = {isa = PBXBuildFile; fileRef = FD52D3381FB478000091FED2 /* Assets.xcassets */; };
		FD52D33C1FB478000091FED2 /* LaunchScreen.storyboard in Resources */ = {isa = PBXBuildFile; fileRef = FD52D33A1FB478000091FED2 /* LaunchScreen.storyboard */; };
/* End PBXBuildFile section */

/* Begin PBXFileReference section */
		FD52D32E1FB478000091FED2 /* 017-self-sizing-table-view-cells.app */ = {isa = PBXFileReference; explicitFileType = wrapper.application; includeInIndex = 0; path = "017-self-sizing-table-view-cells.app"; sourceTree = BUILT_PRODUCTS_DIR; };
		FD52D3311FB478000091FED2 /* AppDelegate.swift */ = {isa = PBXFileReference; lastKnownFileType = sourcecode.swift; path = AppDelegate.swift; sourceTree = "<group>"; };
		FD52D3331FB478000091FED2 /* ViewController.swift */ = {isa = PBXFileReference; lastKnownFileType = sourcecode.swift; path = ViewController.swift; sourceTree = "<group>"; };
		FD52D3361FB478000091FED2 /* Base */ = {isa = PBXFileReference; lastKnownFileType = file.storyboard; name = Base; path = Base.lproj/Main.storyboard; sourceTree = "<group>"; };
		FD52D3381FB478000091FED2 /* Assets.xcassets */ = {isa = PBXFileReference; lastKnownFileType = folder.assetcatalog; path = Assets.xcassets; sourceTree = "<group>"; };
		FD52D33B1FB478000091FED2 /* Base */ = {isa = PBXFileReference; lastKnownFileType = file.storyboard; name = Base; path = Base.lproj/LaunchScreen.storyboard; sourceTree = "<group>"; };
		FD52D33D1FB478000091FED2 /* Info.plist */ = {isa = PBXFileReference; lastKnownFileType = text.plist.xml; path = Info.plist; sourceTree = "<group>"; };
/* End PBXFileReference section */

/* Begin PBXFrameworksBuildPhase section */
		FD52D32B1FB478000091FED2 /* Frameworks */ = {
			isa = PBXFrameworksBuildPhase;
			buildActionMask = 2147483647;
			files = (
			);
			runOnlyForDeploymentPostprocessing = 0;
		};
/* End PBXFrameworksBuildPhase section */

/* Begin PBXGroup section */
		FD52D3251FB478000091FED2 = {
			isa = PBXGroup;
			children = (
				FD52D3301FB478000091FED2 /* 017-self-sizing-table-view-cells */,
				FD52D32F1FB478000091FED2 /* Products */,
			);
			sourceTree = "<group>";
		};
		FD52D32F1FB478000091FED2 /* Products */ = {
			isa = PBXGroup;
			children = (
				FD52D32E1FB478000091FED2 /* 017-self-sizing-table-view-cells.app */,
			);
			name = Products;
			sourceTree = "<group>";
		};
		FD52D3301FB478000091FED2 /* 017-self-sizing-table-view-cells */ = {
			isa = PBXGroup;
			children = (
				FD52D3311FB478000091FED2 /* AppDelegate.swift */,
				FD52D3331FB478000091FED2 /* ViewController.swift */,
				FD52D3351FB478000091FED2 /* Main.storyboard */,
				FD52D3381FB478000091FED2 /* Assets.xcassets */,
				FD52D33A1FB478000091FED2 /* LaunchScreen.storyboard */,
				FD52D33D1FB478000091FED2 /* Info.plist */,
			);
			path = "017-self-sizing-table-view-cells";
			sourceTree = "<group>";
		};
/* End PBXGroup section */

/* Begin PBXNativeTarget section */
		FD52D32D1FB478000091FED2 /* 017-self-sizing-table-view-cells */ = {
			isa = PBXNativeTarget;
			buildConfigurationList = FD52D3401FB478000091FED2 /* Build configuration list for PBXNativeTarget "017-self-sizing-table-view-cells" */;
			buildPhases = (
				FD52D32A1FB478000091FED2 /* Sources */,
				FD52D32B1FB478000091FED2 /* Frameworks */,
				FD52D32C1FB478000091FED2 /* Resources */,
			);
			buildRules = (
			);
			dependencies = (
			);
			name = "017-self-sizing-table-view-cells";
			productName = "017-self-sizing-table-view-cells";
			productReference = FD52D32E1FB478000091FED2 /* 017-self-sizing-table-view-cells.app */;
			productType = "com.apple.product-type.application";
		};
/* End PBXNativeTarget section */

/* Begin PBXProject section */
		FD52D3261FB478000091FED2 /* Project object */ = {
			isa = PBXProject;
			attributes = {
				LastSwiftUpdateCheck = 0910;
				LastUpgradeCheck = 0910;
				ORGANIZATIONNAME = yifans;
				TargetAttributes = {
					FD52D32D1FB478000091FED2 = {
						CreatedOnToolsVersion = 9.1;
						ProvisioningStyle = Automatic;
					};
				};
			};
			buildConfigurationList = FD52D3291FB478000091FED2 /* Build configuration list for PBXProject "017-self-sizing-table-view-cells" */;
			compatibilityVersion = "Xcode 8.0";
			developmentRegion = en;
			hasScannedForEncodings = 0;
			knownRegions = (
				en,
				Base,
			);
			mainGroup = FD52D3251FB478000091FED2;
			productRefGroup = FD52D32F1FB478000091FED2 /* Products */;
			projectDirPath = "";
			projectRoot = "";
			targets = (
				FD52D32D1FB478000091FED2 /* 017-self-sizing-table-view-cells */,
			);
		};
/* End PBXProject section */

/* Begin PBXResourcesBuildPhase section */
		FD52D32C1FB478000091FED2 /* Resources */ = {
			isa = PBXResourcesBuildPhase;
			buildActionMask = 2147483647;
			files = (
				FD52D33C1FB478000091FED2 /* LaunchScreen.storyboard in Resources */,
				FD52D3391FB478000091FED2 /* Assets.xcassets in Resources */,
				FD52D3371FB478000091FED2 /* Main.storyboard in Resources */,
			);
			runOnlyForDeploymentPostprocessing = 0;
		};
/* End PBXResourcesBuildPhase section */

/* Begin PBXSourcesBuildPhase section */
		FD52D32A1FB478000091FED2 /* Sources */ = {
			isa = PBXSourcesBuildPhase;
			buildActionMask = 2147483647;
			files = (
				FD52D3341FB478000091FED2 /* ViewController.swift in Sources */,
				FD52D3321FB478000091FED2 /* AppDelegate.swift in Sources */,
			);
			runOnlyForDeploymentPostprocessing = 0;
		};
/* End PBXSourcesBuildPhase section */

/* Begin PBXVariantGroup section */
		FD52D3351FB478000091FED2 /* Main.storyboard */ = {
			isa = PBXVariantGroup;
			children = (
				FD52D3361FB478000091FED2 /* Base */,
			);
			name = Main.storyboard;
			sourceTree = "<group>";
		};
		FD52D33A1FB478000091FED2 /* LaunchScreen.storyboard */ = {
			isa = PBXVariantGroup;
			children = (
				FD52D33B1FB478000091FED2 /* Base */,
			);
			name = LaunchScreen.storyboard;
			sourceTree = "<group>";
		};
/* End PBXVariantGroup section */

/* Begin XCBuildConfiguration section */
		FD52D33E1FB478000091FED2 /* Debug */ = {
			isa = XCBuildConfiguration;
			buildSettings = {
				ALWAYS_SEARCH_USER_PATHS = NO;
				CLANG_ANALYZER_NONNULL = YES;
				CLANG_ANALYZER_NUMBER_OBJECT_CONVERSION = YES_AGGRESSIVE;
				CLANG_CXX_LANGUAGE_STANDARD = "gnu++14";
				CLANG_CXX_LIBRARY = "libc++";
				CLANG_ENABLE_MODULES = YES;
				CLANG_ENABLE_OBJC_ARC = YES;
				CLANG_WARN_BLOCK_CAPTURE_AUTORELEASING = YES;
				CLANG_WARN_BOOL_CONVERSION = YES;
				CLANG_WARN_COMMA = YES;
				CLANG_WARN_CONSTANT_CONVERSION = YES;
				CLANG_WARN_DIRECT_OBJC_ISA_USAGE = YES_ERROR;
				CLANG_WARN_DOCUMENTATION_COMMENTS = YES;
				CLANG_WARN_EMPTY_BODY = YES;
				CLANG_WARN_ENUM_CONVERSION = YES;
				CLANG_WARN_INFINITE_RECURSION = YES;
				CLANG_WARN_INT_CONVERSION = YES;
				CLANG_WARN_NON_LITERAL_NULL_CONVERSION = YES;
				CLANG_WARN_OBJC_LITERAL_CONVERSION = YES;
				CLANG_WARN_OBJC_ROOT_CLASS = YES_ERROR;
				CLANG_WARN_RANGE_LOOP_ANALYSIS = YES;
				CLANG_WARN_STRICT_PROTOTYPES = YES;
				CLANG_WARN_SUSPICIOUS_MOVE = YES;
				CLANG_WARN_UNGUARDED_AVAILABILITY = YES_AGGRESSIVE;
				CLANG_WARN_UNREACHABLE_CODE = YES;
				CLANG_WARN__DUPLICATE_METHOD_MATCH = YES;
				CODE_SIGN_IDENTITY = "iPhone Developer";
				COPY_PHASE_STRIP = NO;
				DEBUG_INFORMATION_FORMAT = dwarf;
				ENABLE_STRICT_OBJC_MSGSEND = YES;
				ENABLE_TESTABILITY = YES;
				GCC_C_LANGUAGE_STANDARD = gnu11;
				GCC_DYNAMIC_NO_PIC = NO;
				GCC_NO_COMMON_BLOCKS = YES;
				GCC_OPTIMIZATION_LEVEL = 0;
				GCC_PREPROCESSOR_DEFINITIONS = (
					"DEBUG=1",
					"$(inherited)",
				);
				GCC_WARN_64_TO_32_BIT_CONVERSION = YES;
				GCC_WARN_ABOUT_RETURN_TYPE = YES_ERROR;
				GCC_WARN_UNDECLARED_SELECTOR = YES;
				GCC_WARN_UNINITIALIZED_AUTOS = YES_AGGRESSIVE;
				GCC_WARN_UNUSED_FUNCTION = YES;
				GCC_WARN_UNUSED_VARIABLE = YES;
				IPHONEOS_DEPLOYMENT_TARGET = 11.1;
				MTL_ENABLE_DEBUG_INFO = YES;
				ONLY_ACTIVE_ARCH = YES;
				SDKROOT = iphoneos;
				SWIFT_ACTIVE_COMPILATION_CONDITIONS = DEBUG;
				SWIFT_OPTIMIZATION_LEVEL = "-Onone";
			};
			name = Debug;
		};
		FD52D33F1FB478000091FED2 /* Release */ = {
			isa = XCBuildConfiguration;
			buildSettings = {
				ALWAYS_SEARCH_USER_PATHS = NO;
				CLANG_ANALYZER_NONNULL = YES;
				CLANG_ANALYZER_NUMBER_OBJECT_CONVERSION = YES_AGGRESSIVE;
				CLANG_CXX_LANGUAGE_STANDARD = "gnu++14";
				CLANG_CXX_LIBRARY = "libc++";
				CLANG_ENABLE_MODULES = YES;
				CLANG_ENABLE_OBJC_ARC = YES;
				CLANG_WARN_BLOCK_CAPTURE_AUTORELEASING = YES;
				CLANG_WARN_BOOL_CONVERSION = YES;
				CLANG_WARN_COMMA = YES;
				CLANG_WARN_CONSTANT_CONVERSION = YES;
				CLANG_WARN_DIRECT_OBJC_ISA_USAGE = YES_ERROR;
				CLANG_WARN_DOCUMENTATION_COMMENTS = YES;
				CLANG_WARN_EMPTY_BODY = YES;
				CLANG_WARN_ENUM_CONVERSION = YES;
				CLANG_WARN_INFINITE_RECURSION = YES;
				CLANG_WARN_INT_CONVERSION = YES;
				CLANG_WARN_NON_LITERAL_NULL_CONVERSION = YES;
				CLANG_WARN_OBJC_LITERAL_CONVERSION = YES;
				CLANG_WARN_OBJC_ROOT_CLASS = YES_ERROR;
				CLANG_WARN_RANGE_LOOP_ANALYSIS = YES;
				CLANG_WARN_STRICT_PROTOTYPES = YES;
				CLANG_WARN_SUSPICIOUS_MOVE = YES;
				CLANG_WARN_UNGUARDED_AVAILABILITY = YES_AGGRESSIVE;
				CLANG_WARN_UNREACHABLE_CODE = YES;
				CLANG_WARN__DUPLICATE_METHOD_MATCH = YES;
				CODE_SIGN_IDENTITY = "iPhone Developer";
				COPY_PHASE_STRIP = NO;
				DEBUG_INFORMATION_FORMAT = "dwarf-with-dsym";
				ENABLE_NS_ASSERTIONS = NO;
				ENABLE_STRICT_OBJC_MSGSEND = YES;
				GCC_C_LANGUAGE_STANDARD = gnu11;
				GCC_NO_COMMON_BLOCKS = YES;
				GCC_WARN_64_TO_32_BIT_CONVERSION = YES;
				GCC_WARN_ABOUT_RETURN_TYPE = YES_ERROR;
				GCC_WARN_UNDECLARED_SELECTOR = YES;
				GCC_WARN_UNINITIALIZED_AUTOS = YES_AGGRESSIVE;
				GCC_WARN_UNUSED_FUNCTION = YES;
				GCC_WARN_UNUSED_VARIABLE = YES;
				IPHONEOS_DEPLOYMENT_TARGET = 11.1;
				MTL_ENABLE_DEBUG_INFO = NO;
				SDKROOT = iphoneos;
				SWIFT_OPTIMIZATION_LEVEL = "-Owholemodule";
				VALIDATE_PRODUCT = YES;
			};
			name = Release;
		};
		FD52D3411FB478000091FED2 /* Debug */ = {
			isa = XCBuildConfiguration;
			buildSettings = {
				ASSETCATALOG_COMPILER_APPICON_NAME = AppIcon;
				CODE_SIGN_STYLE = Automatic;
				DEVELOPMENT_TEAM = DM78HJ4CZ6;
				INFOPLIST_FILE = "017-self-sizing-table-view-cells/Info.plist";
				LD_RUNPATH_SEARCH_PATHS = "$(inherited) @executable_path/Frameworks";
				PRODUCT_BUNDLE_IDENTIFIER = "im.zyf.-17-self-sizing-table-view-cells";
				PRODUCT_NAME = "$(TARGET_NAME)";
				SWIFT_VERSION = 4.0;
				TARGETED_DEVICE_FAMILY = "1,2";
			};
			name = Debug;
		};
		FD52D3421FB478000091FED2 /* Release */ = {
			isa = XCBuildConfiguration;
			buildSettings = {
				ASSETCATALOG_COMPILER_APPICON_NAME = AppIcon;
				CODE_SIGN_STYLE = Automatic;
				DEVELOPMENT_TEAM = DM78HJ4CZ6;
				INFOPLIST_FILE = "017-self-sizing-table-view-cells/Info.plist";
				LD_RUNPATH_SEARCH_PATHS = "$(inherited) @executable_path/Frameworks";
				PRODUCT_BUNDLE_IDENTIFIER = "im.zyf.-17-self-sizing-table-view-cells";
				PRODUCT_NAME = "$(TARGET_NAME)";
				SWIFT_VERSION = 4.0;
				TARGETED_DEVICE_FAMILY = "1,2";
			};
			name = Release;
		};
/* End XCBuildConfiguration section */

/* Begin XCConfigurationList section */
		FD52D3291FB478000091FED2 /* Build configuration list for PBXProject "017-self-sizing-table-view-cells" */ = {
			isa = XCConfigurationList;
			buildConfigurations = (
				FD52D33E1FB478000091FED2 /* Debug */,
				FD52D33F1FB478000091FED2 /* Release */,
			);
			defaultConfigurationIsVisible = 0;
			defaultConfigurationName = Release;
		};
		FD52D3401FB478000091FED2 /* Build configuration list for PBXNativeTarget "017-self-sizing-table-view-cells" */ = {
			isa = XCConfigurationList;
			buildConfigurations = (
				FD52D3411FB478000091FED2 /* Debug */,
				FD52D3421FB478000091FED2 /* Release */,
			);
			defaultConfigurationIsVisible = 0;
			defaultConfigurationName = Release;
		};
/* End XCConfigurationList section */
	};
	rootObject = FD52D3261FB478000091FED2 /* Project object */;
}
