// !$*UTF8*$!
{
	archiveVersion = 1;
	classes = {
	};
	objectVersion = 48;
	objects = {

/* Begin PBXBuildFile section */
		FDA508DB205623FD006CF831 /* Utils.swift in Sources */ = {isa = PBXBuildFile; fileRef = FDA508DA205623FD006CF831 /* Utils.swift */; };
		FDA508E02056852D006CF831 /* DetailViewController.swift in Sources */ = {isa = PBXBuildFile; fileRef = FDA508DF2056852D006CF831 /* DetailViewController.swift */; };
		FDE3815020163621009C3BBB /* AppDelegate.swift in Sources */ = {isa = PBXBuildFile; fileRef = FDE3814F20163621009C3BBB /* AppDelegate.swift */; };
		FDE3815220163621009C3BBB /* ViewController.swift in Sources */ = {isa = PBXBuildFile; fileRef = FDE3815120163621009C3BBB /* ViewController.swift */; };
		FDE3815520163621009C3BBB /* Main.storyboard in Resources */ = {isa = PBXBuildFile; fileRef = FDE3815320163621009C3BBB /* Main.storyboard */; };
		FDE3815720163621009C3BBB /* Assets.xcassets in Resources */ = {isa = PBXBuildFile; fileRef = FDE3815620163621009C3BBB /* Assets.xcassets */; };
		FDE3815A20163621009C3BBB /* LaunchScreen.storyboard in Resources */ = {isa = PBXBuildFile; fileRef = FDE3815820163621009C3BBB /* LaunchScreen.storyboard */; };
		FDE3816220163A4F009C3BBB /* ToDoItem.swift in Sources */ = {isa = PBXBuildFile; fileRef = FDE3816120163A4F009C3BBB /* ToDoItem.swift */; };
/* End PBXBuildFile section */

/* Begin PBXFileReference section */
		FDA508DA205623FD006CF831 /* Utils.swift */ = {isa = PBXFileReference; lastKnownFileType = sourcecode.swift; path = Utils.swift; sourceTree = "<group>"; };
		FDA508DF2056852D006CF831 /* DetailViewController.swift */ = {isa = PBXFileReference; lastKnownFileType = sourcecode.swift; path = DetailViewController.swift; sourceTree = "<group>"; };
		FDE3814C20163621009C3BBB /* 023-todo.app */ = {isa = PBXFileReference; explicitFileType = wrapper.application; includeInIndex = 0; path = "023-todo.app"; sourceTree = BUILT_PRODUCTS_DIR; };
		FDE3814F20163621009C3BBB /* AppDelegate.swift */ = {isa = PBXFileReference; lastKnownFileType = sourcecode.swift; path = AppDelegate.swift; sourceTree = "<group>"; };
		FDE3815120163621009C3BBB /* ViewController.swift */ = {isa = PBXFileReference; lastKnownFileType = sourcecode.swift; path = ViewController.swift; sourceTree = "<group>"; };
		FDE3815420163621009C3BBB /* Base */ = {isa = PBXFileReference; lastKnownFileType = file.storyboard; name = Base; path = Base.lproj/Main.storyboard; sourceTree = "<group>"; };
		FDE3815620163621009C3BBB /* Assets.xcassets */ = {isa = PBXFileReference; lastKnownFileType = folder.assetcatalog; path = Assets.xcassets; sourceTree = "<group>"; };
		FDE3815920163621009C3BBB /* Base */ = {isa = PBXFileReference; lastKnownFileType = file.storyboard; name = Base; path = Base.lproj/LaunchScreen.storyboard; sourceTree = "<group>"; };
		FDE3815B20163621009C3BBB /* Info.plist */ = {isa = PBXFileReference; lastKnownFileType = text.plist.xml; path = Info.plist; sourceTree = "<group>"; };
		FDE3816120163A4F009C3BBB /* ToDoItem.swift */ = {isa = PBXFileReference; lastKnownFileType = sourcecode.swift; path = ToDoItem.swift; sourceTree = "<group>"; };
/* End PBXFileReference section */

/* Begin PBXFrameworksBuildPhase section */
		FDE3814920163621009C3BBB /* Frameworks */ = {
			isa = PBXFrameworksBuildPhase;
			buildActionMask = 2147483647;
			files = (
			);
			runOnlyForDeploymentPostprocessing = 0;
		};
/* End PBXFrameworksBuildPhase section */

/* Begin PBXGroup section */
		FDA508DC2056241B006CF831 /* Controller */ = {
			isa = PBXGroup;
			children = (
				FDE3815120163621009C3BBB /* ViewController.swift */,
				FDA508DF2056852D006CF831 /* DetailViewController.swift */,
			);
			path = Controller;
			sourceTree = "<group>";
		};
		FDA508DD2056242C006CF831 /* Model */ = {
			isa = PBXGroup;
			children = (
				FDE3816120163A4F009C3BBB /* ToDoItem.swift */,
			);
			path = Model;
			sourceTree = "<group>";
		};
		FDA508DE20562435006CF831 /* Utils */ = {
			isa = PBXGroup;
			children = (
				FDA508DA205623FD006CF831 /* Utils.swift */,
			);
			path = Utils;
			sourceTree = "<group>";
		};
		FDE3814320163621009C3BBB = {
			isa = PBXGroup;
			children = (
				FDE3814E20163621009C3BBB /* 023-todo */,
				FDE3814D20163621009C3BBB /* Products */,
			);
			sourceTree = "<group>";
		};
		FDE3814D20163621009C3BBB /* Products */ = {
			isa = PBXGroup;
			children = (
				FDE3814C20163621009C3BBB /* 023-todo.app */,
			);
			name = Products;
			sourceTree = "<group>";
		};
		FDE3814E20163621009C3BBB /* 023-todo */ = {
			isa = PBXGroup;
			children = (
				FDA508DC2056241B006CF831 /* Controller */,
				FDA508DD2056242C006CF831 /* Model */,
				FDA508DE20562435006CF831 /* Utils */,
				FDE3814F20163621009C3BBB /* AppDelegate.swift */,
				FDE3815320163621009C3BBB /* Main.storyboard */,
				FDE3815620163621009C3BBB /* Assets.xcassets */,
				FDE3815820163621009C3BBB /* LaunchScreen.storyboard */,
				FDE3815B20163621009C3BBB /* Info.plist */,
			);
			path = "023-todo";
			sourceTree = "<group>";
		};
/* End PBXGroup section */

/* Begin PBXNativeTarget section */
		FDE3814B20163621009C3BBB /* 023-todo */ = {
			isa = PBXNativeTarget;
			buildConfigurationList = FDE3815E20163621009C3BBB /* Build configuration list for PBXNativeTarget "023-todo" */;
			buildPhases = (
				FDE3814820163621009C3BBB /* Sources */,
				FDE3814920163621009C3BBB /* Frameworks */,
				FDE3814A20163621009C3BBB /* Resources */,
			);
			buildRules = (
			);
			dependencies = (
			);
			name = "023-todo";
			productName = "023-todo";
			productReference = FDE3814C20163621009C3BBB /* 023-todo.app */;
			productType = "com.apple.product-type.application";
		};
/* End PBXNativeTarget section */

/* Begin PBXProject section */
		FDE3814420163621009C3BBB /* Project object */ = {
			isa = PBXProject;
			attributes = {
				LastSwiftUpdateCheck = 0920;
				LastUpgradeCheck = 0920;
				ORGANIZATIONNAME = yifans;
				TargetAttributes = {
					FDE3814B20163621009C3BBB = {
						CreatedOnToolsVersion = 9.2;
						ProvisioningStyle = Automatic;
					};
				};
			};
			buildConfigurationList = FDE3814720163621009C3BBB /* Build configuration list for PBXProject "023-todo" */;
			compatibilityVersion = "Xcode 8.0";
			developmentRegion = en;
			hasScannedForEncodings = 0;
			knownRegions = (
				en,
				Base,
			);
			mainGroup = FDE3814320163621009C3BBB;
			productRefGroup = FDE3814D20163621009C3BBB /* Products */;
			projectDirPath = "";
			projectRoot = "";
			targets = (
				FDE3814B20163621009C3BBB /* 023-todo */,
			);
		};
/* End PBXProject section */

/* Begin PBXResourcesBuildPhase section */
		FDE3814A20163621009C3BBB /* Resources */ = {
			isa = PBXResourcesBuildPhase;
			buildActionMask = 2147483647;
			files = (
				FDE3815A20163621009C3BBB /* LaunchScreen.storyboard in Resources */,
				FDE3815720163621009C3BBB /* Assets.xcassets in Resources */,
				FDE3815520163621009C3BBB /* Main.storyboard in Resources */,
			);
			runOnlyForDeploymentPostprocessing = 0;
		};
/* End PBXResourcesBuildPhase section */

/* Begin PBXSourcesBuildPhase section */
		FDE3814820163621009C3BBB /* Sources */ = {
			isa = PBXSourcesBuildPhase;
			buildActionMask = 2147483647;
			files = (
				FDE3816220163A4F009C3BBB /* ToDoItem.swift in Sources */,
				FDE3815220163621009C3BBB /* ViewController.swift in Sources */,
				FDA508E02056852D006CF831 /* DetailViewController.swift in Sources */,
				FDE3815020163621009C3BBB /* AppDelegate.swift in Sources */,
				FDA508DB205623FD006CF831 /* Utils.swift in Sources */,
			);
			runOnlyForDeploymentPostprocessing = 0;
		};
/* End PBXSourcesBuildPhase section */

/* Begin PBXVariantGroup section */
		FDE3815320163621009C3BBB /* Main.storyboard */ = {
			isa = PBXVariantGroup;
			children = (
				FDE3815420163621009C3BBB /* Base */,
			);
			name = Main.storyboard;
			sourceTree = "<group>";
		};
		FDE3815820163621009C3BBB /* LaunchScreen.storyboard */ = {
			isa = PBXVariantGroup;
			children = (
				FDE3815920163621009C3BBB /* Base */,
			);
			name = LaunchScreen.storyboard;
			sourceTree = "<group>";
		};
/* End PBXVariantGroup section */

/* Begin XCBuildConfiguration section */
		FDE3815C20163621009C3BBB /* Debug */ = {
			isa = XCBuildConfiguration;
			buildSettings = {
				ALWAYS_SEARCH_USER_PATHS = NO;
				CLANG_ANALYZER_NONNULL = YES;
				CLANG_ANALYZER_NUMBER_OBJECT_CONVERSION = YES_AGGRESSIVE;
				CLANG_CXX_LANGUAGE_STANDARD = "gnu++14";
				CLANG_CXX_LIBRARY = "libc++";
				CLANG_ENABLE_MODULES = YES;
				CLANG_ENABLE_OBJC_ARC = YES;
				CLANG_WARN_BLOCK_CAPTURE_AUTORELEASING = YES;
				CLANG_WARN_BOOL_CONVERSION = YES;
				CLANG_WARN_COMMA = YES;
				CLANG_WARN_CONSTANT_CONVERSION = YES;
				CLANG_WARN_DIRECT_OBJC_ISA_USAGE = YES_ERROR;
				CLANG_WARN_DOCUMENTATION_COMMENTS = YES;
				CLANG_WARN_EMPTY_BODY = YES;
				CLANG_WARN_ENUM_CONVERSION = YES;
				CLANG_WARN_INFINITE_RECURSION = YES;
				CLANG_WARN_INT_CONVERSION = YES;
				CLANG_WARN_NON_LITERAL_NULL_CONVERSION = YES;
				CLANG_WARN_OBJC_LITERAL_CONVERSION = YES;
				CLANG_WARN_OBJC_ROOT_CLASS = YES_ERROR;
				CLANG_WARN_RANGE_LOOP_ANALYSIS = YES;
				CLANG_WARN_STRICT_PROTOTYPES = YES;
				CLANG_WARN_SUSPICIOUS_MOVE = YES;
				CLANG_WARN_UNGUARDED_AVAILABILITY = YES_AGGRESSIVE;
				CLANG_WARN_UNREACHABLE_CODE = YES;
				CLANG_WARN__DUPLICATE_METHOD_MATCH = YES;
				CODE_SIGN_IDENTITY = "iPhone Developer";
				COPY_PHASE_STRIP = NO;
				DEBUG_INFORMATION_FORMAT = dwarf;
				ENABLE_STRICT_OBJC_MSGSEND = YES;
				ENABLE_TESTABILITY = YES;
				GCC_C_LANGUAGE_STANDARD = gnu11;
				GCC_DYNAMIC_NO_PIC = NO;
				GCC_NO_COMMON_BLOCKS = YES;
				GCC_OPTIMIZATION_LEVEL = 0;
				GCC_PREPROCESSOR_DEFINITIONS = (
					"DEBUG=1",
					"$(inherited)",
				);
				GCC_WARN_64_TO_32_BIT_CONVERSION = YES;
				GCC_WARN_ABOUT_RETURN_TYPE = YES_ERROR;
				GCC_WARN_UNDECLARED_SELECTOR = YES;
				GCC_WARN_UNINITIALIZED_AUTOS = YES_AGGRESSIVE;
				GCC_WARN_UNUSED_FUNCTION = YES;
				GCC_WARN_UNUSED_VARIABLE = YES;
				IPHONEOS_DEPLOYMENT_TARGET = 11.2;
				MTL_ENABLE_DEBUG_INFO = YES;
				ONLY_ACTIVE_ARCH = YES;
				SDKROOT = iphoneos;
				SWIFT_ACTIVE_COMPILATION_CONDITIONS = DEBUG;
				SWIFT_OPTIMIZATION_LEVEL = "-Onone";
			};
			name = Debug;
		};
		FDE3815D20163621009C3BBB /* Release */ = {
			isa = XCBuildConfiguration;
			buildSettings = {
				ALWAYS_SEARCH_USER_PATHS = NO;
				CLANG_ANALYZER_NONNULL = YES;
				CLANG_ANALYZER_NUMBER_OBJECT_CONVERSION = YES_AGGRESSIVE;
				CLANG_CXX_LANGUAGE_STANDARD = "gnu++14";
				CLANG_CXX_LIBRARY = "libc++";
				CLANG_ENABLE_MODULES = YES;
				CLANG_ENABLE_OBJC_ARC = YES;
				CLANG_WARN_BLOCK_CAPTURE_AUTORELEASING = YES;
				CLANG_WARN_BOOL_CONVERSION = YES;
				CLANG_WARN_COMMA = YES;
				CLANG_WARN_CONSTANT_CONVERSION = YES;
				CLANG_WARN_DIRECT_OBJC_ISA_USAGE = YES_ERROR;
				CLANG_WARN_DOCUMENTATION_COMMENTS = YES;
				CLANG_WARN_EMPTY_BODY = YES;
				CLANG_WARN_ENUM_CONVERSION = YES;
				CLANG_WARN_INFINITE_RECURSION = YES;
				CLANG_WARN_INT_CONVERSION = YES;
				CLANG_WARN_NON_LITERAL_NULL_CONVERSION = YES;
				CLANG_WARN_OBJC_LITERAL_CONVERSION = YES;
				CLANG_WARN_OBJC_ROOT_CLASS = YES_ERROR;
				CLANG_WARN_RANGE_LOOP_ANALYSIS = YES;
				CLANG_WARN_STRICT_PROTOTYPES = YES;
				CLANG_WARN_SUSPICIOUS_MOVE = YES;
				CLANG_WARN_UNGUARDED_AVAILABILITY = YES_AGGRESSIVE;
				CLANG_WARN_UNREACHABLE_CODE = YES;
				CLANG_WARN__DUPLICATE_METHOD_MATCH = YES;
				CODE_SIGN_IDENTITY = "iPhone Developer";
				COPY_PHASE_STRIP = NO;
				DEBUG_INFORMATION_FORMAT = "dwarf-with-dsym";
				ENABLE_NS_ASSERTIONS = NO;
				ENABLE_STRICT_OBJC_MSGSEND = YES;
				GCC_C_LANGUAGE_STANDARD = gnu11;
				GCC_NO_COMMON_BLOCKS = YES;
				GCC_WARN_64_TO_32_BIT_CONVERSION = YES;
				GCC_WARN_ABOUT_RETURN_TYPE = YES_ERROR;
				GCC_WARN_UNDECLARED_SELECTOR = YES;
				GCC_WARN_UNINITIALIZED_AUTOS = YES_AGGRESSIVE;
				GCC_WARN_UNUSED_FUNCTION = YES;
				GCC_WARN_UNUSED_VARIABLE = YES;
				IPHONEOS_DEPLOYMENT_TARGET = 11.2;
				MTL_ENABLE_DEBUG_INFO = NO;
				SDKROOT = iphoneos;
				SWIFT_OPTIMIZATION_LEVEL = "-Owholemodule";
				VALIDATE_PRODUCT = YES;
			};
			name = Release;
		};
		FDE3815F20163621009C3BBB /* Debug */ = {
			isa = XCBuildConfiguration;
			buildSettings = {
				ASSETCATALOG_COMPILER_APPICON_NAME = AppIcon;
				CODE_SIGN_STYLE = Automatic;
				DEVELOPMENT_TEAM = G79JFKF86J;
				INFOPLIST_FILE = "023-todo/Info.plist";
				LD_RUNPATH_SEARCH_PATHS = "$(inherited) @executable_path/Frameworks";
				PRODUCT_BUNDLE_IDENTIFIER = "im.zyf.-23-todo";
				PRODUCT_NAME = "$(TARGET_NAME)";
				SWIFT_VERSION = 4.0;
				TARGETED_DEVICE_FAMILY = "1,2";
			};
			name = Debug;
		};
		FDE3816020163621009C3BBB /* Release */ = {
			isa = XCBuildConfiguration;
			buildSettings = {
				ASSETCATALOG_COMPILER_APPICON_NAME = AppIcon;
				CODE_SIGN_STYLE = Automatic;
				DEVELOPMENT_TEAM = G79JFKF86J;
				INFOPLIST_FILE = "023-todo/Info.plist";
				LD_RUNPATH_SEARCH_PATHS = "$(inherited) @executable_path/Frameworks";
				PRODUCT_BUNDLE_IDENTIFIER = "im.zyf.-23-todo";
				PRODUCT_NAME = "$(TARGET_NAME)";
				SWIFT_VERSION = 4.0;
				TARGETED_DEVICE_FAMILY = "1,2";
			};
			name = Release;
		};
/* End XCBuildConfiguration section */

/* Begin XCConfigurationList section */
		FDE3814720163621009C3BBB /* Build configuration list for PBXProject "023-todo" */ = {
			isa = XCConfigurationList;
			buildConfigurations = (
				FDE3815C20163621009C3BBB /* Debug */,
				FDE3815D20163621009C3BBB /* Release */,
			);
			defaultConfigurationIsVisible = 0;
			defaultConfigurationName = Release;
		};
		FDE3815E20163621009C3BBB /* Build configuration list for PBXNativeTarget "023-todo" */ = {
			isa = XCConfigurationList;
			buildConfigurations = (
				FDE3815F20163621009C3BBB /* Debug */,
				FDE3816020163621009C3BBB /* Release */,
			);
			defaultConfigurationIsVisible = 0;
			defaultConfigurationName = Release;
		};
/* End XCConfigurationList section */
	};
	rootObject = FDE3814420163621009C3BBB /* Project object */;
}
