// !$*UTF8*$!
{
	archiveVersion = 1;
	classes = {
	};
	objectVersion = 46;
	objects = {

/* Begin PBXBuildFile section */
		FDB6F1731F77FF29005B934D /* AppDelegate.swift in Sources */ = {isa = PBXBuildFile; fileRef = FDB6F1721F77FF29005B934D /* AppDelegate.swift */; };
		FDB6F1751F77FF29005B934D /* ViewController.swift in Sources */ = {isa = PBXBuildFile; fileRef = FDB6F1741F77FF29005B934D /* ViewController.swift */; };
		FDB6F17A1F77FF29005B934D /* Assets.xcassets in Resources */ = {isa = PBXBuildFile; fileRef = FDB6F1791F77FF29005B934D /* Assets.xcassets */; };
		FDB6F17D1F77FF29005B934D /* LaunchScreen.storyboard in Resources */ = {isa = PBXBuildFile; fileRef = FDB6F17B1F77FF29005B934D /* LaunchScreen.storyboard */; };
		FDB6F1851F7801EE005B934D /* CustomLayout.swift in Sources */ = {isa = PBXBuildFile; fileRef = FDB6F1841F7801EE005B934D /* CustomLayout.swift */; };
		FDB6F1A51F794B4D005B934D /* CustomViewCell.swift in Sources */ = {isa = PBXBuildFile; fileRef = FDB6F1A41F794B4D005B934D /* CustomViewCell.swift */; };
		FDF4AB0B1FB5BC86005BBF41 /* Poster.swift in Sources */ = {isa = PBXBuildFile; fileRef = FDF4AB0A1FB5BC86005BBF41 /* Poster.swift */; };
/* End PBXBuildFile section */

/* Begin PBXFileReference section */
		FDB6F16F1F77FF29005B934D /* 001-scroll-card.app */ = {isa = PBXFileReference; explicitFileType = wrapper.application; includeInIndex = 0; path = "001-scroll-card.app"; sourceTree = BUILT_PRODUCTS_DIR; };
		FDB6F1721F77FF29005B934D /* AppDelegate.swift */ = {isa = PBXFileReference; lastKnownFileType = sourcecode.swift; path = AppDelegate.swift; sourceTree = "<group>"; };
		FDB6F1741F77FF29005B934D /* ViewController.swift */ = {isa = PBXFileReference; lastKnownFileType = sourcecode.swift; path = ViewController.swift; sourceTree = "<group>"; };
		FDB6F1791F77FF29005B934D /* Assets.xcassets */ = {isa = PBXFileReference; lastKnownFileType = folder.assetcatalog; path = Assets.xcassets; sourceTree = "<group>"; };
		FDB6F17C1F77FF29005B934D /* Base */ = {isa = PBXFileReference; lastKnownFileType = file.storyboard; name = Base; path = Base.lproj/LaunchScreen.storyboard; sourceTree = "<group>"; };
		FDB6F17E1F77FF29005B934D /* Info.plist */ = {isa = PBXFileReference; lastKnownFileType = text.plist.xml; path = Info.plist; sourceTree = "<group>"; };
		FDB6F1841F7801EE005B934D /* CustomLayout.swift */ = {isa = PBXFileReference; fileEncoding = 4; lastKnownFileType = sourcecode.swift; path = CustomLayout.swift; sourceTree = "<group>"; };
		FDB6F1A41F794B4D005B934D /* CustomViewCell.swift */ = {isa = PBXFileReference; fileEncoding = 4; lastKnownFileType = sourcecode.swift; path = CustomViewCell.swift; sourceTree = "<group>"; };
		FDF4AB0A1FB5BC86005BBF41 /* Poster.swift */ = {isa = PBXFileReference; lastKnownFileType = sourcecode.swift; path = Poster.swift; sourceTree = "<group>"; };
/* End PBXFileReference section */

/* Begin PBXFrameworksBuildPhase section */
		FDB6F16C1F77FF29005B934D /* Frameworks */ = {
			isa = PBXFrameworksBuildPhase;
			buildActionMask = 2147483647;
			files = (
			);
			runOnlyForDeploymentPostprocessing = 0;
		};
/* End PBXFrameworksBuildPhase section */

/* Begin PBXGroup section */
		FDB6F1661F77FF29005B934D = {
			isa = PBXGroup;
			children = (
				FDB6F1711F77FF29005B934D /* 001-scroll-card */,
				FDB6F1701F77FF29005B934D /* Products */,
			);
			sourceTree = "<group>";
		};
		FDB6F1701F77FF29005B934D /* Products */ = {
			isa = PBXGroup;
			children = (
				FDB6F16F1F77FF29005B934D /* 001-scroll-card.app */,
			);
			name = Products;
			sourceTree = "<group>";
		};
		FDB6F1711F77FF29005B934D /* 001-scroll-card */ = {
			isa = PBXGroup;
			children = (
				FDB6F1721F77FF29005B934D /* AppDelegate.swift */,
				FDB6F1741F77FF29005B934D /* ViewController.swift */,
				FDB6F1841F7801EE005B934D /* CustomLayout.swift */,
				FDB6F1A41F794B4D005B934D /* CustomViewCell.swift */,
				FDF4AB0A1FB5BC86005BBF41 /* Poster.swift */,
				FDB6F1791F77FF29005B934D /* Assets.xcassets */,
				FDB6F17B1F77FF29005B934D /* LaunchScreen.storyboard */,
				FDB6F17E1F77FF29005B934D /* Info.plist */,
			);
			path = "001-scroll-card";
			sourceTree = "<group>";
		};
/* End PBXGroup section */

/* Begin PBXNativeTarget section */
		FDB6F16E1F77FF29005B934D /* 001-scroll-card */ = {
			isa = PBXNativeTarget;
			buildConfigurationList = FDB6F1811F77FF29005B934D /* Build configuration list for PBXNativeTarget "001-scroll-card" */;
			buildPhases = (
				FDB6F16B1F77FF29005B934D /* Sources */,
				FDB6F16C1F77FF29005B934D /* Frameworks */,
				FDB6F16D1F77FF29005B934D /* Resources */,
			);
			buildRules = (
			);
			dependencies = (
			);
			name = "001-scroll-card";
			productName = "001-scroll-card";
			productReference = FDB6F16F1F77FF29005B934D /* 001-scroll-card.app */;
			productType = "com.apple.product-type.application";
		};
/* End PBXNativeTarget section */

/* Begin PBXProject section */
		FDB6F1671F77FF29005B934D /* Project object */ = {
			isa = PBXProject;
			attributes = {
				LastSwiftUpdateCheck = 0830;
				LastUpgradeCheck = 0830;
				ORGANIZATIONNAME = yifans;
				TargetAttributes = {
					FDB6F16E1F77FF29005B934D = {
						CreatedOnToolsVersion = 8.3.3;
						DevelopmentTeam = DM78HJ4CZ6;
						ProvisioningStyle = Automatic;
					};
				};
			};
			buildConfigurationList = FDB6F16A1F77FF29005B934D /* Build configuration list for PBXProject "001-scroll-card" */;
			compatibilityVersion = "Xcode 3.2";
			developmentRegion = English;
			hasScannedForEncodings = 0;
			knownRegions = (
				en,
				Base,
			);
			mainGroup = FDB6F1661F77FF29005B934D;
			productRefGroup = FDB6F1701F77FF29005B934D /* Products */;
			projectDirPath = "";
			projectRoot = "";
			targets = (
				FDB6F16E1F77FF29005B934D /* 001-scroll-card */,
			);
		};
/* End PBXProject section */

/* Begin PBXResourcesBuildPhase section */
		FDB6F16D1F77FF29005B934D /* Resources */ = {
			isa = PBXResourcesBuildPhase;
			buildActionMask = 2147483647;
			files = (
				FDB6F17D1F77FF29005B934D /* LaunchScreen.storyboard in Resources */,
				FDB6F17A1F77FF29005B934D /* Assets.xcassets in Resources */,
			);
			runOnlyForDeploymentPostprocessing = 0;
		};
/* End PBXResourcesBuildPhase section */

/* Begin PBXSourcesBuildPhase section */
		FDB6F16B1F77FF29005B934D /* Sources */ = {
			isa = PBXSourcesBuildPhase;
			buildActionMask = 2147483647;
			files = (
				FDF4AB0B1FB5BC86005BBF41 /* Poster.swift in Sources */,
				FDB6F1851F7801EE005B934D /* CustomLayout.swift in Sources */,
				FDB6F1A51F794B4D005B934D /* CustomViewCell.swift in Sources */,
				FDB6F1751F77FF29005B934D /* ViewController.swift in Sources */,
				FDB6F1731F77FF29005B934D /* AppDelegate.swift in Sources */,
			);
			runOnlyForDeploymentPostprocessing = 0;
		};
/* End PBXSourcesBuildPhase section */

/* Begin PBXVariantGroup section */
		FDB6F17B1F77FF29005B934D /* LaunchScreen.storyboard */ = {
			isa = PBXVariantGroup;
			children = (
				FDB6F17C1F77FF29005B934D /* Base */,
			);
			name = LaunchScreen.storyboard;
			sourceTree = "<group>";
		};
/* End PBXVariantGroup section */

/* Begin XCBuildConfiguration section */
		FDB6F17F1F77FF29005B934D /* Debug */ = {
			isa = XCBuildConfiguration;
			buildSettings = {
				ALWAYS_SEARCH_USER_PATHS = NO;
				CLANG_ANALYZER_NONNULL = YES;
				CLANG_ANALYZER_NUMBER_OBJECT_CONVERSION = YES_AGGRESSIVE;
				CLANG_CXX_LANGUAGE_STANDARD = "gnu++0x";
				CLANG_CXX_LIBRARY = "libc++";
				CLANG_ENABLE_MODULES = YES;
				CLANG_ENABLE_OBJC_ARC = YES;
				CLANG_WARN_BOOL_CONVERSION = YES;
				CLANG_WARN_CONSTANT_CONVERSION = YES;
				CLANG_WARN_DIRECT_OBJC_ISA_USAGE = YES_ERROR;
				CLANG_WARN_DOCUMENTATION_COMMENTS = YES;
				CLANG_WARN_EMPTY_BODY = YES;
				CLANG_WARN_ENUM_CONVERSION = YES;
				CLANG_WARN_INFINITE_RECURSION = YES;
				CLANG_WARN_INT_CONVERSION = YES;
				CLANG_WARN_OBJC_ROOT_CLASS = YES_ERROR;
				CLANG_WARN_SUSPICIOUS_MOVE = YES;
				CLANG_WARN_UNREACHABLE_CODE = YES;
				CLANG_WARN__DUPLICATE_METHOD_MATCH = YES;
				"CODE_SIGN_IDENTITY[sdk=iphoneos*]" = "iPhone Developer";
				COPY_PHASE_STRIP = NO;
				DEBUG_INFORMATION_FORMAT = dwarf;
				ENABLE_STRICT_OBJC_MSGSEND = YES;
				ENABLE_TESTABILITY = YES;
				GCC_C_LANGUAGE_STANDARD = gnu99;
				GCC_DYNAMIC_NO_PIC = NO;
				GCC_NO_COMMON_BLOCKS = YES;
				GCC_OPTIMIZATION_LEVEL = 0;
				GCC_PREPROCESSOR_DEFINITIONS = (
					"DEBUG=1",
					"$(inherited)",
				);
				GCC_WARN_64_TO_32_BIT_CONVERSION = YES;
				GCC_WARN_ABOUT_RETURN_TYPE = YES_ERROR;
				GCC_WARN_UNDECLARED_SELECTOR = YES;
				GCC_WARN_UNINITIALIZED_AUTOS = YES_AGGRESSIVE;
				GCC_WARN_UNUSED_FUNCTION = YES;
				GCC_WARN_UNUSED_VARIABLE = YES;
				IPHONEOS_DEPLOYMENT_TARGET = 10.3;
				MTL_ENABLE_DEBUG_INFO = YES;
				ONLY_ACTIVE_ARCH = YES;
				SDKROOT = iphoneos;
				SWIFT_ACTIVE_COMPILATION_CONDITIONS = DEBUG;
				SWIFT_OPTIMIZATION_LEVEL = "-Onone";
			};
			name = Debug;
		};
		FDB6F1801F77FF29005B934D /* Release */ = {
			isa = XCBuildConfiguration;
			buildSettings = {
				ALWAYS_SEARCH_USER_PATHS = NO;
				CLANG_ANALYZER_NONNULL = YES;
				CLANG_ANALYZER_NUMBER_OBJECT_CONVERSION = YES_AGGRESSIVE;
				CLANG_CXX_LANGUAGE_STANDARD = "gnu++0x";
				CLANG_CXX_LIBRARY = "libc++";
				CLANG_ENABLE_MODULES = YES;
				CLANG_ENABLE_OBJC_ARC = YES;
				CLANG_WARN_BOOL_CONVERSION = YES;
				CLANG_WARN_CONSTANT_CONVERSION = YES;
				CLANG_WARN_DIRECT_OBJC_ISA_USAGE = YES_ERROR;
				CLANG_WARN_DOCUMENTATION_COMMENTS = YES;
				CLANG_WARN_EMPTY_BODY = YES;
				CLANG_WARN_ENUM_CONVERSION = YES;
				CLANG_WARN_INFINITE_RECURSION = YES;
				CLANG_WARN_INT_CONVERSION = YES;
				CLANG_WARN_OBJC_ROOT_CLASS = YES_ERROR;
				CLANG_WARN_SUSPICIOUS_MOVE = YES;
				CLANG_WARN_UNREACHABLE_CODE = YES;
				CLANG_WARN__DUPLICATE_METHOD_MATCH = YES;
				"CODE_SIGN_IDENTITY[sdk=iphoneos*]" = "iPhone Developer";
				COPY_PHASE_STRIP = NO;
				DEBUG_INFORMATION_FORMAT = "dwarf-with-dsym";
				ENABLE_NS_ASSERTIONS = NO;
				ENABLE_STRICT_OBJC_MSGSEND = YES;
				GCC_C_LANGUAGE_STANDARD = gnu99;
				GCC_NO_COMMON_BLOCKS = YES;
				GCC_WARN_64_TO_32_BIT_CONVERSION = YES;
				GCC_WARN_ABOUT_RETURN_TYPE = YES_ERROR;
				GCC_WARN_UNDECLARED_SELECTOR = YES;
				GCC_WARN_UNINITIALIZED_AUTOS = YES_AGGRESSIVE;
				GCC_WARN_UNUSED_FUNCTION = YES;
				GCC_WARN_UNUSED_VARIABLE = YES;
				IPHONEOS_DEPLOYMENT_TARGET = 10.3;
				MTL_ENABLE_DEBUG_INFO = NO;
				SDKROOT = iphoneos;
				SWIFT_OPTIMIZATION_LEVEL = "-Owholemodule";
				VALIDATE_PRODUCT = YES;
			};
			name = Release;
		};
		FDB6F1821F77FF29005B934D /* Debug */ = {
			isa = XCBuildConfiguration;
			buildSettings = {
				ASSETCATALOG_COMPILER_APPICON_NAME = AppIcon;
				DEVELOPMENT_TEAM = DM78HJ4CZ6;
				INFOPLIST_FILE = "001-scroll-card/Info.plist";
				LD_RUNPATH_SEARCH_PATHS = "$(inherited) @executable_path/Frameworks";
				PRODUCT_BUNDLE_IDENTIFIER = "im.zyf.-01-scroll-card";
				PRODUCT_NAME = "$(TARGET_NAME)";
				SWIFT_VERSION = 4.0;
			};
			name = Debug;
		};
		FDB6F1831F77FF29005B934D /* Release */ = {
			isa = XCBuildConfiguration;
			buildSettings = {
				ASSETCATALOG_COMPILER_APPICON_NAME = AppIcon;
				DEVELOPMENT_TEAM = DM78HJ4CZ6;
				INFOPLIST_FILE = "001-scroll-card/Info.plist";
				LD_RUNPATH_SEARCH_PATHS = "$(inherited) @executable_path/Frameworks";
				PRODUCT_BUNDLE_IDENTIFIER = "im.zyf.-01-scroll-card";
				PRODUCT_NAME = "$(TARGET_NAME)";
				SWIFT_VERSION = 4.0;
			};
			name = Release;
		};
/* End XCBuildConfiguration section */

/* Begin XCConfigurationList section */
		FDB6F16A1F77FF29005B934D /* Build configuration list for PBXProject "001-scroll-card" */ = {
			isa = XCConfigurationList;
			buildConfigurations = (
				FDB6F17F1F77FF29005B934D /* Debug */,
				FDB6F1801F77FF29005B934D /* Release */,
			);
			defaultConfigurationIsVisible = 0;
			defaultConfigurationName = Release;
		};
		FDB6F1811F77FF29005B934D /* Build configuration list for PBXNativeTarget "001-scroll-card" */ = {
			isa = XCConfigurationList;
			buildConfigurations = (
				FDB6F1821F77FF29005B934D /* Debug */,
				FDB6F1831F77FF29005B934D /* Release */,
			);
			defaultConfigurationIsVisible = 0;
			defaultConfigurationName = Release;
		};
/* End XCConfigurationList section */
	};
	rootObject = FDB6F1671F77FF29005B934D /* Project object */;
}
