PODS:
  - PromiseKit (6.7.1):
    - PromiseKit/CorePromise (= 6.7.1)
    - PromiseKit/Foundation (= 6.7.1)
    - PromiseKit/UIKit (= 6.7.1)
  - PromiseKit/CorePromise (6.7.1)
  - PromiseKit/Foundation (6.7.1):
    - PromiseKit/CorePromise
  - PromiseKit/UIKit (6.7.1):
    - PromiseKit/CorePromise

DEPENDENCIES:
  - PromiseKit (~> 6.0)

SPEC REPOS:
  https://github.com/cocoapods/specs.git:
    - PromiseKit

SPEC CHECKSUMS:
  PromiseKit: ef376fb8b4e92edfeb66bd403b983eaa07fbde0c

PODFILE CHECKSUM: ccd58089ecddaf3ec11e08f27c44c683023da792

COCOAPODS: 1.6.0.beta.2
