// !$*UTF8*$!
{
	archiveVersion = 1;
	classes = {
	};
	objectVersion = 48;
	objects = {

/* Begin PBXBuildFile section */
		FDE95BE62057B23A00AFAE18 /* AppDelegate.swift in Sources */ = {isa = PBXBuildFile; fileRef = FDE95BE52057B23A00AFAE18 /* AppDelegate.swift */; };
		FDE95BE82057B23A00AFAE18 /* ViewController.swift in Sources */ = {isa = PBXBuildFile; fileRef = FDE95BE72057B23A00AFAE18 /* ViewController.swift */; };
		FDE95BEB2057B23A00AFAE18 /* Main.storyboard in Resources */ = {isa = PBXBuildFile; fileRef = FDE95BE92057B23A00AFAE18 /* Main.storyboard */; };
		FDE95BED2057B23A00AFAE18 /* Assets.xcassets in Resources */ = {isa = PBXBuildFile; fileRef = FDE95BEC2057B23A00AFAE18 /* Assets.xcassets */; };
		FDE95BF02057B23A00AFAE18 /* LaunchScreen.storyboard in Resources */ = {isa = PBXBuildFile; fileRef = FDE95BEE2057B23A00AFAE18 /* LaunchScreen.storyboard */; };
		FDE95BF92057B69E00AFAE18 /* CustomPushTransition.swift in Sources */ = {isa = PBXBuildFile; fileRef = FDE95BF82057B69E00AFAE18 /* CustomPushTransition.swift */; };
		FDE95BFB2057B76000AFAE18 /* DetailViewController.swift in Sources */ = {isa = PBXBuildFile; fileRef = FDE95BFA2057B76000AFAE18 /* DetailViewController.swift */; };
		FDE95BFD2057C04D00AFAE18 /* CustomPopTransition.swift in Sources */ = {isa = PBXBuildFile; fileRef = FDE95BFC2057C04D00AFAE18 /* CustomPopTransition.swift */; };
/* End PBXBuildFile section */

/* Begin PBXFileReference section */
		FDE95BE22057B23A00AFAE18 /* 027-custom-transition.app */ = {isa = PBXFileReference; explicitFileType = wrapper.application; includeInIndex = 0; path = "027-custom-transition.app"; sourceTree = BUILT_PRODUCTS_DIR; };
		FDE95BE52057B23A00AFAE18 /* AppDelegate.swift */ = {isa = PBXFileReference; lastKnownFileType = sourcecode.swift; path = AppDelegate.swift; sourceTree = "<group>"; };
		FDE95BE72057B23A00AFAE18 /* ViewController.swift */ = {isa = PBXFileReference; lastKnownFileType = sourcecode.swift; path = ViewController.swift; sourceTree = "<group>"; };
		FDE95BEA2057B23A00AFAE18 /* Base */ = {isa = PBXFileReference; lastKnownFileType = file.storyboard; name = Base; path = Base.lproj/Main.storyboard; sourceTree = "<group>"; };
		FDE95BEC2057B23A00AFAE18 /* Assets.xcassets */ = {isa = PBXFileReference; lastKnownFileType = folder.assetcatalog; path = Assets.xcassets; sourceTree = "<group>"; };
		FDE95BEF2057B23A00AFAE18 /* Base */ = {isa = PBXFileReference; lastKnownFileType = file.storyboard; name = Base; path = Base.lproj/LaunchScreen.storyboard; sourceTree = "<group>"; };
		FDE95BF12057B23A00AFAE18 /* Info.plist */ = {isa = PBXFileReference; lastKnownFileType = text.plist.xml; path = Info.plist; sourceTree = "<group>"; };
		FDE95BF82057B69E00AFAE18 /* CustomPushTransition.swift */ = {isa = PBXFileReference; lastKnownFileType = sourcecode.swift; path = CustomPushTransition.swift; sourceTree = "<group>"; };
		FDE95BFA2057B76000AFAE18 /* DetailViewController.swift */ = {isa = PBXFileReference; lastKnownFileType = sourcecode.swift; path = DetailViewController.swift; sourceTree = "<group>"; };
		FDE95BFC2057C04D00AFAE18 /* CustomPopTransition.swift */ = {isa = PBXFileReference; lastKnownFileType = sourcecode.swift; path = CustomPopTransition.swift; sourceTree = "<group>"; };
/* End PBXFileReference section */

/* Begin PBXFrameworksBuildPhase section */
		FDE95BDF2057B23A00AFAE18 /* Frameworks */ = {
			isa = PBXFrameworksBuildPhase;
			buildActionMask = 2147483647;
			files = (
			);
			runOnlyForDeploymentPostprocessing = 0;
		};
/* End PBXFrameworksBuildPhase section */

/* Begin PBXGroup section */
		FDE95BD92057B23A00AFAE18 = {
			isa = PBXGroup;
			children = (
				FDE95BE42057B23A00AFAE18 /* 027-custom-transition */,
				FDE95BE32057B23A00AFAE18 /* Products */,
			);
			sourceTree = "<group>";
		};
		FDE95BE32057B23A00AFAE18 /* Products */ = {
			isa = PBXGroup;
			children = (
				FDE95BE22057B23A00AFAE18 /* 027-custom-transition.app */,
			);
			name = Products;
			sourceTree = "<group>";
		};
		FDE95BE42057B23A00AFAE18 /* 027-custom-transition */ = {
			isa = PBXGroup;
			children = (
				FDE95BF72057B68000AFAE18 /* Transition */,
				FDE95BE52057B23A00AFAE18 /* AppDelegate.swift */,
				FDE95BE72057B23A00AFAE18 /* ViewController.swift */,
				FDE95BFA2057B76000AFAE18 /* DetailViewController.swift */,
				FDE95BE92057B23A00AFAE18 /* Main.storyboard */,
				FDE95BEC2057B23A00AFAE18 /* Assets.xcassets */,
				FDE95BEE2057B23A00AFAE18 /* LaunchScreen.storyboard */,
				FDE95BF12057B23A00AFAE18 /* Info.plist */,
			);
			path = "027-custom-transition";
			sourceTree = "<group>";
		};
		FDE95BF72057B68000AFAE18 /* Transition */ = {
			isa = PBXGroup;
			children = (
				FDE95BF82057B69E00AFAE18 /* CustomPushTransition.swift */,
				FDE95BFC2057C04D00AFAE18 /* CustomPopTransition.swift */,
			);
			path = Transition;
			sourceTree = "<group>";
		};
/* End PBXGroup section */

/* Begin PBXNativeTarget section */
		FDE95BE12057B23A00AFAE18 /* 027-custom-transition */ = {
			isa = PBXNativeTarget;
			buildConfigurationList = FDE95BF42057B23A00AFAE18 /* Build configuration list for PBXNativeTarget "027-custom-transition" */;
			buildPhases = (
				FDE95BDE2057B23A00AFAE18 /* Sources */,
				FDE95BDF2057B23A00AFAE18 /* Frameworks */,
				FDE95BE02057B23A00AFAE18 /* Resources */,
			);
			buildRules = (
			);
			dependencies = (
			);
			name = "027-custom-transition";
			productName = "027-custom-transition";
			productReference = FDE95BE22057B23A00AFAE18 /* 027-custom-transition.app */;
			productType = "com.apple.product-type.application";
		};
/* End PBXNativeTarget section */

/* Begin PBXProject section */
		FDE95BDA2057B23A00AFAE18 /* Project object */ = {
			isa = PBXProject;
			attributes = {
				LastSwiftUpdateCheck = 0920;
				LastUpgradeCheck = 0920;
				ORGANIZATIONNAME = yifans;
				TargetAttributes = {
					FDE95BE12057B23A00AFAE18 = {
						CreatedOnToolsVersion = 9.2;
						ProvisioningStyle = Automatic;
					};
				};
			};
			buildConfigurationList = FDE95BDD2057B23A00AFAE18 /* Build configuration list for PBXProject "027-custom-transition" */;
			compatibilityVersion = "Xcode 8.0";
			developmentRegion = en;
			hasScannedForEncodings = 0;
			knownRegions = (
				en,
				Base,
			);
			mainGroup = FDE95BD92057B23A00AFAE18;
			productRefGroup = FDE95BE32057B23A00AFAE18 /* Products */;
			projectDirPath = "";
			projectRoot = "";
			targets = (
				FDE95BE12057B23A00AFAE18 /* 027-custom-transition */,
			);
		};
/* End PBXProject section */

/* Begin PBXResourcesBuildPhase section */
		FDE95BE02057B23A00AFAE18 /* Resources */ = {
			isa = PBXResourcesBuildPhase;
			buildActionMask = 2147483647;
			files = (
				FDE95BF02057B23A00AFAE18 /* LaunchScreen.storyboard in Resources */,
				FDE95BED2057B23A00AFAE18 /* Assets.xcassets in Resources */,
				FDE95BEB2057B23A00AFAE18 /* Main.storyboard in Resources */,
			);
			runOnlyForDeploymentPostprocessing = 0;
		};
/* End PBXResourcesBuildPhase section */

/* Begin PBXSourcesBuildPhase section */
		FDE95BDE2057B23A00AFAE18 /* Sources */ = {
			isa = PBXSourcesBuildPhase;
			buildActionMask = 2147483647;
			files = (
				FDE95BE82057B23A00AFAE18 /* ViewController.swift in Sources */,
				FDE95BE62057B23A00AFAE18 /* AppDelegate.swift in Sources */,
				FDE95BFD2057C04D00AFAE18 /* CustomPopTransition.swift in Sources */,
				FDE95BF92057B69E00AFAE18 /* CustomPushTransition.swift in Sources */,
				FDE95BFB2057B76000AFAE18 /* DetailViewController.swift in Sources */,
			);
			runOnlyForDeploymentPostprocessing = 0;
		};
/* End PBXSourcesBuildPhase section */

/* Begin PBXVariantGroup section */
		FDE95BE92057B23A00AFAE18 /* Main.storyboard */ = {
			isa = PBXVariantGroup;
			children = (
				FDE95BEA2057B23A00AFAE18 /* Base */,
			);
			name = Main.storyboard;
			sourceTree = "<group>";
		};
		FDE95BEE2057B23A00AFAE18 /* LaunchScreen.storyboard */ = {
			isa = PBXVariantGroup;
			children = (
				FDE95BEF2057B23A00AFAE18 /* Base */,
			);
			name = LaunchScreen.storyboard;
			sourceTree = "<group>";
		};
/* End PBXVariantGroup section */

/* Begin XCBuildConfiguration section */
		FDE95BF22057B23A00AFAE18 /* Debug */ = {
			isa = XCBuildConfiguration;
			buildSettings = {
				ALWAYS_SEARCH_USER_PATHS = NO;
				CLANG_ANALYZER_NONNULL = YES;
				CLANG_ANALYZER_NUMBER_OBJECT_CONVERSION = YES_AGGRESSIVE;
				CLANG_CXX_LANGUAGE_STANDARD = "gnu++14";
				CLANG_CXX_LIBRARY = "libc++";
				CLANG_ENABLE_MODULES = YES;
				CLANG_ENABLE_OBJC_ARC = YES;
				CLANG_WARN_BLOCK_CAPTURE_AUTORELEASING = YES;
				CLANG_WARN_BOOL_CONVERSION = YES;
				CLANG_WARN_COMMA = YES;
				CLANG_WARN_CONSTANT_CONVERSION = YES;
				CLANG_WARN_DIRECT_OBJC_ISA_USAGE = YES_ERROR;
				CLANG_WARN_DOCUMENTATION_COMMENTS = YES;
				CLANG_WARN_EMPTY_BODY = YES;
				CLANG_WARN_ENUM_CONVERSION = YES;
				CLANG_WARN_INFINITE_RECURSION = YES;
				CLANG_WARN_INT_CONVERSION = YES;
				CLANG_WARN_NON_LITERAL_NULL_CONVERSION = YES;
				CLANG_WARN_OBJC_LITERAL_CONVERSION = YES;
				CLANG_WARN_OBJC_ROOT_CLASS = YES_ERROR;
				CLANG_WARN_RANGE_LOOP_ANALYSIS = YES;
				CLANG_WARN_STRICT_PROTOTYPES = YES;
				CLANG_WARN_SUSPICIOUS_MOVE = YES;
				CLANG_WARN_UNGUARDED_AVAILABILITY = YES_AGGRESSIVE;
				CLANG_WARN_UNREACHABLE_CODE = YES;
				CLANG_WARN__DUPLICATE_METHOD_MATCH = YES;
				CODE_SIGN_IDENTITY = "iPhone Developer";
				COPY_PHASE_STRIP = NO;
				DEBUG_INFORMATION_FORMAT = dwarf;
				ENABLE_STRICT_OBJC_MSGSEND = YES;
				ENABLE_TESTABILITY = YES;
				GCC_C_LANGUAGE_STANDARD = gnu11;
				GCC_DYNAMIC_NO_PIC = NO;
				GCC_NO_COMMON_BLOCKS = YES;
				GCC_OPTIMIZATION_LEVEL = 0;
				GCC_PREPROCESSOR_DEFINITIONS = (
					"DEBUG=1",
					"$(inherited)",
				);
				GCC_WARN_64_TO_32_BIT_CONVERSION = YES;
				GCC_WARN_ABOUT_RETURN_TYPE = YES_ERROR;
				GCC_WARN_UNDECLARED_SELECTOR = YES;
				GCC_WARN_UNINITIALIZED_AUTOS = YES_AGGRESSIVE;
				GCC_WARN_UNUSED_FUNCTION = YES;
				GCC_WARN_UNUSED_VARIABLE = YES;
				IPHONEOS_DEPLOYMENT_TARGET = 11.2;
				MTL_ENABLE_DEBUG_INFO = YES;
				ONLY_ACTIVE_ARCH = YES;
				SDKROOT = iphoneos;
				SWIFT_ACTIVE_COMPILATION_CONDITIONS = DEBUG;
				SWIFT_OPTIMIZATION_LEVEL = "-Onone";
			};
			name = Debug;
		};
		FDE95BF32057B23A00AFAE18 /* Release */ = {
			isa = XCBuildConfiguration;
			buildSettings = {
				ALWAYS_SEARCH_USER_PATHS = NO;
				CLANG_ANALYZER_NONNULL = YES;
				CLANG_ANALYZER_NUMBER_OBJECT_CONVERSION = YES_AGGRESSIVE;
				CLANG_CXX_LANGUAGE_STANDARD = "gnu++14";
				CLANG_CXX_LIBRARY = "libc++";
				CLANG_ENABLE_MODULES = YES;
				CLANG_ENABLE_OBJC_ARC = YES;
				CLANG_WARN_BLOCK_CAPTURE_AUTORELEASING = YES;
				CLANG_WARN_BOOL_CONVERSION = YES;
				CLANG_WARN_COMMA = YES;
				CLANG_WARN_CONSTANT_CONVERSION = YES;
				CLANG_WARN_DIRECT_OBJC_ISA_USAGE = YES_ERROR;
				CLANG_WARN_DOCUMENTATION_COMMENTS = YES;
				CLANG_WARN_EMPTY_BODY = YES;
				CLANG_WARN_ENUM_CONVERSION = YES;
				CLANG_WARN_INFINITE_RECURSION = YES;
				CLANG_WARN_INT_CONVERSION = YES;
				CLANG_WARN_NON_LITERAL_NULL_CONVERSION = YES;
				CLANG_WARN_OBJC_LITERAL_CONVERSION = YES;
				CLANG_WARN_OBJC_ROOT_CLASS = YES_ERROR;
				CLANG_WARN_RANGE_LOOP_ANALYSIS = YES;
				CLANG_WARN_STRICT_PROTOTYPES = YES;
				CLANG_WARN_SUSPICIOUS_MOVE = YES;
				CLANG_WARN_UNGUARDED_AVAILABILITY = YES_AGGRESSIVE;
				CLANG_WARN_UNREACHABLE_CODE = YES;
				CLANG_WARN__DUPLICATE_METHOD_MATCH = YES;
				CODE_SIGN_IDENTITY = "iPhone Developer";
				COPY_PHASE_STRIP = NO;
				DEBUG_INFORMATION_FORMAT = "dwarf-with-dsym";
				ENABLE_NS_ASSERTIONS = NO;
				ENABLE_STRICT_OBJC_MSGSEND = YES;
				GCC_C_LANGUAGE_STANDARD = gnu11;
				GCC_NO_COMMON_BLOCKS = YES;
				GCC_WARN_64_TO_32_BIT_CONVERSION = YES;
				GCC_WARN_ABOUT_RETURN_TYPE = YES_ERROR;
				GCC_WARN_UNDECLARED_SELECTOR = YES;
				GCC_WARN_UNINITIALIZED_AUTOS = YES_AGGRESSIVE;
				GCC_WARN_UNUSED_FUNCTION = YES;
				GCC_WARN_UNUSED_VARIABLE = YES;
				IPHONEOS_DEPLOYMENT_TARGET = 11.2;
				MTL_ENABLE_DEBUG_INFO = NO;
				SDKROOT = iphoneos;
				SWIFT_OPTIMIZATION_LEVEL = "-Owholemodule";
				VALIDATE_PRODUCT = YES;
			};
			name = Release;
		};
		FDE95BF52057B23A00AFAE18 /* Debug */ = {
			isa = XCBuildConfiguration;
			buildSettings = {
				ASSETCATALOG_COMPILER_APPICON_NAME = AppIcon;
				CODE_SIGN_STYLE = Automatic;
				DEVELOPMENT_TEAM = G79JFKF86J;
				INFOPLIST_FILE = "027-custom-transition/Info.plist";
				LD_RUNPATH_SEARCH_PATHS = "$(inherited) @executable_path/Frameworks";
				PRODUCT_BUNDLE_IDENTIFIER = "im.zyf.-27-custom-transition";
				PRODUCT_NAME = "$(TARGET_NAME)";
				SWIFT_VERSION = 4.0;
				TARGETED_DEVICE_FAMILY = "1,2";
			};
			name = Debug;
		};
		FDE95BF62057B23A00AFAE18 /* Release */ = {
			isa = XCBuildConfiguration;
			buildSettings = {
				ASSETCATALOG_COMPILER_APPICON_NAME = AppIcon;
				CODE_SIGN_STYLE = Automatic;
				DEVELOPMENT_TEAM = G79JFKF86J;
				INFOPLIST_FILE = "027-custom-transition/Info.plist";
				LD_RUNPATH_SEARCH_PATHS = "$(inherited) @executable_path/Frameworks";
				PRODUCT_BUNDLE_IDENTIFIER = "im.zyf.-27-custom-transition";
				PRODUCT_NAME = "$(TARGET_NAME)";
				SWIFT_VERSION = 4.0;
				TARGETED_DEVICE_FAMILY = "1,2";
			};
			name = Release;
		};
/* End XCBuildConfiguration section */

/* Begin XCConfigurationList section */
		FDE95BDD2057B23A00AFAE18 /* Build configuration list for PBXProject "027-custom-transition" */ = {
			isa = XCConfigurationList;
			buildConfigurations = (
				FDE95BF22057B23A00AFAE18 /* Debug */,
				FDE95BF32057B23A00AFAE18 /* Release */,
			);
			defaultConfigurationIsVisible = 0;
			defaultConfigurationName = Release;
		};
		FDE95BF42057B23A00AFAE18 /* Build configuration list for PBXNativeTarget "027-custom-transition" */ = {
			isa = XCConfigurationList;
			buildConfigurations = (
				FDE95BF52057B23A00AFAE18 /* Debug */,
				FDE95BF62057B23A00AFAE18 /* Release */,
			);
			defaultConfigurationIsVisible = 0;
			defaultConfigurationName = Release;
		};
/* End XCConfigurationList section */
	};
	rootObject = FDE95BDA2057B23A00AFAE18 /* Project object */;
}
