// !$*UTF8*$!
{
	archiveVersion = 1;
	classes = {
	};
	objectVersion = 48;
	objects = {

/* Begin PBXBuildFile section */
		FDEFD69D1F93BB7C00C4AB39 /* AppDelegate.swift in Sources */ = {isa = PBXBuildFile; fileRef = FDEFD69C1F93BB7C00C4AB39 /* AppDelegate.swift */; };
		FDEFD69F1F93BB7C00C4AB39 /* ViewController.swift in Sources */ = {isa = PBXBuildFile; fileRef = FDEFD69E1F93BB7C00C4AB39 /* ViewController.swift */; };
		FDEFD6A21F93BB7C00C4AB39 /* Main.storyboard in Resources */ = {isa = PBXBuildFile; fileRef = FDEFD6A01F93BB7C00C4AB39 /* Main.storyboard */; };
		FDEFD6A41F93BB7C00C4AB39 /* Assets.xcassets in Resources */ = {isa = PBXBuildFile; fileRef = FDEFD6A31F93BB7C00C4AB39 /* Assets.xcassets */; };
		FDEFD6A71F93BB7C00C4AB39 /* LaunchScreen.storyboard in Resources */ = {isa = PBXBuildFile; fileRef = FDEFD6A51F93BB7C00C4AB39 /* LaunchScreen.storyboard */; };
/* End PBXBuildFile section */

/* Begin PBXFileReference section */
		FDEFD6991F93BB7C00C4AB39 /* 005-change-font-name.app */ = {isa = PBXFileReference; explicitFileType = wrapper.application; includeInIndex = 0; path = "005-change-font-name.app"; sourceTree = BUILT_PRODUCTS_DIR; };
		FDEFD69C1F93BB7C00C4AB39 /* AppDelegate.swift */ = {isa = PBXFileReference; lastKnownFileType = sourcecode.swift; path = AppDelegate.swift; sourceTree = "<group>"; };
		FDEFD69E1F93BB7C00C4AB39 /* ViewController.swift */ = {isa = PBXFileReference; lastKnownFileType = sourcecode.swift; path = ViewController.swift; sourceTree = "<group>"; };
		FDEFD6A11F93BB7C00C4AB39 /* Base */ = {isa = PBXFileReference; lastKnownFileType = file.storyboard; name = Base; path = Base.lproj/Main.storyboard; sourceTree = "<group>"; };
		FDEFD6A31F93BB7C00C4AB39 /* Assets.xcassets */ = {isa = PBXFileReference; lastKnownFileType = folder.assetcatalog; path = Assets.xcassets; sourceTree = "<group>"; };
		FDEFD6A61F93BB7C00C4AB39 /* Base */ = {isa = PBXFileReference; lastKnownFileType = file.storyboard; name = Base; path = Base.lproj/LaunchScreen.storyboard; sourceTree = "<group>"; };
		FDEFD6A81F93BB7C00C4AB39 /* Info.plist */ = {isa = PBXFileReference; lastKnownFileType = text.plist.xml; path = Info.plist; sourceTree = "<group>"; };
/* End PBXFileReference section */

/* Begin PBXFrameworksBuildPhase section */
		FDEFD6961F93BB7C00C4AB39 /* Frameworks */ = {
			isa = PBXFrameworksBuildPhase;
			buildActionMask = 2147483647;
			files = (
			);
			runOnlyForDeploymentPostprocessing = 0;
		};
/* End PBXFrameworksBuildPhase section */

/* Begin PBXGroup section */
		FDEFD6901F93BB7C00C4AB39 = {
			isa = PBXGroup;
			children = (
				FDEFD69B1F93BB7C00C4AB39 /* 005-change-font-name */,
				FDEFD69A1F93BB7C00C4AB39 /* Products */,
			);
			sourceTree = "<group>";
		};
		FDEFD69A1F93BB7C00C4AB39 /* Products */ = {
			isa = PBXGroup;
			children = (
				FDEFD6991F93BB7C00C4AB39 /* 005-change-font-name.app */,
			);
			name = Products;
			sourceTree = "<group>";
		};
		FDEFD69B1F93BB7C00C4AB39 /* 005-change-font-name */ = {
			isa = PBXGroup;
			children = (
				FDEFD69C1F93BB7C00C4AB39 /* AppDelegate.swift */,
				FDEFD69E1F93BB7C00C4AB39 /* ViewController.swift */,
				FDEFD6A01F93BB7C00C4AB39 /* Main.storyboard */,
				FDEFD6A31F93BB7C00C4AB39 /* Assets.xcassets */,
				FDEFD6A51F93BB7C00C4AB39 /* LaunchScreen.storyboard */,
				FDEFD6A81F93BB7C00C4AB39 /* Info.plist */,
			);
			path = "005-change-font-name";
			sourceTree = "<group>";
		};
/* End PBXGroup section */

/* Begin PBXNativeTarget section */
		FDEFD6981F93BB7C00C4AB39 /* 005-change-font-name */ = {
			isa = PBXNativeTarget;
			buildConfigurationList = FDEFD6AB1F93BB7C00C4AB39 /* Build configuration list for PBXNativeTarget "005-change-font-name" */;
			buildPhases = (
				FDEFD6951F93BB7C00C4AB39 /* Sources */,
				FDEFD6961F93BB7C00C4AB39 /* Frameworks */,
				FDEFD6971F93BB7C00C4AB39 /* Resources */,
			);
			buildRules = (
			);
			dependencies = (
			);
			name = "005-change-font-name";
			productName = "005-change-font-name";
			productReference = FDEFD6991F93BB7C00C4AB39 /* 005-change-font-name.app */;
			productType = "com.apple.product-type.application";
		};
/* End PBXNativeTarget section */

/* Begin PBXProject section */
		FDEFD6911F93BB7C00C4AB39 /* Project object */ = {
			isa = PBXProject;
			attributes = {
				LastSwiftUpdateCheck = 0900;
				LastUpgradeCheck = 0900;
				ORGANIZATIONNAME = yifans;
				TargetAttributes = {
					FDEFD6981F93BB7C00C4AB39 = {
						CreatedOnToolsVersion = 9.0;
						ProvisioningStyle = Automatic;
					};
				};
			};
			buildConfigurationList = FDEFD6941F93BB7C00C4AB39 /* Build configuration list for PBXProject "005-change-font-name" */;
			compatibilityVersion = "Xcode 8.0";
			developmentRegion = en;
			hasScannedForEncodings = 0;
			knownRegions = (
				en,
				Base,
			);
			mainGroup = FDEFD6901F93BB7C00C4AB39;
			productRefGroup = FDEFD69A1F93BB7C00C4AB39 /* Products */;
			projectDirPath = "";
			projectRoot = "";
			targets = (
				FDEFD6981F93BB7C00C4AB39 /* 005-change-font-name */,
			);
		};
/* End PBXProject section */

/* Begin PBXResourcesBuildPhase section */
		FDEFD6971F93BB7C00C4AB39 /* Resources */ = {
			isa = PBXResourcesBuildPhase;
			buildActionMask = 2147483647;
			files = (
				FDEFD6A71F93BB7C00C4AB39 /* LaunchScreen.storyboard in Resources */,
				FDEFD6A41F93BB7C00C4AB39 /* Assets.xcassets in Resources */,
				FDEFD6A21F93BB7C00C4AB39 /* Main.storyboard in Resources */,
			);
			runOnlyForDeploymentPostprocessing = 0;
		};
/* End PBXResourcesBuildPhase section */

/* Begin PBXSourcesBuildPhase section */
		FDEFD6951F93BB7C00C4AB39 /* Sources */ = {
			isa = PBXSourcesBuildPhase;
			buildActionMask = 2147483647;
			files = (
				FDEFD69F1F93BB7C00C4AB39 /* ViewController.swift in Sources */,
				FDEFD69D1F93BB7C00C4AB39 /* AppDelegate.swift in Sources */,
			);
			runOnlyForDeploymentPostprocessing = 0;
		};
/* End PBXSourcesBuildPhase section */

/* Begin PBXVariantGroup section */
		FDEFD6A01F93BB7C00C4AB39 /* Main.storyboard */ = {
			isa = PBXVariantGroup;
			children = (
				FDEFD6A11F93BB7C00C4AB39 /* Base */,
			);
			name = Main.storyboard;
			sourceTree = "<group>";
		};
		FDEFD6A51F93BB7C00C4AB39 /* LaunchScreen.storyboard */ = {
			isa = PBXVariantGroup;
			children = (
				FDEFD6A61F93BB7C00C4AB39 /* Base */,
			);
			name = LaunchScreen.storyboard;
			sourceTree = "<group>";
		};
/* End PBXVariantGroup section */

/* Begin XCBuildConfiguration section */
		FDEFD6A91F93BB7C00C4AB39 /* Debug */ = {
			isa = XCBuildConfiguration;
			buildSettings = {
				ALWAYS_SEARCH_USER_PATHS = NO;
				CLANG_ANALYZER_NONNULL = YES;
				CLANG_ANALYZER_NUMBER_OBJECT_CONVERSION = YES_AGGRESSIVE;
				CLANG_CXX_LANGUAGE_STANDARD = "gnu++14";
				CLANG_CXX_LIBRARY = "libc++";
				CLANG_ENABLE_MODULES = YES;
				CLANG_ENABLE_OBJC_ARC = YES;
				CLANG_WARN_BLOCK_CAPTURE_AUTORELEASING = YES;
				CLANG_WARN_BOOL_CONVERSION = YES;
				CLANG_WARN_COMMA = YES;
				CLANG_WARN_CONSTANT_CONVERSION = YES;
				CLANG_WARN_DIRECT_OBJC_ISA_USAGE = YES_ERROR;
				CLANG_WARN_DOCUMENTATION_COMMENTS = YES;
				CLANG_WARN_EMPTY_BODY = YES;
				CLANG_WARN_ENUM_CONVERSION = YES;
				CLANG_WARN_INFINITE_RECURSION = YES;
				CLANG_WARN_INT_CONVERSION = YES;
				CLANG_WARN_NON_LITERAL_NULL_CONVERSION = YES;
				CLANG_WARN_OBJC_LITERAL_CONVERSION = YES;
				CLANG_WARN_OBJC_ROOT_CLASS = YES_ERROR;
				CLANG_WARN_RANGE_LOOP_ANALYSIS = YES;
				CLANG_WARN_STRICT_PROTOTYPES = YES;
				CLANG_WARN_SUSPICIOUS_MOVE = YES;
				CLANG_WARN_UNGUARDED_AVAILABILITY = YES_AGGRESSIVE;
				CLANG_WARN_UNREACHABLE_CODE = YES;
				CLANG_WARN__DUPLICATE_METHOD_MATCH = YES;
				CODE_SIGN_IDENTITY = "iPhone Developer";
				COPY_PHASE_STRIP = NO;
				DEBUG_INFORMATION_FORMAT = dwarf;
				ENABLE_STRICT_OBJC_MSGSEND = YES;
				ENABLE_TESTABILITY = YES;
				GCC_C_LANGUAGE_STANDARD = gnu11;
				GCC_DYNAMIC_NO_PIC = NO;
				GCC_NO_COMMON_BLOCKS = YES;
				GCC_OPTIMIZATION_LEVEL = 0;
				GCC_PREPROCESSOR_DEFINITIONS = (
					"DEBUG=1",
					"$(inherited)",
				);
				GCC_WARN_64_TO_32_BIT_CONVERSION = YES;
				GCC_WARN_ABOUT_RETURN_TYPE = YES_ERROR;
				GCC_WARN_UNDECLARED_SELECTOR = YES;
				GCC_WARN_UNINITIALIZED_AUTOS = YES_AGGRESSIVE;
				GCC_WARN_UNUSED_FUNCTION = YES;
				GCC_WARN_UNUSED_VARIABLE = YES;
				IPHONEOS_DEPLOYMENT_TARGET = 11.0;
				MTL_ENABLE_DEBUG_INFO = YES;
				ONLY_ACTIVE_ARCH = YES;
				SDKROOT = iphoneos;
				SWIFT_ACTIVE_COMPILATION_CONDITIONS = DEBUG;
				SWIFT_OPTIMIZATION_LEVEL = "-Onone";
			};
			name = Debug;
		};
		FDEFD6AA1F93BB7C00C4AB39 /* Release */ = {
			isa = XCBuildConfiguration;
			buildSettings = {
				ALWAYS_SEARCH_USER_PATHS = NO;
				CLANG_ANALYZER_NONNULL = YES;
				CLANG_ANALYZER_NUMBER_OBJECT_CONVERSION = YES_AGGRESSIVE;
				CLANG_CXX_LANGUAGE_STANDARD = "gnu++14";
				CLANG_CXX_LIBRARY = "libc++";
				CLANG_ENABLE_MODULES = YES;
				CLANG_ENABLE_OBJC_ARC = YES;
				CLANG_WARN_BLOCK_CAPTURE_AUTORELEASING = YES;
				CLANG_WARN_BOOL_CONVERSION = YES;
				CLANG_WARN_COMMA = YES;
				CLANG_WARN_CONSTANT_CONVERSION = YES;
				CLANG_WARN_DIRECT_OBJC_ISA_USAGE = YES_ERROR;
				CLANG_WARN_DOCUMENTATION_COMMENTS = YES;
				CLANG_WARN_EMPTY_BODY = YES;
				CLANG_WARN_ENUM_CONVERSION = YES;
				CLANG_WARN_INFINITE_RECURSION = YES;
				CLANG_WARN_INT_CONVERSION = YES;
				CLANG_WARN_NON_LITERAL_NULL_CONVERSION = YES;
				CLANG_WARN_OBJC_LITERAL_CONVERSION = YES;
				CLANG_WARN_OBJC_ROOT_CLASS = YES_ERROR;
				CLANG_WARN_RANGE_LOOP_ANALYSIS = YES;
				CLANG_WARN_STRICT_PROTOTYPES = YES;
				CLANG_WARN_SUSPICIOUS_MOVE = YES;
				CLANG_WARN_UNGUARDED_AVAILABILITY = YES_AGGRESSIVE;
				CLANG_WARN_UNREACHABLE_CODE = YES;
				CLANG_WARN__DUPLICATE_METHOD_MATCH = YES;
				CODE_SIGN_IDENTITY = "iPhone Developer";
				COPY_PHASE_STRIP = NO;
				DEBUG_INFORMATION_FORMAT = "dwarf-with-dsym";
				ENABLE_NS_ASSERTIONS = NO;
				ENABLE_STRICT_OBJC_MSGSEND = YES;
				GCC_C_LANGUAGE_STANDARD = gnu11;
				GCC_NO_COMMON_BLOCKS = YES;
				GCC_WARN_64_TO_32_BIT_CONVERSION = YES;
				GCC_WARN_ABOUT_RETURN_TYPE = YES_ERROR;
				GCC_WARN_UNDECLARED_SELECTOR = YES;
				GCC_WARN_UNINITIALIZED_AUTOS = YES_AGGRESSIVE;
				GCC_WARN_UNUSED_FUNCTION = YES;
				GCC_WARN_UNUSED_VARIABLE = YES;
				IPHONEOS_DEPLOYMENT_TARGET = 11.0;
				MTL_ENABLE_DEBUG_INFO = NO;
				SDKROOT = iphoneos;
				SWIFT_OPTIMIZATION_LEVEL = "-Owholemodule";
				VALIDATE_PRODUCT = YES;
			};
			name = Release;
		};
		FDEFD6AC1F93BB7C00C4AB39 /* Debug */ = {
			isa = XCBuildConfiguration;
			buildSettings = {
				ASSETCATALOG_COMPILER_APPICON_NAME = AppIcon;
				CODE_SIGN_STYLE = Automatic;
				DEVELOPMENT_TEAM = DM78HJ4CZ6;
				INFOPLIST_FILE = "005-change-font-name/Info.plist";
				LD_RUNPATH_SEARCH_PATHS = "$(inherited) @executable_path/Frameworks";
				PRODUCT_BUNDLE_IDENTIFIER = "im.zyf.-05-change-font-name";
				PRODUCT_NAME = "$(TARGET_NAME)";
				SWIFT_VERSION = 4.0;
				TARGETED_DEVICE_FAMILY = "1,2";
			};
			name = Debug;
		};
		FDEFD6AD1F93BB7C00C4AB39 /* Release */ = {
			isa = XCBuildConfiguration;
			buildSettings = {
				ASSETCATALOG_COMPILER_APPICON_NAME = AppIcon;
				CODE_SIGN_STYLE = Automatic;
				DEVELOPMENT_TEAM = DM78HJ4CZ6;
				INFOPLIST_FILE = "005-change-font-name/Info.plist";
				LD_RUNPATH_SEARCH_PATHS = "$(inherited) @executable_path/Frameworks";
				PRODUCT_BUNDLE_IDENTIFIER = "im.zyf.-05-change-font-name";
				PRODUCT_NAME = "$(TARGET_NAME)";
				SWIFT_VERSION = 4.0;
				TARGETED_DEVICE_FAMILY = "1,2";
			};
			name = Release;
		};
/* End XCBuildConfiguration section */

/* Begin XCConfigurationList section */
		FDEFD6941F93BB7C00C4AB39 /* Build configuration list for PBXProject "005-change-font-name" */ = {
			isa = XCConfigurationList;
			buildConfigurations = (
				FDEFD6A91F93BB7C00C4AB39 /* Debug */,
				FDEFD6AA1F93BB7C00C4AB39 /* Release */,
			);
			defaultConfigurationIsVisible = 0;
			defaultConfigurationName = Release;
		};
		FDEFD6AB1F93BB7C00C4AB39 /* Build configuration list for PBXNativeTarget "005-change-font-name" */ = {
			isa = XCConfigurationList;
			buildConfigurations = (
				FDEFD6AC1F93BB7C00C4AB39 /* Debug */,
				FDEFD6AD1F93BB7C00C4AB39 /* Release */,
			);
			defaultConfigurationIsVisible = 0;
			defaultConfigurationName = Release;
		};
/* End XCConfigurationList section */
	};
	rootObject = FDEFD6911F93BB7C00C4AB39 /* Project object */;
}
