// !$*UTF8*$!
{
	archiveVersion = 1;
	classes = {
	};
	objectVersion = 50;
	objects = {

/* Begin PBXBuildFile section */
		1E6F9366A9F14E818801D74B /* Pods_promisekit_demo.framework in Frameworks */ = {isa = PBXBuildFile; fileRef = 68B53CEB589B965917840C7F /* Pods_promisekit_demo.framework */; };
		FDFBAE4921F2B79000F257CE /* AppDelegate.swift in Sources */ = {isa = PBXBuildFile; fileRef = FDFBAE4821F2B79000F257CE /* AppDelegate.swift */; };
		FDFBAE4B21F2B79000F257CE /* ViewController.swift in Sources */ = {isa = PBXBuildFile; fileRef = FDFBAE4A21F2B79000F257CE /* ViewController.swift */; };
		FDFBAE4E21F2B79000F257CE /* Main.storyboard in Resources */ = {isa = PBXBuildFile; fileRef = FDFBAE4C21F2B79000F257CE /* Main.storyboard */; };
		FDFBAE5021F2B79200F257CE /* Assets.xcassets in Resources */ = {isa = PBXBuildFile; fileRef = FDFBAE4F21F2B79200F257CE /* Assets.xcassets */; };
		FDFBAE5321F2B79200F257CE /* LaunchScreen.storyboard in Resources */ = {isa = PBXBuildFile; fileRef = FDFBAE5121F2B79200F257CE /* LaunchScreen.storyboard */; };
		FDFBAE5B21F2F50E00F257CE /* README.md in Resources */ = {isa = PBXBuildFile; fileRef = FDFBAE5A21F2F50E00F257CE /* README.md */; };
/* End PBXBuildFile section */

/* Begin PBXFileReference section */
		68B53CEB589B965917840C7F /* Pods_promisekit_demo.framework */ = {isa = PBXFileReference; explicitFileType = wrapper.framework; includeInIndex = 0; path = Pods_promisekit_demo.framework; sourceTree = BUILT_PRODUCTS_DIR; };
		73DE98DB80A1AE3146A1C70A /* Pods-promisekit-demo.release.xcconfig */ = {isa = PBXFileReference; includeInIndex = 1; lastKnownFileType = text.xcconfig; name = "Pods-promisekit-demo.release.xcconfig"; path = "Target Support Files/Pods-promisekit-demo/Pods-promisekit-demo.release.xcconfig"; sourceTree = "<group>"; };
		795743CB3655354225204941 /* Pods-promisekit-demo.debug.xcconfig */ = {isa = PBXFileReference; includeInIndex = 1; lastKnownFileType = text.xcconfig; name = "Pods-promisekit-demo.debug.xcconfig"; path = "Target Support Files/Pods-promisekit-demo/Pods-promisekit-demo.debug.xcconfig"; sourceTree = "<group>"; };
		FDFBAE4521F2B79000F257CE /* promisekit-demo.app */ = {isa = PBXFileReference; explicitFileType = wrapper.application; includeInIndex = 0; path = "promisekit-demo.app"; sourceTree = BUILT_PRODUCTS_DIR; };
		FDFBAE4821F2B79000F257CE /* AppDelegate.swift */ = {isa = PBXFileReference; lastKnownFileType = sourcecode.swift; path = AppDelegate.swift; sourceTree = "<group>"; };
		FDFBAE4A21F2B79000F257CE /* ViewController.swift */ = {isa = PBXFileReference; lastKnownFileType = sourcecode.swift; path = ViewController.swift; sourceTree = "<group>"; };
		FDFBAE4D21F2B79000F257CE /* Base */ = {isa = PBXFileReference; lastKnownFileType = file.storyboard; name = Base; path = Base.lproj/Main.storyboard; sourceTree = "<group>"; };
		FDFBAE4F21F2B79200F257CE /* Assets.xcassets */ = {isa = PBXFileReference; lastKnownFileType = folder.assetcatalog; path = Assets.xcassets; sourceTree = "<group>"; };
		FDFBAE5221F2B79200F257CE /* Base */ = {isa = PBXFileReference; lastKnownFileType = file.storyboard; name = Base; path = Base.lproj/LaunchScreen.storyboard; sourceTree = "<group>"; };
		FDFBAE5421F2B79200F257CE /* Info.plist */ = {isa = PBXFileReference; lastKnownFileType = text.plist.xml; path = Info.plist; sourceTree = "<group>"; };
		FDFBAE5A21F2F50E00F257CE /* README.md */ = {isa = PBXFileReference; fileEncoding = 4; lastKnownFileType = net.daringfireball.markdown; path = README.md; sourceTree = SOURCE_ROOT; };
/* End PBXFileReference section */

/* Begin PBXFrameworksBuildPhase section */
		FDFBAE4221F2B79000F257CE /* Frameworks */ = {
			isa = PBXFrameworksBuildPhase;
			buildActionMask = 2147483647;
			files = (
				1E6F9366A9F14E818801D74B /* Pods_promisekit_demo.framework in Frameworks */,
			);
			runOnlyForDeploymentPostprocessing = 0;
		};
/* End PBXFrameworksBuildPhase section */

/* Begin PBXGroup section */
		1B84561C3A7E2BDC940A61FA /* Frameworks */ = {
			isa = PBXGroup;
			children = (
				68B53CEB589B965917840C7F /* Pods_promisekit_demo.framework */,
			);
			name = Frameworks;
			sourceTree = "<group>";
		};
		9DA8BC6827F93887E0E398B7 /* Pods */ = {
			isa = PBXGroup;
			children = (
				795743CB3655354225204941 /* Pods-promisekit-demo.debug.xcconfig */,
				73DE98DB80A1AE3146A1C70A /* Pods-promisekit-demo.release.xcconfig */,
			);
			path = Pods;
			sourceTree = "<group>";
		};
		FDFBAE3C21F2B79000F257CE = {
			isa = PBXGroup;
			children = (
				FDFBAE4721F2B79000F257CE /* promisekit-demo */,
				FDFBAE4621F2B79000F257CE /* Products */,
				9DA8BC6827F93887E0E398B7 /* Pods */,
				1B84561C3A7E2BDC940A61FA /* Frameworks */,
			);
			sourceTree = "<group>";
		};
		FDFBAE4621F2B79000F257CE /* Products */ = {
			isa = PBXGroup;
			children = (
				FDFBAE4521F2B79000F257CE /* promisekit-demo.app */,
			);
			name = Products;
			sourceTree = "<group>";
		};
		FDFBAE4721F2B79000F257CE /* promisekit-demo */ = {
			isa = PBXGroup;
			children = (
				FDFBAE5A21F2F50E00F257CE /* README.md */,
				FDFBAE4821F2B79000F257CE /* AppDelegate.swift */,
				FDFBAE4A21F2B79000F257CE /* ViewController.swift */,
				FDFBAE4C21F2B79000F257CE /* Main.storyboard */,
				FDFBAE4F21F2B79200F257CE /* Assets.xcassets */,
				FDFBAE5121F2B79200F257CE /* LaunchScreen.storyboard */,
				FDFBAE5421F2B79200F257CE /* Info.plist */,
			);
			path = "promisekit-demo";
			sourceTree = "<group>";
		};
/* End PBXGroup section */

/* Begin PBXNativeTarget section */
		FDFBAE4421F2B79000F257CE /* promisekit-demo */ = {
			isa = PBXNativeTarget;
			buildConfigurationList = FDFBAE5721F2B79200F257CE /* Build configuration list for PBXNativeTarget "promisekit-demo" */;
			buildPhases = (
				1689610E3F36D5F3BC29918F /* [CP] Check Pods Manifest.lock */,
				FDFBAE4121F2B79000F257CE /* Sources */,
				FDFBAE4221F2B79000F257CE /* Frameworks */,
				FDFBAE4321F2B79000F257CE /* Resources */,
				CE80808D79055F0392ED0FCA /* [CP] Embed Pods Frameworks */,
			);
			buildRules = (
			);
			dependencies = (
			);
			name = "promisekit-demo";
			productName = "promisekit-demo";
			productReference = FDFBAE4521F2B79000F257CE /* promisekit-demo.app */;
			productType = "com.apple.product-type.application";
		};
/* End PBXNativeTarget section */

/* Begin PBXProject section */
		FDFBAE3D21F2B79000F257CE /* Project object */ = {
			isa = PBXProject;
			attributes = {
				LastSwiftUpdateCheck = 1010;
				LastUpgradeCheck = 1010;
				ORGANIZATIONNAME = imzyf;
				TargetAttributes = {
					FDFBAE4421F2B79000F257CE = {
						CreatedOnToolsVersion = 10.1;
					};
				};
			};
			buildConfigurationList = FDFBAE4021F2B79000F257CE /* Build configuration list for PBXProject "promisekit-demo" */;
			compatibilityVersion = "Xcode 9.3";
			developmentRegion = en;
			hasScannedForEncodings = 0;
			knownRegions = (
				en,
				Base,
			);
			mainGroup = FDFBAE3C21F2B79000F257CE;
			productRefGroup = FDFBAE4621F2B79000F257CE /* Products */;
			projectDirPath = "";
			projectRoot = "";
			targets = (
				FDFBAE4421F2B79000F257CE /* promisekit-demo */,
			);
		};
/* End PBXProject section */

/* Begin PBXResourcesBuildPhase section */
		FDFBAE4321F2B79000F257CE /* Resources */ = {
			isa = PBXResourcesBuildPhase;
			buildActionMask = 2147483647;
			files = (
				FDFBAE5321F2B79200F257CE /* LaunchScreen.storyboard in Resources */,
				FDFBAE5021F2B79200F257CE /* Assets.xcassets in Resources */,
				FDFBAE5B21F2F50E00F257CE /* README.md in Resources */,
				FDFBAE4E21F2B79000F257CE /* Main.storyboard in Resources */,
			);
			runOnlyForDeploymentPostprocessing = 0;
		};
/* End PBXResourcesBuildPhase section */

/* Begin PBXShellScriptBuildPhase section */
		1689610E3F36D5F3BC29918F /* [CP] Check Pods Manifest.lock */ = {
			isa = PBXShellScriptBuildPhase;
			buildActionMask = 2147483647;
			files = (
			);
			inputFileListPaths = (
			);
			inputPaths = (
				"${PODS_PODFILE_DIR_PATH}/Podfile.lock",
				"${PODS_ROOT}/Manifest.lock",
			);
			name = "[CP] Check Pods Manifest.lock";
			outputFileListPaths = (
			);
			outputPaths = (
				"$(DERIVED_FILE_DIR)/Pods-promisekit-demo-checkManifestLockResult.txt",
			);
			runOnlyForDeploymentPostprocessing = 0;
			shellPath = /bin/sh;
			shellScript = "diff \"${PODS_PODFILE_DIR_PATH}/Podfile.lock\" \"${PODS_ROOT}/Manifest.lock\" > /dev/null\nif [ $? != 0 ] ; then\n    # print error to STDERR\n    echo \"error: The sandbox is not in sync with the Podfile.lock. Run 'pod install' or update your CocoaPods installation.\" >&2\n    exit 1\nfi\n# This output is used by Xcode 'outputs' to avoid re-running this script phase.\necho \"SUCCESS\" > \"${SCRIPT_OUTPUT_FILE_0}\"\n";
			showEnvVarsInLog = 0;
		};
		CE80808D79055F0392ED0FCA /* [CP] Embed Pods Frameworks */ = {
			isa = PBXShellScriptBuildPhase;
			buildActionMask = 2147483647;
			files = (
			);
			inputFileListPaths = (
			);
			inputPaths = (
				"${PODS_ROOT}/Target Support Files/Pods-promisekit-demo/Pods-promisekit-demo-frameworks.sh",
				"${BUILT_PRODUCTS_DIR}/PromiseKit/PromiseKit.framework",
			);
			name = "[CP] Embed Pods Frameworks";
			outputFileListPaths = (
			);
			outputPaths = (
				"${TARGET_BUILD_DIR}/${FRAMEWORKS_FOLDER_PATH}/PromiseKit.framework",
			);
			runOnlyForDeploymentPostprocessing = 0;
			shellPath = /bin/sh;
			shellScript = "\"${PODS_ROOT}/Target Support Files/Pods-promisekit-demo/Pods-promisekit-demo-frameworks.sh\"\n";
			showEnvVarsInLog = 0;
		};
/* End PBXShellScriptBuildPhase section */

/* Begin PBXSourcesBuildPhase section */
		FDFBAE4121F2B79000F257CE /* Sources */ = {
			isa = PBXSourcesBuildPhase;
			buildActionMask = 2147483647;
			files = (
				FDFBAE4B21F2B79000F257CE /* ViewController.swift in Sources */,
				FDFBAE4921F2B79000F257CE /* AppDelegate.swift in Sources */,
			);
			runOnlyForDeploymentPostprocessing = 0;
		};
/* End PBXSourcesBuildPhase section */

/* Begin PBXVariantGroup section */
		FDFBAE4C21F2B79000F257CE /* Main.storyboard */ = {
			isa = PBXVariantGroup;
			children = (
				FDFBAE4D21F2B79000F257CE /* Base */,
			);
			name = Main.storyboard;
			sourceTree = "<group>";
		};
		FDFBAE5121F2B79200F257CE /* LaunchScreen.storyboard */ = {
			isa = PBXVariantGroup;
			children = (
				FDFBAE5221F2B79200F257CE /* Base */,
			);
			name = LaunchScreen.storyboard;
			sourceTree = "<group>";
		};
/* End PBXVariantGroup section */

/* Begin XCBuildConfiguration section */
		FDFBAE5521F2B79200F257CE /* Debug */ = {
			isa = XCBuildConfiguration;
			buildSettings = {
				ALWAYS_SEARCH_USER_PATHS = NO;
				CLANG_ANALYZER_NONNULL = YES;
				CLANG_ANALYZER_NUMBER_OBJECT_CONVERSION = YES_AGGRESSIVE;
				CLANG_CXX_LANGUAGE_STANDARD = "gnu++14";
				CLANG_CXX_LIBRARY = "libc++";
				CLANG_ENABLE_MODULES = YES;
				CLANG_ENABLE_OBJC_ARC = YES;
				CLANG_ENABLE_OBJC_WEAK = YES;
				CLANG_WARN_BLOCK_CAPTURE_AUTORELEASING = YES;
				CLANG_WARN_BOOL_CONVERSION = YES;
				CLANG_WARN_COMMA = YES;
				CLANG_WARN_CONSTANT_CONVERSION = YES;
				CLANG_WARN_DEPRECATED_OBJC_IMPLEMENTATIONS = YES;
				CLANG_WARN_DIRECT_OBJC_ISA_USAGE = YES_ERROR;
				CLANG_WARN_DOCUMENTATION_COMMENTS = YES;
				CLANG_WARN_EMPTY_BODY = YES;
				CLANG_WARN_ENUM_CONVERSION = YES;
				CLANG_WARN_INFINITE_RECURSION = YES;
				CLANG_WARN_INT_CONVERSION = YES;
				CLANG_WARN_NON_LITERAL_NULL_CONVERSION = YES;
				CLANG_WARN_OBJC_IMPLICIT_RETAIN_SELF = YES;
				CLANG_WARN_OBJC_LITERAL_CONVERSION = YES;
				CLANG_WARN_OBJC_ROOT_CLASS = YES_ERROR;
				CLANG_WARN_RANGE_LOOP_ANALYSIS = YES;
				CLANG_WARN_STRICT_PROTOTYPES = YES;
				CLANG_WARN_SUSPICIOUS_MOVE = YES;
				CLANG_WARN_UNGUARDED_AVAILABILITY = YES_AGGRESSIVE;
				CLANG_WARN_UNREACHABLE_CODE = YES;
				CLANG_WARN__DUPLICATE_METHOD_MATCH = YES;
				CODE_SIGN_IDENTITY = "iPhone Developer";
				COPY_PHASE_STRIP = NO;
				DEBUG_INFORMATION_FORMAT = dwarf;
				ENABLE_STRICT_OBJC_MSGSEND = YES;
				ENABLE_TESTABILITY = YES;
				GCC_C_LANGUAGE_STANDARD = gnu11;
				GCC_DYNAMIC_NO_PIC = NO;
				GCC_NO_COMMON_BLOCKS = YES;
				GCC_OPTIMIZATION_LEVEL = 0;
				GCC_PREPROCESSOR_DEFINITIONS = (
					"DEBUG=1",
					"$(inherited)",
				);
				GCC_WARN_64_TO_32_BIT_CONVERSION = YES;
				GCC_WARN_ABOUT_RETURN_TYPE = YES_ERROR;
				GCC_WARN_UNDECLARED_SELECTOR = YES;
				GCC_WARN_UNINITIALIZED_AUTOS = YES_AGGRESSIVE;
				GCC_WARN_UNUSED_FUNCTION = YES;
				GCC_WARN_UNUSED_VARIABLE = YES;
				IPHONEOS_DEPLOYMENT_TARGET = 12.1;
				MTL_ENABLE_DEBUG_INFO = INCLUDE_SOURCE;
				MTL_FAST_MATH = YES;
				ONLY_ACTIVE_ARCH = YES;
				SDKROOT = iphoneos;
				SWIFT_ACTIVE_COMPILATION_CONDITIONS = DEBUG;
				SWIFT_OPTIMIZATION_LEVEL = "-Onone";
			};
			name = Debug;
		};
		FDFBAE5621F2B79200F257CE /* Release */ = {
			isa = XCBuildConfiguration;
			buildSettings = {
				ALWAYS_SEARCH_USER_PATHS = NO;
				CLANG_ANALYZER_NONNULL = YES;
				CLANG_ANALYZER_NUMBER_OBJECT_CONVERSION = YES_AGGRESSIVE;
				CLANG_CXX_LANGUAGE_STANDARD = "gnu++14";
				CLANG_CXX_LIBRARY = "libc++";
				CLANG_ENABLE_MODULES = YES;
				CLANG_ENABLE_OBJC_ARC = YES;
				CLANG_ENABLE_OBJC_WEAK = YES;
				CLANG_WARN_BLOCK_CAPTURE_AUTORELEASING = YES;
				CLANG_WARN_BOOL_CONVERSION = YES;
				CLANG_WARN_COMMA = YES;
				CLANG_WARN_CONSTANT_CONVERSION = YES;
				CLANG_WARN_DEPRECATED_OBJC_IMPLEMENTATIONS = YES;
				CLANG_WARN_DIRECT_OBJC_ISA_USAGE = YES_ERROR;
				CLANG_WARN_DOCUMENTATION_COMMENTS = YES;
				CLANG_WARN_EMPTY_BODY = YES;
				CLANG_WARN_ENUM_CONVERSION = YES;
				CLANG_WARN_INFINITE_RECURSION = YES;
				CLANG_WARN_INT_CONVERSION = YES;
				CLANG_WARN_NON_LITERAL_NULL_CONVERSION = YES;
				CLANG_WARN_OBJC_IMPLICIT_RETAIN_SELF = YES;
				CLANG_WARN_OBJC_LITERAL_CONVERSION = YES;
				CLANG_WARN_OBJC_ROOT_CLASS = YES_ERROR;
				CLANG_WARN_RANGE_LOOP_ANALYSIS = YES;
				CLANG_WARN_STRICT_PROTOTYPES = YES;
				CLANG_WARN_SUSPICIOUS_MOVE = YES;
				CLANG_WARN_UNGUARDED_AVAILABILITY = YES_AGGRESSIVE;
				CLANG_WARN_UNREACHABLE_CODE = YES;
				CLANG_WARN__DUPLICATE_METHOD_MATCH = YES;
				CODE_SIGN_IDENTITY = "iPhone Developer";
				COPY_PHASE_STRIP = NO;
				DEBUG_INFORMATION_FORMAT = "dwarf-with-dsym";
				ENABLE_NS_ASSERTIONS = NO;
				ENABLE_STRICT_OBJC_MSGSEND = YES;
				GCC_C_LANGUAGE_STANDARD = gnu11;
				GCC_NO_COMMON_BLOCKS = YES;
				GCC_WARN_64_TO_32_BIT_CONVERSION = YES;
				GCC_WARN_ABOUT_RETURN_TYPE = YES_ERROR;
				GCC_WARN_UNDECLARED_SELECTOR = YES;
				GCC_WARN_UNINITIALIZED_AUTOS = YES_AGGRESSIVE;
				GCC_WARN_UNUSED_FUNCTION = YES;
				GCC_WARN_UNUSED_VARIABLE = YES;
				IPHONEOS_DEPLOYMENT_TARGET = 12.1;
				MTL_ENABLE_DEBUG_INFO = NO;
				MTL_FAST_MATH = YES;
				SDKROOT = iphoneos;
				SWIFT_COMPILATION_MODE = wholemodule;
				SWIFT_OPTIMIZATION_LEVEL = "-O";
				VALIDATE_PRODUCT = YES;
			};
			name = Release;
		};
		FDFBAE5821F2B79200F257CE /* Debug */ = {
			isa = XCBuildConfiguration;
			baseConfigurationReference = 795743CB3655354225204941 /* Pods-promisekit-demo.debug.xcconfig */;
			buildSettings = {
				ASSETCATALOG_COMPILER_APPICON_NAME = AppIcon;
				CODE_SIGN_STYLE = Automatic;
				DEVELOPMENT_TEAM = V76HB5TB44;
				INFOPLIST_FILE = "promisekit-demo/Info.plist";
				LD_RUNPATH_SEARCH_PATHS = (
					"$(inherited)",
					"@executable_path/Frameworks",
				);
				PRODUCT_BUNDLE_IDENTIFIER = "im.zyf.promisekit-demo";
				PRODUCT_NAME = "$(TARGET_NAME)";
				SWIFT_VERSION = 4.2;
				TARGETED_DEVICE_FAMILY = "1,2";
			};
			name = Debug;
		};
		FDFBAE5921F2B79200F257CE /* Release */ = {
			isa = XCBuildConfiguration;
			baseConfigurationReference = 73DE98DB80A1AE3146A1C70A /* Pods-promisekit-demo.release.xcconfig */;
			buildSettings = {
				ASSETCATALOG_COMPILER_APPICON_NAME = AppIcon;
				CODE_SIGN_STYLE = Automatic;
				DEVELOPMENT_TEAM = V76HB5TB44;
				INFOPLIST_FILE = "promisekit-demo/Info.plist";
				LD_RUNPATH_SEARCH_PATHS = (
					"$(inherited)",
					"@executable_path/Frameworks",
				);
				PRODUCT_BUNDLE_IDENTIFIER = "im.zyf.promisekit-demo";
				PRODUCT_NAME = "$(TARGET_NAME)";
				SWIFT_VERSION = 4.2;
				TARGETED_DEVICE_FAMILY = "1,2";
			};
			name = Release;
		};
/* End XCBuildConfiguration section */

/* Begin XCConfigurationList section */
		FDFBAE4021F2B79000F257CE /* Build configuration list for PBXProject "promisekit-demo" */ = {
			isa = XCConfigurationList;
			buildConfigurations = (
				FDFBAE5521F2B79200F257CE /* Debug */,
				FDFBAE5621F2B79200F257CE /* Release */,
			);
			defaultConfigurationIsVisible = 0;
			defaultConfigurationName = Release;
		};
		FDFBAE5721F2B79200F257CE /* Build configuration list for PBXNativeTarget "promisekit-demo" */ = {
			isa = XCConfigurationList;
			buildConfigurations = (
				FDFBAE5821F2B79200F257CE /* Debug */,
				FDFBAE5921F2B79200F257CE /* Release */,
			);
			defaultConfigurationIsVisible = 0;
			defaultConfigurationName = Release;
		};
/* End XCConfigurationList section */
	};
	rootObject = FDFBAE3D21F2B79000F257CE /* Project object */;
}
