// !$*UTF8*$!
{
	archiveVersion = 1;
	classes = {
	};
	objectVersion = 48;
	objects = {

/* Begin PBXBuildFile section */
		FD019EA61F91E27B0019F90D /* AppDelegate.swift in Sources */ = {isa = PBXBuildFile; fileRef = FD019EA51F91E27B0019F90D /* AppDelegate.swift */; };
		FD019EA81F91E27B0019F90D /* ViewController.swift in Sources */ = {isa = PBXBuildFile; fileRef = FD019EA71F91E27B0019F90D /* ViewController.swift */; };
		FD019EAB1F91E27B0019F90D /* Main.storyboard in Resources */ = {isa = PBXBuildFile; fileRef = FD019EA91F91E27B0019F90D /* Main.storyboard */; };
		FD019EAD1F91E27B0019F90D /* Assets.xcassets in Resources */ = {isa = PBXBuildFile; fileRef = FD019EAC1F91E27B0019F90D /* Assets.xcassets */; };
		FD019EB01F91E27B0019F90D /* LaunchScreen.storyboard in Resources */ = {isa = PBXBuildFile; fileRef = FD019EAE1F91E27B0019F90D /* LaunchScreen.storyboard */; };
		FDEFD6711F91EBA300C4AB39 /* LoginViewController.swift in Sources */ = {isa = PBXBuildFile; fileRef = FDEFD6701F91EBA300C4AB39 /* LoginViewController.swift */; };
/* End PBXBuildFile section */

/* Begin PBXFileReference section */
		FD019EA21F91E27B0019F90D /* 004-login-animation.app */ = {isa = PBXFileReference; explicitFileType = wrapper.application; includeInIndex = 0; path = "004-login-animation.app"; sourceTree = BUILT_PRODUCTS_DIR; };
		FD019EA51F91E27B0019F90D /* AppDelegate.swift */ = {isa = PBXFileReference; lastKnownFileType = sourcecode.swift; path = AppDelegate.swift; sourceTree = "<group>"; };
		FD019EA71F91E27B0019F90D /* ViewController.swift */ = {isa = PBXFileReference; lastKnownFileType = sourcecode.swift; path = ViewController.swift; sourceTree = "<group>"; };
		FD019EAA1F91E27B0019F90D /* Base */ = {isa = PBXFileReference; lastKnownFileType = file.storyboard; name = Base; path = Base.lproj/Main.storyboard; sourceTree = "<group>"; };
		FD019EAC1F91E27B0019F90D /* Assets.xcassets */ = {isa = PBXFileReference; lastKnownFileType = folder.assetcatalog; path = Assets.xcassets; sourceTree = "<group>"; };
		FD019EAF1F91E27B0019F90D /* Base */ = {isa = PBXFileReference; lastKnownFileType = file.storyboard; name = Base; path = Base.lproj/LaunchScreen.storyboard; sourceTree = "<group>"; };
		FD019EB11F91E27B0019F90D /* Info.plist */ = {isa = PBXFileReference; lastKnownFileType = text.plist.xml; path = Info.plist; sourceTree = "<group>"; };
		FDEFD6701F91EBA300C4AB39 /* LoginViewController.swift */ = {isa = PBXFileReference; lastKnownFileType = sourcecode.swift; path = LoginViewController.swift; sourceTree = "<group>"; };
/* End PBXFileReference section */

/* Begin PBXFrameworksBuildPhase section */
		FD019E9F1F91E27B0019F90D /* Frameworks */ = {
			isa = PBXFrameworksBuildPhase;
			buildActionMask = 2147483647;
			files = (
			);
			runOnlyForDeploymentPostprocessing = 0;
		};
/* End PBXFrameworksBuildPhase section */

/* Begin PBXGroup section */
		FD019E991F91E27B0019F90D = {
			isa = PBXGroup;
			children = (
				FD019EA41F91E27B0019F90D /* 004-login-animation */,
				FD019EA31F91E27B0019F90D /* Products */,
			);
			sourceTree = "<group>";
		};
		FD019EA31F91E27B0019F90D /* Products */ = {
			isa = PBXGroup;
			children = (
				FD019EA21F91E27B0019F90D /* 004-login-animation.app */,
			);
			name = Products;
			sourceTree = "<group>";
		};
		FD019EA41F91E27B0019F90D /* 004-login-animation */ = {
			isa = PBXGroup;
			children = (
				FD019EA51F91E27B0019F90D /* AppDelegate.swift */,
				FD019EA71F91E27B0019F90D /* ViewController.swift */,
				FDEFD6701F91EBA300C4AB39 /* LoginViewController.swift */,
				FD019EA91F91E27B0019F90D /* Main.storyboard */,
				FD019EAC1F91E27B0019F90D /* Assets.xcassets */,
				FD019EAE1F91E27B0019F90D /* LaunchScreen.storyboard */,
				FD019EB11F91E27B0019F90D /* Info.plist */,
			);
			path = "004-login-animation";
			sourceTree = "<group>";
		};
/* End PBXGroup section */

/* Begin PBXNativeTarget section */
		FD019EA11F91E27B0019F90D /* 004-login-animation */ = {
			isa = PBXNativeTarget;
			buildConfigurationList = FD019EB41F91E27B0019F90D /* Build configuration list for PBXNativeTarget "004-login-animation" */;
			buildPhases = (
				FD019E9E1F91E27B0019F90D /* Sources */,
				FD019E9F1F91E27B0019F90D /* Frameworks */,
				FD019EA01F91E27B0019F90D /* Resources */,
			);
			buildRules = (
			);
			dependencies = (
			);
			name = "004-login-animation";
			productName = "004-login-animation";
			productReference = FD019EA21F91E27B0019F90D /* 004-login-animation.app */;
			productType = "com.apple.product-type.application";
		};
/* End PBXNativeTarget section */

/* Begin PBXProject section */
		FD019E9A1F91E27B0019F90D /* Project object */ = {
			isa = PBXProject;
			attributes = {
				LastSwiftUpdateCheck = 0900;
				LastUpgradeCheck = 0900;
				ORGANIZATIONNAME = yifans;
				TargetAttributes = {
					FD019EA11F91E27B0019F90D = {
						CreatedOnToolsVersion = 9.0;
						ProvisioningStyle = Automatic;
					};
				};
			};
			buildConfigurationList = FD019E9D1F91E27B0019F90D /* Build configuration list for PBXProject "004-login-animation" */;
			compatibilityVersion = "Xcode 8.0";
			developmentRegion = en;
			hasScannedForEncodings = 0;
			knownRegions = (
				en,
				Base,
			);
			mainGroup = FD019E991F91E27B0019F90D;
			productRefGroup = FD019EA31F91E27B0019F90D /* Products */;
			projectDirPath = "";
			projectRoot = "";
			targets = (
				FD019EA11F91E27B0019F90D /* 004-login-animation */,
			);
		};
/* End PBXProject section */

/* Begin PBXResourcesBuildPhase section */
		FD019EA01F91E27B0019F90D /* Resources */ = {
			isa = PBXResourcesBuildPhase;
			buildActionMask = 2147483647;
			files = (
				FD019EB01F91E27B0019F90D /* LaunchScreen.storyboard in Resources */,
				FD019EAD1F91E27B0019F90D /* Assets.xcassets in Resources */,
				FD019EAB1F91E27B0019F90D /* Main.storyboard in Resources */,
			);
			runOnlyForDeploymentPostprocessing = 0;
		};
/* End PBXResourcesBuildPhase section */

/* Begin PBXSourcesBuildPhase section */
		FD019E9E1F91E27B0019F90D /* Sources */ = {
			isa = PBXSourcesBuildPhase;
			buildActionMask = 2147483647;
			files = (
				FDEFD6711F91EBA300C4AB39 /* LoginViewController.swift in Sources */,
				FD019EA81F91E27B0019F90D /* ViewController.swift in Sources */,
				FD019EA61F91E27B0019F90D /* AppDelegate.swift in Sources */,
			);
			runOnlyForDeploymentPostprocessing = 0;
		};
/* End PBXSourcesBuildPhase section */

/* Begin PBXVariantGroup section */
		FD019EA91F91E27B0019F90D /* Main.storyboard */ = {
			isa = PBXVariantGroup;
			children = (
				FD019EAA1F91E27B0019F90D /* Base */,
			);
			name = Main.storyboard;
			sourceTree = "<group>";
		};
		FD019EAE1F91E27B0019F90D /* LaunchScreen.storyboard */ = {
			isa = PBXVariantGroup;
			children = (
				FD019EAF1F91E27B0019F90D /* Base */,
			);
			name = LaunchScreen.storyboard;
			sourceTree = "<group>";
		};
/* End PBXVariantGroup section */

/* Begin XCBuildConfiguration section */
		FD019EB21F91E27B0019F90D /* Debug */ = {
			isa = XCBuildConfiguration;
			buildSettings = {
				ALWAYS_SEARCH_USER_PATHS = NO;
				CLANG_ANALYZER_NONNULL = YES;
				CLANG_ANALYZER_NUMBER_OBJECT_CONVERSION = YES_AGGRESSIVE;
				CLANG_CXX_LANGUAGE_STANDARD = "gnu++14";
				CLANG_CXX_LIBRARY = "libc++";
				CLANG_ENABLE_MODULES = YES;
				CLANG_ENABLE_OBJC_ARC = YES;
				CLANG_WARN_BLOCK_CAPTURE_AUTORELEASING = YES;
				CLANG_WARN_BOOL_CONVERSION = YES;
				CLANG_WARN_COMMA = YES;
				CLANG_WARN_CONSTANT_CONVERSION = YES;
				CLANG_WARN_DIRECT_OBJC_ISA_USAGE = YES_ERROR;
				CLANG_WARN_DOCUMENTATION_COMMENTS = YES;
				CLANG_WARN_EMPTY_BODY = YES;
				CLANG_WARN_ENUM_CONVERSION = YES;
				CLANG_WARN_INFINITE_RECURSION = YES;
				CLANG_WARN_INT_CONVERSION = YES;
				CLANG_WARN_NON_LITERAL_NULL_CONVERSION = YES;
				CLANG_WARN_OBJC_LITERAL_CONVERSION = YES;
				CLANG_WARN_OBJC_ROOT_CLASS = YES_ERROR;
				CLANG_WARN_RANGE_LOOP_ANALYSIS = YES;
				CLANG_WARN_STRICT_PROTOTYPES = YES;
				CLANG_WARN_SUSPICIOUS_MOVE = YES;
				CLANG_WARN_UNGUARDED_AVAILABILITY = YES_AGGRESSIVE;
				CLANG_WARN_UNREACHABLE_CODE = YES;
				CLANG_WARN__DUPLICATE_METHOD_MATCH = YES;
				CODE_SIGN_IDENTITY = "iPhone Developer";
				COPY_PHASE_STRIP = NO;
				DEBUG_INFORMATION_FORMAT = dwarf;
				ENABLE_STRICT_OBJC_MSGSEND = YES;
				ENABLE_TESTABILITY = YES;
				GCC_C_LANGUAGE_STANDARD = gnu11;
				GCC_DYNAMIC_NO_PIC = NO;
				GCC_NO_COMMON_BLOCKS = YES;
				GCC_OPTIMIZATION_LEVEL = 0;
				GCC_PREPROCESSOR_DEFINITIONS = (
					"DEBUG=1",
					"$(inherited)",
				);
				GCC_WARN_64_TO_32_BIT_CONVERSION = YES;
				GCC_WARN_ABOUT_RETURN_TYPE = YES_ERROR;
				GCC_WARN_UNDECLARED_SELECTOR = YES;
				GCC_WARN_UNINITIALIZED_AUTOS = YES_AGGRESSIVE;
				GCC_WARN_UNUSED_FUNCTION = YES;
				GCC_WARN_UNUSED_VARIABLE = YES;
				IPHONEOS_DEPLOYMENT_TARGET = 11.0;
				MTL_ENABLE_DEBUG_INFO = YES;
				ONLY_ACTIVE_ARCH = YES;
				SDKROOT = iphoneos;
				SWIFT_ACTIVE_COMPILATION_CONDITIONS = DEBUG;
				SWIFT_OPTIMIZATION_LEVEL = "-Onone";
			};
			name = Debug;
		};
		FD019EB31F91E27B0019F90D /* Release */ = {
			isa = XCBuildConfiguration;
			buildSettings = {
				ALWAYS_SEARCH_USER_PATHS = NO;
				CLANG_ANALYZER_NONNULL = YES;
				CLANG_ANALYZER_NUMBER_OBJECT_CONVERSION = YES_AGGRESSIVE;
				CLANG_CXX_LANGUAGE_STANDARD = "gnu++14";
				CLANG_CXX_LIBRARY = "libc++";
				CLANG_ENABLE_MODULES = YES;
				CLANG_ENABLE_OBJC_ARC = YES;
				CLANG_WARN_BLOCK_CAPTURE_AUTORELEASING = YES;
				CLANG_WARN_BOOL_CONVERSION = YES;
				CLANG_WARN_COMMA = YES;
				CLANG_WARN_CONSTANT_CONVERSION = YES;
				CLANG_WARN_DIRECT_OBJC_ISA_USAGE = YES_ERROR;
				CLANG_WARN_DOCUMENTATION_COMMENTS = YES;
				CLANG_WARN_EMPTY_BODY = YES;
				CLANG_WARN_ENUM_CONVERSION = YES;
				CLANG_WARN_INFINITE_RECURSION = YES;
				CLANG_WARN_INT_CONVERSION = YES;
				CLANG_WARN_NON_LITERAL_NULL_CONVERSION = YES;
				CLANG_WARN_OBJC_LITERAL_CONVERSION = YES;
				CLANG_WARN_OBJC_ROOT_CLASS = YES_ERROR;
				CLANG_WARN_RANGE_LOOP_ANALYSIS = YES;
				CLANG_WARN_STRICT_PROTOTYPES = YES;
				CLANG_WARN_SUSPICIOUS_MOVE = YES;
				CLANG_WARN_UNGUARDED_AVAILABILITY = YES_AGGRESSIVE;
				CLANG_WARN_UNREACHABLE_CODE = YES;
				CLANG_WARN__DUPLICATE_METHOD_MATCH = YES;
				CODE_SIGN_IDENTITY = "iPhone Developer";
				COPY_PHASE_STRIP = NO;
				DEBUG_INFORMATION_FORMAT = "dwarf-with-dsym";
				ENABLE_NS_ASSERTIONS = NO;
				ENABLE_STRICT_OBJC_MSGSEND = YES;
				GCC_C_LANGUAGE_STANDARD = gnu11;
				GCC_NO_COMMON_BLOCKS = YES;
				GCC_WARN_64_TO_32_BIT_CONVERSION = YES;
				GCC_WARN_ABOUT_RETURN_TYPE = YES_ERROR;
				GCC_WARN_UNDECLARED_SELECTOR = YES;
				GCC_WARN_UNINITIALIZED_AUTOS = YES_AGGRESSIVE;
				GCC_WARN_UNUSED_FUNCTION = YES;
				GCC_WARN_UNUSED_VARIABLE = YES;
				IPHONEOS_DEPLOYMENT_TARGET = 11.0;
				MTL_ENABLE_DEBUG_INFO = NO;
				SDKROOT = iphoneos;
				SWIFT_OPTIMIZATION_LEVEL = "-Owholemodule";
				VALIDATE_PRODUCT = YES;
			};
			name = Release;
		};
		FD019EB51F91E27B0019F90D /* Debug */ = {
			isa = XCBuildConfiguration;
			buildSettings = {
				ASSETCATALOG_COMPILER_APPICON_NAME = AppIcon;
				CODE_SIGN_STYLE = Automatic;
				DEVELOPMENT_TEAM = DM78HJ4CZ6;
				INFOPLIST_FILE = "004-login-animation/Info.plist";
				LD_RUNPATH_SEARCH_PATHS = "$(inherited) @executable_path/Frameworks";
				PRODUCT_BUNDLE_IDENTIFIER = "im.zyf.-04-login-animation";
				PRODUCT_NAME = "$(TARGET_NAME)";
				SWIFT_VERSION = 4.0;
				TARGETED_DEVICE_FAMILY = "1,2";
			};
			name = Debug;
		};
		FD019EB61F91E27B0019F90D /* Release */ = {
			isa = XCBuildConfiguration;
			buildSettings = {
				ASSETCATALOG_COMPILER_APPICON_NAME = AppIcon;
				CODE_SIGN_STYLE = Automatic;
				DEVELOPMENT_TEAM = DM78HJ4CZ6;
				INFOPLIST_FILE = "004-login-animation/Info.plist";
				LD_RUNPATH_SEARCH_PATHS = "$(inherited) @executable_path/Frameworks";
				PRODUCT_BUNDLE_IDENTIFIER = "im.zyf.-04-login-animation";
				PRODUCT_NAME = "$(TARGET_NAME)";
				SWIFT_VERSION = 4.0;
				TARGETED_DEVICE_FAMILY = "1,2";
			};
			name = Release;
		};
/* End XCBuildConfiguration section */

/* Begin XCConfigurationList section */
		FD019E9D1F91E27B0019F90D /* Build configuration list for PBXProject "004-login-animation" */ = {
			isa = XCConfigurationList;
			buildConfigurations = (
				FD019EB21F91E27B0019F90D /* Debug */,
				FD019EB31F91E27B0019F90D /* Release */,
			);
			defaultConfigurationIsVisible = 0;
			defaultConfigurationName = Release;
		};
		FD019EB41F91E27B0019F90D /* Build configuration list for PBXNativeTarget "004-login-animation" */ = {
			isa = XCConfigurationList;
			buildConfigurations = (
				FD019EB51F91E27B0019F90D /* Debug */,
				FD019EB61F91E27B0019F90D /* Release */,
			);
			defaultConfigurationIsVisible = 0;
			defaultConfigurationName = Release;
		};
/* End XCConfigurationList section */
	};
	rootObject = FD019E9A1F91E27B0019F90D /* Project object */;
}
