// !$*UTF8*$!
{
	archiveVersion = 1;
	classes = {
	};
	objectVersion = 48;
	objects = {

/* Begin PBXBuildFile section */
		FD2FCCA41FA825CD001F1716 /* AppDelegate.swift in Sources */ = {isa = PBXBuildFile; fileRef = FD2FCCA31FA825CD001F1716 /* AppDelegate.swift */; };
		FD2FCCA61FA825CD001F1716 /* ViewController.swift in Sources */ = {isa = PBXBuildFile; fileRef = FD2FCCA51FA825CD001F1716 /* ViewController.swift */; };
		FD2FCCA91FA825CD001F1716 /* Main.storyboard in Resources */ = {isa = PBXBuildFile; fileRef = FD2FCCA71FA825CD001F1716 /* Main.storyboard */; };
		FD2FCCAB1FA825CD001F1716 /* Assets.xcassets in Resources */ = {isa = PBXBuildFile; fileRef = FD2FCCAA1FA825CD001F1716 /* Assets.xcassets */; };
		FD2FCCAE1FA825CD001F1716 /* LaunchScreen.storyboard in Resources */ = {isa = PBXBuildFile; fileRef = FD2FCCAC1FA825CD001F1716 /* LaunchScreen.storyboard */; };
/* End PBXBuildFile section */

/* Begin PBXFileReference section */
		FD2FCCA01FA825CD001F1716 /* 015-stretchy-header.app */ = {isa = PBXFileReference; explicitFileType = wrapper.application; includeInIndex = 0; path = "015-stretchy-header.app"; sourceTree = BUILT_PRODUCTS_DIR; };
		FD2FCCA31FA825CD001F1716 /* AppDelegate.swift */ = {isa = PBXFileReference; lastKnownFileType = sourcecode.swift; path = AppDelegate.swift; sourceTree = "<group>"; };
		FD2FCCA51FA825CD001F1716 /* ViewController.swift */ = {isa = PBXFileReference; lastKnownFileType = sourcecode.swift; path = ViewController.swift; sourceTree = "<group>"; };
		FD2FCCA81FA825CD001F1716 /* Base */ = {isa = PBXFileReference; lastKnownFileType = file.storyboard; name = Base; path = Base.lproj/Main.storyboard; sourceTree = "<group>"; };
		FD2FCCAA1FA825CD001F1716 /* Assets.xcassets */ = {isa = PBXFileReference; lastKnownFileType = folder.assetcatalog; path = Assets.xcassets; sourceTree = "<group>"; };
		FD2FCCAD1FA825CD001F1716 /* Base */ = {isa = PBXFileReference; lastKnownFileType = file.storyboard; name = Base; path = Base.lproj/LaunchScreen.storyboard; sourceTree = "<group>"; };
		FD2FCCAF1FA825CD001F1716 /* Info.plist */ = {isa = PBXFileReference; lastKnownFileType = text.plist.xml; path = Info.plist; sourceTree = "<group>"; };
/* End PBXFileReference section */

/* Begin PBXFrameworksBuildPhase section */
		FD2FCC9D1FA825CD001F1716 /* Frameworks */ = {
			isa = PBXFrameworksBuildPhase;
			buildActionMask = 2147483647;
			files = (
			);
			runOnlyForDeploymentPostprocessing = 0;
		};
/* End PBXFrameworksBuildPhase section */

/* Begin PBXGroup section */
		FD2FCC971FA825CD001F1716 = {
			isa = PBXGroup;
			children = (
				FD2FCCA21FA825CD001F1716 /* 015-stretchy-header */,
				FD2FCCA11FA825CD001F1716 /* Products */,
			);
			sourceTree = "<group>";
		};
		FD2FCCA11FA825CD001F1716 /* Products */ = {
			isa = PBXGroup;
			children = (
				FD2FCCA01FA825CD001F1716 /* 015-stretchy-header.app */,
			);
			name = Products;
			sourceTree = "<group>";
		};
		FD2FCCA21FA825CD001F1716 /* 015-stretchy-header */ = {
			isa = PBXGroup;
			children = (
				FD2FCCA31FA825CD001F1716 /* AppDelegate.swift */,
				FD2FCCA51FA825CD001F1716 /* ViewController.swift */,
				FD2FCCA71FA825CD001F1716 /* Main.storyboard */,
				FD2FCCAA1FA825CD001F1716 /* Assets.xcassets */,
				FD2FCCAC1FA825CD001F1716 /* LaunchScreen.storyboard */,
				FD2FCCAF1FA825CD001F1716 /* Info.plist */,
			);
			path = "015-stretchy-header";
			sourceTree = "<group>";
		};
/* End PBXGroup section */

/* Begin PBXNativeTarget section */
		FD2FCC9F1FA825CD001F1716 /* 015-stretchy-header */ = {
			isa = PBXNativeTarget;
			buildConfigurationList = FD2FCCB21FA825CD001F1716 /* Build configuration list for PBXNativeTarget "015-stretchy-header" */;
			buildPhases = (
				FD2FCC9C1FA825CD001F1716 /* Sources */,
				FD2FCC9D1FA825CD001F1716 /* Frameworks */,
				FD2FCC9E1FA825CD001F1716 /* Resources */,
			);
			buildRules = (
			);
			dependencies = (
			);
			name = "015-stretchy-header";
			productName = "015-stretchy-header";
			productReference = FD2FCCA01FA825CD001F1716 /* 015-stretchy-header.app */;
			productType = "com.apple.product-type.application";
		};
/* End PBXNativeTarget section */

/* Begin PBXProject section */
		FD2FCC981FA825CD001F1716 /* Project object */ = {
			isa = PBXProject;
			attributes = {
				LastSwiftUpdateCheck = 0900;
				LastUpgradeCheck = 0900;
				ORGANIZATIONNAME = yifans;
				TargetAttributes = {
					FD2FCC9F1FA825CD001F1716 = {
						CreatedOnToolsVersion = 9.0.1;
						ProvisioningStyle = Automatic;
					};
				};
			};
			buildConfigurationList = FD2FCC9B1FA825CD001F1716 /* Build configuration list for PBXProject "015-stretchy-header" */;
			compatibilityVersion = "Xcode 8.0";
			developmentRegion = en;
			hasScannedForEncodings = 0;
			knownRegions = (
				en,
				Base,
			);
			mainGroup = FD2FCC971FA825CD001F1716;
			productRefGroup = FD2FCCA11FA825CD001F1716 /* Products */;
			projectDirPath = "";
			projectRoot = "";
			targets = (
				FD2FCC9F1FA825CD001F1716 /* 015-stretchy-header */,
			);
		};
/* End PBXProject section */

/* Begin PBXResourcesBuildPhase section */
		FD2FCC9E1FA825CD001F1716 /* Resources */ = {
			isa = PBXResourcesBuildPhase;
			buildActionMask = 2147483647;
			files = (
				FD2FCCAE1FA825CD001F1716 /* LaunchScreen.storyboard in Resources */,
				FD2FCCAB1FA825CD001F1716 /* Assets.xcassets in Resources */,
				FD2FCCA91FA825CD001F1716 /* Main.storyboard in Resources */,
			);
			runOnlyForDeploymentPostprocessing = 0;
		};
/* End PBXResourcesBuildPhase section */

/* Begin PBXSourcesBuildPhase section */
		FD2FCC9C1FA825CD001F1716 /* Sources */ = {
			isa = PBXSourcesBuildPhase;
			buildActionMask = 2147483647;
			files = (
				FD2FCCA61FA825CD001F1716 /* ViewController.swift in Sources */,
				FD2FCCA41FA825CD001F1716 /* AppDelegate.swift in Sources */,
			);
			runOnlyForDeploymentPostprocessing = 0;
		};
/* End PBXSourcesBuildPhase section */

/* Begin PBXVariantGroup section */
		FD2FCCA71FA825CD001F1716 /* Main.storyboard */ = {
			isa = PBXVariantGroup;
			children = (
				FD2FCCA81FA825CD001F1716 /* Base */,
			);
			name = Main.storyboard;
			sourceTree = "<group>";
		};
		FD2FCCAC1FA825CD001F1716 /* LaunchScreen.storyboard */ = {
			isa = PBXVariantGroup;
			children = (
				FD2FCCAD1FA825CD001F1716 /* Base */,
			);
			name = LaunchScreen.storyboard;
			sourceTree = "<group>";
		};
/* End PBXVariantGroup section */

/* Begin XCBuildConfiguration section */
		FD2FCCB01FA825CD001F1716 /* Debug */ = {
			isa = XCBuildConfiguration;
			buildSettings = {
				ALWAYS_SEARCH_USER_PATHS = NO;
				CLANG_ANALYZER_NONNULL = YES;
				CLANG_ANALYZER_NUMBER_OBJECT_CONVERSION = YES_AGGRESSIVE;
				CLANG_CXX_LANGUAGE_STANDARD = "gnu++14";
				CLANG_CXX_LIBRARY = "libc++";
				CLANG_ENABLE_MODULES = YES;
				CLANG_ENABLE_OBJC_ARC = YES;
				CLANG_WARN_BLOCK_CAPTURE_AUTORELEASING = YES;
				CLANG_WARN_BOOL_CONVERSION = YES;
				CLANG_WARN_COMMA = YES;
				CLANG_WARN_CONSTANT_CONVERSION = YES;
				CLANG_WARN_DIRECT_OBJC_ISA_USAGE = YES_ERROR;
				CLANG_WARN_DOCUMENTATION_COMMENTS = YES;
				CLANG_WARN_EMPTY_BODY = YES;
				CLANG_WARN_ENUM_CONVERSION = YES;
				CLANG_WARN_INFINITE_RECURSION = YES;
				CLANG_WARN_INT_CONVERSION = YES;
				CLANG_WARN_NON_LITERAL_NULL_CONVERSION = YES;
				CLANG_WARN_OBJC_LITERAL_CONVERSION = YES;
				CLANG_WARN_OBJC_ROOT_CLASS = YES_ERROR;
				CLANG_WARN_RANGE_LOOP_ANALYSIS = YES;
				CLANG_WARN_STRICT_PROTOTYPES = YES;
				CLANG_WARN_SUSPICIOUS_MOVE = YES;
				CLANG_WARN_UNGUARDED_AVAILABILITY = YES_AGGRESSIVE;
				CLANG_WARN_UNREACHABLE_CODE = YES;
				CLANG_WARN__DUPLICATE_METHOD_MATCH = YES;
				CODE_SIGN_IDENTITY = "iPhone Developer";
				COPY_PHASE_STRIP = NO;
				DEBUG_INFORMATION_FORMAT = dwarf;
				ENABLE_STRICT_OBJC_MSGSEND = YES;
				ENABLE_TESTABILITY = YES;
				GCC_C_LANGUAGE_STANDARD = gnu11;
				GCC_DYNAMIC_NO_PIC = NO;
				GCC_NO_COMMON_BLOCKS = YES;
				GCC_OPTIMIZATION_LEVEL = 0;
				GCC_PREPROCESSOR_DEFINITIONS = (
					"DEBUG=1",
					"$(inherited)",
				);
				GCC_WARN_64_TO_32_BIT_CONVERSION = YES;
				GCC_WARN_ABOUT_RETURN_TYPE = YES_ERROR;
				GCC_WARN_UNDECLARED_SELECTOR = YES;
				GCC_WARN_UNINITIALIZED_AUTOS = YES_AGGRESSIVE;
				GCC_WARN_UNUSED_FUNCTION = YES;
				GCC_WARN_UNUSED_VARIABLE = YES;
				IPHONEOS_DEPLOYMENT_TARGET = 11.0;
				MTL_ENABLE_DEBUG_INFO = YES;
				ONLY_ACTIVE_ARCH = YES;
				SDKROOT = iphoneos;
				SWIFT_ACTIVE_COMPILATION_CONDITIONS = DEBUG;
				SWIFT_OPTIMIZATION_LEVEL = "-Onone";
			};
			name = Debug;
		};
		FD2FCCB11FA825CD001F1716 /* Release */ = {
			isa = XCBuildConfiguration;
			buildSettings = {
				ALWAYS_SEARCH_USER_PATHS = NO;
				CLANG_ANALYZER_NONNULL = YES;
				CLANG_ANALYZER_NUMBER_OBJECT_CONVERSION = YES_AGGRESSIVE;
				CLANG_CXX_LANGUAGE_STANDARD = "gnu++14";
				CLANG_CXX_LIBRARY = "libc++";
				CLANG_ENABLE_MODULES = YES;
				CLANG_ENABLE_OBJC_ARC = YES;
				CLANG_WARN_BLOCK_CAPTURE_AUTORELEASING = YES;
				CLANG_WARN_BOOL_CONVERSION = YES;
				CLANG_WARN_COMMA = YES;
				CLANG_WARN_CONSTANT_CONVERSION = YES;
				CLANG_WARN_DIRECT_OBJC_ISA_USAGE = YES_ERROR;
				CLANG_WARN_DOCUMENTATION_COMMENTS = YES;
				CLANG_WARN_EMPTY_BODY = YES;
				CLANG_WARN_ENUM_CONVERSION = YES;
				CLANG_WARN_INFINITE_RECURSION = YES;
				CLANG_WARN_INT_CONVERSION = YES;
				CLANG_WARN_NON_LITERAL_NULL_CONVERSION = YES;
				CLANG_WARN_OBJC_LITERAL_CONVERSION = YES;
				CLANG_WARN_OBJC_ROOT_CLASS = YES_ERROR;
				CLANG_WARN_RANGE_LOOP_ANALYSIS = YES;
				CLANG_WARN_STRICT_PROTOTYPES = YES;
				CLANG_WARN_SUSPICIOUS_MOVE = YES;
				CLANG_WARN_UNGUARDED_AVAILABILITY = YES_AGGRESSIVE;
				CLANG_WARN_UNREACHABLE_CODE = YES;
				CLANG_WARN__DUPLICATE_METHOD_MATCH = YES;
				CODE_SIGN_IDENTITY = "iPhone Developer";
				COPY_PHASE_STRIP = NO;
				DEBUG_INFORMATION_FORMAT = "dwarf-with-dsym";
				ENABLE_NS_ASSERTIONS = NO;
				ENABLE_STRICT_OBJC_MSGSEND = YES;
				GCC_C_LANGUAGE_STANDARD = gnu11;
				GCC_NO_COMMON_BLOCKS = YES;
				GCC_WARN_64_TO_32_BIT_CONVERSION = YES;
				GCC_WARN_ABOUT_RETURN_TYPE = YES_ERROR;
				GCC_WARN_UNDECLARED_SELECTOR = YES;
				GCC_WARN_UNINITIALIZED_AUTOS = YES_AGGRESSIVE;
				GCC_WARN_UNUSED_FUNCTION = YES;
				GCC_WARN_UNUSED_VARIABLE = YES;
				IPHONEOS_DEPLOYMENT_TARGET = 11.0;
				MTL_ENABLE_DEBUG_INFO = NO;
				SDKROOT = iphoneos;
				SWIFT_OPTIMIZATION_LEVEL = "-Owholemodule";
				VALIDATE_PRODUCT = YES;
			};
			name = Release;
		};
		FD2FCCB31FA825CD001F1716 /* Debug */ = {
			isa = XCBuildConfiguration;
			buildSettings = {
				ASSETCATALOG_COMPILER_APPICON_NAME = AppIcon;
				CODE_SIGN_STYLE = Automatic;
				DEVELOPMENT_TEAM = DM78HJ4CZ6;
				INFOPLIST_FILE = "015-stretchy-header/Info.plist";
				LD_RUNPATH_SEARCH_PATHS = "$(inherited) @executable_path/Frameworks";
				PRODUCT_BUNDLE_IDENTIFIER = "im.zyf.-15-stretchy-header";
				PRODUCT_NAME = "$(TARGET_NAME)";
				SWIFT_VERSION = 4.0;
				TARGETED_DEVICE_FAMILY = "1,2";
			};
			name = Debug;
		};
		FD2FCCB41FA825CD001F1716 /* Release */ = {
			isa = XCBuildConfiguration;
			buildSettings = {
				ASSETCATALOG_COMPILER_APPICON_NAME = AppIcon;
				CODE_SIGN_STYLE = Automatic;
				DEVELOPMENT_TEAM = DM78HJ4CZ6;
				INFOPLIST_FILE = "015-stretchy-header/Info.plist";
				LD_RUNPATH_SEARCH_PATHS = "$(inherited) @executable_path/Frameworks";
				PRODUCT_BUNDLE_IDENTIFIER = "im.zyf.-15-stretchy-header";
				PRODUCT_NAME = "$(TARGET_NAME)";
				SWIFT_VERSION = 4.0;
				TARGETED_DEVICE_FAMILY = "1,2";
			};
			name = Release;
		};
/* End XCBuildConfiguration section */

/* Begin XCConfigurationList section */
		FD2FCC9B1FA825CD001F1716 /* Build configuration list for PBXProject "015-stretchy-header" */ = {
			isa = XCConfigurationList;
			buildConfigurations = (
				FD2FCCB01FA825CD001F1716 /* Debug */,
				FD2FCCB11FA825CD001F1716 /* Release */,
			);
			defaultConfigurationIsVisible = 0;
			defaultConfigurationName = Release;
		};
		FD2FCCB21FA825CD001F1716 /* Build configuration list for PBXNativeTarget "015-stretchy-header" */ = {
			isa = XCConfigurationList;
			buildConfigurations = (
				FD2FCCB31FA825CD001F1716 /* Debug */,
				FD2FCCB41FA825CD001F1716 /* Release */,
			);
			defaultConfigurationIsVisible = 0;
			defaultConfigurationName = Release;
		};
/* End XCConfigurationList section */
	};
	rootObject = FD2FCC981FA825CD001F1716 /* Project object */;
}
